{
    "version": 3,
    "terraform_version": "0.11.11",
    "serial": 82,
    "lineage": "d032d5f7-70be-d7a8-b8b7-a4abacbd8102",
    "modules": [
        {
            "path": [
                "root"
            ],
            "outputs": {},
            "resources": {
                "openstack_compute_flavor_v2.flavor_ems01": {
                    "type": "openstack_compute_flavor_v2",
                    "depends_on": [],
                    "primary": {
                        "id": "a3e6d4b5-267d-4f9a-8ddd-560d1ace8b3e",
                        "attributes": {
                            "disk": "64",
                            "extra_specs.%": "0",
                            "id": "a3e6d4b5-267d-4f9a-8ddd-560d1ace8b3e",
                            "is_public": "false",
                            "name": "ems01",
                            "ram": "16384",
                            "region": "",
                            "rx_tx_factor": "1",
                            "swap": "0",
                            "vcpus": "4"
                        },
                        "meta": {},
                        "tainted": false
                    },
                    "deposed": [],
                    "provider": "provider.openstack"
                },
                "openstack_compute_flavor_v2.flavor_vm_ap-base": {
                    "type": "openstack_compute_flavor_v2",
                    "depends_on": [],
                    "primary": {
                        "id": "8e70759b-1717-49a0-83ba-9448c80f1704",
                        "attributes": {
                            "disk": "20",
                            "extra_specs.%": "0",
                            "id": "8e70759b-1717-49a0-83ba-9448c80f1704",
                            "is_public": "false",
                            "name": "ap-base",
                            "ram": "4096",
                            "region": "",
                            "rx_tx_factor": "1",
                            "swap": "0",
                            "vcpus": "2"
                        },
                        "meta": {},
                        "tainted": false
                    },
                    "deposed": [],
                    "provider": "provider.openstack"
                },
                "openstack_compute_flavor_v2.flavor_vm_db-base": {
                    "type": "openstack_compute_flavor_v2",
                    "depends_on": [],
                    "primary": {
                        "id": "ebd11d6b-2303-48de-8d05-a70e25619bdb",
                        "attributes": {
                            "disk": "20",
                            "extra_specs.%": "0",
                            "id": "ebd11d6b-2303-48de-8d05-a70e25619bdb",
                            "is_public": "false",
                            "name": "db-base",
                            "ram": "4096",
                            "region": "",
                            "rx_tx_factor": "1",
                            "swap": "0",
                            "vcpus": "2"
                        },
                        "meta": {},
                        "tainted": false
                    },
                    "deposed": [],
                    "provider": "provider.openstack"
                },
                "openstack_compute_flavor_v2.flavor_vm_lb-base": {
                    "type": "openstack_compute_flavor_v2",
                    "depends_on": [],
                    "primary": {
                        "id": "b9687eef-7867-48bc-81f5-736924f4ad88",
                        "attributes": {
                            "disk": "20",
                            "extra_specs.%": "0",
                            "id": "b9687eef-7867-48bc-81f5-736924f4ad88",
                            "is_public": "false",
                            "name": "lb-base",
                            "ram": "4096",
                            "region": "",
                            "rx_tx_factor": "1",
                            "swap": "0",
                            "vcpus": "2"
                        },
                        "meta": {},
                        "tainted": false
                    },
                    "deposed": [],
                    "provider": "provider.openstack"
                },
                "openstack_compute_flavor_v2.flavor_vm_nomori_test": {
                    "type": "openstack_compute_flavor_v2",
                    "depends_on": [],
                    "primary": {
                        "id": "ca9f1f7a-474e-4f48-b0ff-3a00010fcc8d",
                        "attributes": {
                            "disk": "20",
                            "extra_specs.%": "0",
                            "id": "ca9f1f7a-474e-4f48-b0ff-3a00010fcc8d",
                            "is_public": "false",
                            "name": "nomori-test",
                            "ram": "8192",
                            "region": "",
                            "rx_tx_factor": "1",
                            "swap": "0",
                            "vcpus": "2"
                        },
                        "meta": {},
                        "tainted": false
                    },
                    "deposed": [],
                    "provider": "provider.openstack"
                },
                "openstack_compute_flavor_v2.flavor_vm_nssf-db01": {
                    "type": "openstack_compute_flavor_v2",
                    "depends_on": [],
                    "primary": {
                        "id": "c97a0af3-3e64-4ce2-aca8-ea019c9f0494",
                        "attributes": {
                            "disk": "128",
                            "extra_specs.%": "0",
                            "id": "c97a0af3-3e64-4ce2-aca8-ea019c9f0494",
                            "is_public": "false",
                            "name": "nssf-db01",
                            "ram": "65536",
                            "region": "",
                            "rx_tx_factor": "1",
                            "swap": "0",
                            "vcpus": "12"
                        },
                        "meta": {},
                        "tainted": false
                    },
                    "deposed": [],
                    "provider": "provider.openstack"
                },
                "openstack_compute_flavor_v2.flavor_vm_nssf-db02": {
                    "type": "openstack_compute_flavor_v2",
                    "depends_on": [],
                    "primary": {
                        "id": "6a0c6c4c-0ddc-40bb-9b1c-78fe1fc37e24",
                        "attributes": {
                            "disk": "128",
                            "extra_specs.%": "0",
                            "id": "6a0c6c4c-0ddc-40bb-9b1c-78fe1fc37e24",
                            "is_public": "false",
                            "name": "nssf-db02",
                            "ram": "65536",
                            "region": "",
                            "rx_tx_factor": "1",
                            "swap": "0",
                            "vcpus": "12"
                        },
                        "meta": {},
                        "tainted": false
                    },
                    "deposed": [],
                    "provider": "provider.openstack"
                },
                "openstack_compute_flavor_v2.flavor_vm_nssf-db03": {
                    "type": "openstack_compute_flavor_v2",
                    "depends_on": [],
                    "primary": {
                        "id": "16b2366e-1d1e-4c07-ad3e-42af99f1c149",
                        "attributes": {
                            "disk": "128",
                            "extra_specs.%": "0",
                            "id": "16b2366e-1d1e-4c07-ad3e-42af99f1c149",
                            "is_public": "false",
                            "name": "nssf-db03",
                            "ram": "65536",
                            "region": "",
                            "rx_tx_factor": "1",
                            "swap": "0",
                            "vcpus": "12"
                        },
                        "meta": {},
                        "tainted": false
                    },
                    "deposed": [],
                    "provider": "provider.openstack"
                },
                "openstack_compute_flavor_v2.flavor_vm_nssf-ems01": {
                    "type": "openstack_compute_flavor_v2",
                    "depends_on": [],
                    "primary": {
                        "id": "b07db89c-f6c6-4cbf-8d67-69d1d26968af",
                        "attributes": {
                            "disk": "64",
                            "extra_specs.%": "0",
                            "id": "b07db89c-f6c6-4cbf-8d67-69d1d26968af",
                            "is_public": "false",
                            "name": "nssf-ems01",
                            "ram": "16384",
                            "region": "",
                            "rx_tx_factor": "1",
                            "swap": "0",
                            "vcpus": "4"
                        },
                        "meta": {},
                        "tainted": false
                    },
                    "deposed": [],
                    "provider": "provider.openstack"
                },
                "openstack_compute_flavor_v2.flavor_vm_nssf-ems02": {
                    "type": "openstack_compute_flavor_v2",
                    "depends_on": [],
                    "primary": {
                        "id": "8cf70079-bc2d-43f1-a3e6-928059911f2d",
                        "attributes": {
                            "disk": "64",
                            "extra_specs.%": "0",
                            "id": "8cf70079-bc2d-43f1-a3e6-928059911f2d",
                            "is_public": "false",
                            "name": "nssf-ems02",
                            "ram": "16384",
                            "region": "",
                            "rx_tx_factor": "1",
                            "swap": "0",
                            "vcpus": "4"
                        },
                        "meta": {},
                        "tainted": false
                    },
                    "deposed": [],
                    "provider": "provider.openstack"
                },
                "openstack_compute_flavor_v2.flavor_vm_nssf-gl01": {
                    "type": "openstack_compute_flavor_v2",
                    "depends_on": [],
                    "primary": {
                        "id": "79d17324-726c-4f96-95c0-143df7ed4745",
                        "attributes": {
                            "disk": "32",
                            "extra_specs.%": "0",
                            "id": "79d17324-726c-4f96-95c0-143df7ed4745",
                            "is_public": "false",
                            "name": "nssf-gl01",
                            "ram": "16384",
                            "region": "",
                            "rx_tx_factor": "1",
                            "swap": "0",
                            "vcpus": "4"
                        },
                        "meta": {},
                        "tainted": false
                    },
                    "deposed": [],
                    "provider": "provider.openstack"
                },
                "openstack_compute_flavor_v2.flavor_vm_nssf-gl02": {
                    "type": "openstack_compute_flavor_v2",
                    "depends_on": [],
                    "primary": {
                        "id": "be2c65db-1578-4cdd-94d2-46fde57eca4f",
                        "attributes": {
                            "disk": "32",
                            "extra_specs.%": "0",
                            "id": "be2c65db-1578-4cdd-94d2-46fde57eca4f",
                            "is_public": "false",
                            "name": "nssf-gl02",
                            "ram": "16384",
                            "region": "",
                            "rx_tx_factor": "1",
                            "swap": "0",
                            "vcpus": "4"
                        },
                        "meta": {},
                        "tainted": false
                    },
                    "deposed": [],
                    "provider": "provider.openstack"
                },
                "openstack_compute_flavor_v2.flavor_vm_nssf-gl03": {
                    "type": "openstack_compute_flavor_v2",
                    "depends_on": [],
                    "primary": {
                        "id": "d1f2d5b7-a750-4d99-93bd-eca61524196d",
                        "attributes": {
                            "disk": "32",
                            "extra_specs.%": "0",
                            "id": "d1f2d5b7-a750-4d99-93bd-eca61524196d",
                            "is_public": "false",
                            "name": "nssf-gl03",
                            "ram": "16384",
                            "region": "",
                            "rx_tx_factor": "1",
                            "swap": "0",
                            "vcpus": "4"
                        },
                        "meta": {},
                        "tainted": false
                    },
                    "deposed": [],
                    "provider": "provider.openstack"
                },
                "openstack_compute_flavor_v2.flavor_vm_nssf-gl04": {
                    "type": "openstack_compute_flavor_v2",
                    "depends_on": [],
                    "primary": {
                        "id": "cd0f99ea-b953-4147-b338-0a6bb356f3d9",
                        "attributes": {
                            "disk": "32",
                            "extra_specs.%": "0",
                            "id": "cd0f99ea-b953-4147-b338-0a6bb356f3d9",
                            "is_public": "false",
                            "name": "nssf-gl04",
                            "ram": "16384",
                            "region": "",
                            "rx_tx_factor": "1",
                            "swap": "0",
                            "vcpus": "4"
                        },
                        "meta": {},
                        "tainted": false
                    },
                    "deposed": [],
                    "provider": "provider.openstack"
                },
                "openstack_compute_flavor_v2.flavor_vm_nssf-gl05": {
                    "type": "openstack_compute_flavor_v2",
                    "depends_on": [],
                    "primary": {
                        "id": "155f3e65-bdb2-4afb-997e-9fef321093f8",
                        "attributes": {
                            "disk": "32",
                            "extra_specs.%": "0",
                            "id": "155f3e65-bdb2-4afb-997e-9fef321093f8",
                            "is_public": "false",
                            "name": "nssf-gl05",
                            "ram": "16384",
                            "region": "",
                            "rx_tx_factor": "1",
                            "swap": "0",
                            "vcpus": "4"
                        },
                        "meta": {},
                        "tainted": false
                    },
                    "deposed": [],
                    "provider": "provider.openstack"
                },
                "openstack_compute_flavor_v2.flavor_vm_nssf-gl06": {
                    "type": "openstack_compute_flavor_v2",
                    "depends_on": [],
                    "primary": {
                        "id": "0b8a9ded-033d-4b1f-a493-0a85e1fca7f8",
                        "attributes": {
                            "disk": "32",
                            "extra_specs.%": "0",
                            "id": "0b8a9ded-033d-4b1f-a493-0a85e1fca7f8",
                            "is_public": "false",
                            "name": "nssf-gl06",
                            "ram": "16384",
                            "region": "",
                            "rx_tx_factor": "1",
                            "swap": "0",
                            "vcpus": "4"
                        },
                        "meta": {},
                        "tainted": false
                    },
                    "deposed": [],
                    "provider": "provider.openstack"
                },
                "openstack_compute_flavor_v2.flavor_vm_nssf-lb01": {
                    "type": "openstack_compute_flavor_v2",
                    "depends_on": [],
                    "primary": {
                        "id": "1641d9fd-1851-4898-b2ea-2e56d0eefcf0",
                        "attributes": {
                            "disk": "64",
                            "extra_specs.%": "0",
                            "id": "1641d9fd-1851-4898-b2ea-2e56d0eefcf0",
                            "is_public": "false",
                            "name": "nssf-lb01",
                            "ram": "16384",
                            "region": "",
                            "rx_tx_factor": "1",
                            "swap": "0",
                            "vcpus": "8"
                        },
                        "meta": {},
                        "tainted": false
                    },
                    "deposed": [],
                    "provider": "provider.openstack"
                },
                "openstack_compute_flavor_v2.flavor_vm_nssf-lb02": {
                    "type": "openstack_compute_flavor_v2",
                    "depends_on": [],
                    "primary": {
                        "id": "bc69b58d-d657-4a78-a918-10d715d30f3c",
                        "attributes": {
                            "disk": "64",
                            "extra_specs.%": "0",
                            "id": "bc69b58d-d657-4a78-a918-10d715d30f3c",
                            "is_public": "false",
                            "name": "nssf-lb02",
                            "ram": "16384",
                            "region": "",
                            "rx_tx_factor": "1",
                            "swap": "0",
                            "vcpus": "8"
                        },
                        "meta": {},
                        "tainted": false
                    },
                    "deposed": [],
                    "provider": "provider.openstack"
                },
                "openstack_compute_flavor_v2.flavor_vm_nssf-sa01": {
                    "type": "openstack_compute_flavor_v2",
                    "depends_on": [],
                    "primary": {
                        "id": "a471144c-ca22-46cb-9ed0-95daf90a0158",
                        "attributes": {
                            "disk": "64",
                            "extra_specs.%": "0",
                            "id": "a471144c-ca22-46cb-9ed0-95daf90a0158",
                            "is_public": "false",
                            "name": "nssf-sa01",
                            "ram": "4096",
                            "region": "",
                            "rx_tx_factor": "1",
                            "swap": "0",
                            "vcpus": "4"
                        },
                        "meta": {},
                        "tainted": false
                    },
                    "deposed": [],
                    "provider": "provider.openstack"
                },
                "openstack_compute_flavor_v2.flavor_vm_nssf-sa02": {
                    "type": "openstack_compute_flavor_v2",
                    "depends_on": [],
                    "primary": {
                        "id": "155f4fa1-db9f-4c04-b36b-2d4540e40b6b",
                        "attributes": {
                            "disk": "64",
                            "extra_specs.%": "0",
                            "id": "155f4fa1-db9f-4c04-b36b-2d4540e40b6b",
                            "is_public": "false",
                            "name": "nssf-sa02",
                            "ram": "4096",
                            "region": "",
                            "rx_tx_factor": "1",
                            "swap": "0",
                            "vcpus": "4"
                        },
                        "meta": {},
                        "tainted": false
                    },
                    "deposed": [],
                    "provider": "provider.openstack"
                },
                "openstack_compute_flavor_v2.flavor_vm_nssf-ss01": {
                    "type": "openstack_compute_flavor_v2",
                    "depends_on": [],
                    "primary": {
                        "id": "2a0d16ab-5b07-4f92-b438-323d74d37af0",
                        "attributes": {
                            "disk": "64",
                            "extra_specs.%": "0",
                            "id": "2a0d16ab-5b07-4f92-b438-323d74d37af0",
                            "is_public": "false",
                            "name": "nssf-ss01",
                            "ram": "4096",
                            "region": "",
                            "rx_tx_factor": "1",
                            "swap": "0",
                            "vcpus": "4"
                        },
                        "meta": {},
                        "tainted": false
                    },
                    "deposed": [],
                    "provider": "provider.openstack"
                },
                "openstack_compute_flavor_v2.flavor_vm_nssf-ss02": {
                    "type": "openstack_compute_flavor_v2",
                    "depends_on": [],
                    "primary": {
                        "id": "4df63e60-30c5-45f7-ba33-823bd8ae7f7d",
                        "attributes": {
                            "disk": "64",
                            "extra_specs.%": "0",
                            "id": "4df63e60-30c5-45f7-ba33-823bd8ae7f7d",
                            "is_public": "false",
                            "name": "nssf-ss02",
                            "ram": "4096",
                            "region": "",
                            "rx_tx_factor": "1",
                            "swap": "0",
                            "vcpus": "4"
                        },
                        "meta": {},
                        "tainted": false
                    },
                    "deposed": [],
                    "provider": "provider.openstack"
                },
                "openstack_compute_flavor_v2.flavor_vm_nssf-ss03": {
                    "type": "openstack_compute_flavor_v2",
                    "depends_on": [],
                    "primary": {
                        "id": "c201f01c-606c-4af1-8c12-72de6ba26433",
                        "attributes": {
                            "disk": "64",
                            "extra_specs.%": "0",
                            "id": "c201f01c-606c-4af1-8c12-72de6ba26433",
                            "is_public": "false",
                            "name": "nssf-ss03",
                            "ram": "4096",
                            "region": "",
                            "rx_tx_factor": "1",
                            "swap": "0",
                            "vcpus": "4"
                        },
                        "meta": {},
                        "tainted": false
                    },
                    "deposed": [],
                    "provider": "provider.openstack"
                },
                "openstack_compute_flavor_v2.flavor_vm_nssf-ss04": {
                    "type": "openstack_compute_flavor_v2",
                    "depends_on": [],
                    "primary": {
                        "id": "02e9a7c4-1b6f-42ad-ac16-04ea283762d7",
                        "attributes": {
                            "disk": "64",
                            "extra_specs.%": "0",
                            "id": "02e9a7c4-1b6f-42ad-ac16-04ea283762d7",
                            "is_public": "false",
                            "name": "nssf-ss04",
                            "ram": "4096",
                            "region": "",
                            "rx_tx_factor": "1",
                            "swap": "0",
                            "vcpus": "4"
                        },
                        "meta": {},
                        "tainted": false
                    },
                    "deposed": [],
                    "provider": "provider.openstack"
                },
                "openstack_compute_flavor_v2.flavor_vm_nssf-ss05": {
                    "type": "openstack_compute_flavor_v2",
                    "depends_on": [],
                    "primary": {
                        "id": "1610f63f-1aaa-4bc0-99a3-9d9a69ae22c1",
                        "attributes": {
                            "disk": "64",
                            "extra_specs.%": "0",
                            "id": "1610f63f-1aaa-4bc0-99a3-9d9a69ae22c1",
                            "is_public": "false",
                            "name": "nssf-ss05",
                            "ram": "4096",
                            "region": "",
                            "rx_tx_factor": "1",
                            "swap": "0",
                            "vcpus": "4"
                        },
                        "meta": {},
                        "tainted": false
                    },
                    "deposed": [],
                    "provider": "provider.openstack"
                },
                "openstack_compute_flavor_v2.flavor_vm_nssf-ss06": {
                    "type": "openstack_compute_flavor_v2",
                    "depends_on": [],
                    "primary": {
                        "id": "ac1c0731-a32c-47cb-a37f-d1ac8d351d72",
                        "attributes": {
                            "disk": "64",
                            "extra_specs.%": "0",
                            "id": "ac1c0731-a32c-47cb-a37f-d1ac8d351d72",
                            "is_public": "false",
                            "name": "nssf-ss06",
                            "ram": "4096",
                            "region": "",
                            "rx_tx_factor": "1",
                            "swap": "0",
                            "vcpus": "4"
                        },
                        "meta": {},
                        "tainted": false
                    },
                    "deposed": [],
                    "provider": "provider.openstack"
                },
                "openstack_compute_flavor_v2.flavor_vm_nssf-ss07": {
                    "type": "openstack_compute_flavor_v2",
                    "depends_on": [],
                    "primary": {
                        "id": "017eac5a-d48c-4d15-a8e8-44d0f42e13f0",
                        "attributes": {
                            "disk": "64",
                            "extra_specs.%": "0",
                            "id": "017eac5a-d48c-4d15-a8e8-44d0f42e13f0",
                            "is_public": "false",
                            "name": "nssf-ss07",
                            "ram": "4096",
                            "region": "",
                            "rx_tx_factor": "1",
                            "swap": "0",
                            "vcpus": "4"
                        },
                        "meta": {},
                        "tainted": false
                    },
                    "deposed": [],
                    "provider": "provider.openstack"
                },
                "openstack_compute_flavor_v2.flavor_vm_nssf-ss08": {
                    "type": "openstack_compute_flavor_v2",
                    "depends_on": [],
                    "primary": {
                        "id": "5c6cc2bd-f8f9-473a-b1fd-a5d4e84cdbdd",
                        "attributes": {
                            "disk": "64",
                            "extra_specs.%": "0",
                            "id": "5c6cc2bd-f8f9-473a-b1fd-a5d4e84cdbdd",
                            "is_public": "false",
                            "name": "nssf-ss08",
                            "ram": "4096",
                            "region": "",
                            "rx_tx_factor": "1",
                            "swap": "0",
                            "vcpus": "4"
                        },
                        "meta": {},
                        "tainted": false
                    },
                    "deposed": [],
                    "provider": "provider.openstack"
                },
                "openstack_compute_flavor_v2.flavor_vm_nssf-ss09": {
                    "type": "openstack_compute_flavor_v2",
                    "depends_on": [],
                    "primary": {
                        "id": "9657a0a2-e95c-4b88-b39a-4d4edd863e88",
                        "attributes": {
                            "disk": "64",
                            "extra_specs.%": "0",
                            "id": "9657a0a2-e95c-4b88-b39a-4d4edd863e88",
                            "is_public": "false",
                            "name": "nssf-ss09",
                            "ram": "4096",
                            "region": "",
                            "rx_tx_factor": "1",
                            "swap": "0",
                            "vcpus": "4"
                        },
                        "meta": {},
                        "tainted": false
                    },
                    "deposed": [],
                    "provider": "provider.openstack"
                },
                "openstack_compute_flavor_v2.flavor_vm_nssf-ss10": {
                    "type": "openstack_compute_flavor_v2",
                    "depends_on": [],
                    "primary": {
                        "id": "75d66a2a-b122-47e1-aef8-20c7f2cc8f64",
                        "attributes": {
                            "disk": "64",
                            "extra_specs.%": "0",
                            "id": "75d66a2a-b122-47e1-aef8-20c7f2cc8f64",
                            "is_public": "false",
                            "name": "nssf-ss10",
                            "ram": "4096",
                            "region": "",
                            "rx_tx_factor": "1",
                            "swap": "0",
                            "vcpus": "4"
                        },
                        "meta": {},
                        "tainted": false
                    },
                    "deposed": [],
                    "provider": "provider.openstack"
                },
                "openstack_compute_flavor_v2.flavor_vm_nssf-ss11": {
                    "type": "openstack_compute_flavor_v2",
                    "depends_on": [],
                    "primary": {
                        "id": "fdf5c839-a7a1-4484-8345-ac8310944429",
                        "attributes": {
                            "disk": "64",
                            "extra_specs.%": "0",
                            "id": "fdf5c839-a7a1-4484-8345-ac8310944429",
                            "is_public": "false",
                            "name": "nssf-ss11",
                            "ram": "4096",
                            "region": "",
                            "rx_tx_factor": "1",
                            "swap": "0",
                            "vcpus": "4"
                        },
                        "meta": {},
                        "tainted": false
                    },
                    "deposed": [],
                    "provider": "provider.openstack"
                },
                "openstack_compute_flavor_v2.flavor_vm_nssf-ss12": {
                    "type": "openstack_compute_flavor_v2",
                    "depends_on": [],
                    "primary": {
                        "id": "b60bce10-c4b7-45c1-bcde-1c33293ecdfa",
                        "attributes": {
                            "disk": "64",
                            "extra_specs.%": "0",
                            "id": "b60bce10-c4b7-45c1-bcde-1c33293ecdfa",
                            "is_public": "false",
                            "name": "nssf-ss12",
                            "ram": "4096",
                            "region": "",
                            "rx_tx_factor": "1",
                            "swap": "0",
                            "vcpus": "4"
                        },
                        "meta": {},
                        "tainted": false
                    },
                    "deposed": [],
                    "provider": "provider.openstack"
                },
                "openstack_compute_flavor_v2.flavor_vm_sim1": {
                    "type": "openstack_compute_flavor_v2",
                    "depends_on": [],
                    "primary": {
                        "id": "439e021f-f89c-4ce5-9124-1094bf11556a",
                        "attributes": {
                            "disk": "20",
                            "extra_specs.%": "0",
                            "id": "439e021f-f89c-4ce5-9124-1094bf11556a",
                            "is_public": "false",
                            "name": "sim1",
                            "ram": "8192",
                            "region": "",
                            "rx_tx_factor": "1",
                            "swap": "0",
                            "vcpus": "4"
                        },
                        "meta": {},
                        "tainted": false
                    },
                    "deposed": [],
                    "provider": "provider.openstack"
                },
                "openstack_compute_flavor_v2.flavor_vm_sim2": {
                    "type": "openstack_compute_flavor_v2",
                    "depends_on": [],
                    "primary": {
                        "id": "b71220e6-725c-413b-abb2-40b158f05823",
                        "attributes": {
                            "disk": "20",
                            "extra_specs.%": "0",
                            "id": "b71220e6-725c-413b-abb2-40b158f05823",
                            "is_public": "false",
                            "name": "sim2",
                            "ram": "8192",
                            "region": "",
                            "rx_tx_factor": "1",
                            "swap": "0",
                            "vcpus": "4"
                        },
                        "meta": {},
                        "tainted": false
                    },
                    "deposed": [],
                    "provider": "provider.openstack"
                },
                "openstack_compute_flavor_v2.flavor_vm_ss-base": {
                    "type": "openstack_compute_flavor_v2",
                    "depends_on": [],
                    "primary": {
                        "id": "ab526ed3-d2f9-4119-95e4-e8f8cfe97e00",
                        "attributes": {
                            "disk": "20",
                            "extra_specs.%": "0",
                            "id": "ab526ed3-d2f9-4119-95e4-e8f8cfe97e00",
                            "is_public": "false",
                            "name": "ss-base",
                            "ram": "4096",
                            "region": "",
                            "rx_tx_factor": "1",
                            "swap": "0",
                            "vcpus": "2"
                        },
                        "meta": {},
                        "tainted": false
                    },
                    "deposed": [],
                    "provider": "provider.openstack"
                },
                "openstack_compute_instance_v2.instance_ems01": {
                    "type": "openstack_compute_instance_v2",
                    "depends_on": [
                        "openstack_compute_flavor_v2.flavor_ems01",
                        "openstack_networking_port_v2.port_ems01"
                    ],
                    "primary": {
                        "id": "f40cdc48-ee73-411e-b383-7f5d42027122",
                        "attributes": {
                            "access_ip_v4": "192.168.11.233",
                            "access_ip_v6": "[fd89:2922:fea2:cb89:f816:3eff:fed8:dd8]",
                            "all_metadata.%": "0",
                            "availability_zone": "server01",
                            "config_drive": "true",
                            "flavor_id": "a3e6d4b5-267d-4f9a-8ddd-560d1ace8b3e",
                            "flavor_name": "ems01",
                            "force_delete": "false",
                            "id": "f40cdc48-ee73-411e-b383-7f5d42027122",
                            "image_id": "9ceff3eb-65ef-4bd8-a60e-9141dc6c7b50",
                            "image_name": "nssf-ems01.190531",
                            "key_pair": "stack",
                            "name": "ems01",
                            "network.#": "1",
                            "network.0.access_network": "false",
                            "network.0.fixed_ip_v4": "192.168.11.233",
                            "network.0.fixed_ip_v6": "[fd89:2922:fea2:cb89:f816:3eff:fed8:dd8]",
                            "network.0.floating_ip": "",
                            "network.0.mac": "fa:16:3e:d8:0d:d8",
                            "network.0.name": "management-net",
                            "network.0.port": "2a19a2c6-3205-412c-a283-9de08b0b6eb7",
                            "network.0.uuid": "c7eb055a-1941-4851-8525-b18ebad9f4f6",
                            "power_state": "active",
                            "region": "",
                            "security_groups.#": "1",
                            "security_groups.3814588639": "default",
                            "stop_before_destroy": "false",
                            "user_data": "50d4cde88754d47a9c862e05abbbbb45d8c69743"
                        },
                        "meta": {
                            "e2bfb730-ecaa-11e6-8f88-34363bc7c4c0": {
                                "create": 1800000000000,
                                "delete": 1800000000000,
                                "update": 1800000000000
                            }
                        },
                        "tainted": false
                    },
                    "deposed": [],
                    "provider": "provider.openstack"
                },
                "openstack_compute_instance_v2.instance_vm_ap-base": {
                    "type": "openstack_compute_instance_v2",
                    "depends_on": [
                        "openstack_compute_flavor_v2.flavor_vm_ap-base",
                        "openstack_networking_port_v2.port_vm_ap-base"
                    ],
                    "primary": {
                        "id": "bdc90d90-9907-43fd-8a93-3c8d74656af1",
                        "attributes": {
                            "access_ip_v4": "192.168.11.238",
                            "access_ip_v6": "[fd89:2922:fea2:cb89:f816:3eff:febb:af14]",
                            "all_metadata.%": "0",
                            "availability_zone": "nova",
                            "config_drive": "true",
                            "flavor_id": "8e70759b-1717-49a0-83ba-9448c80f1704",
                            "flavor_name": "ap-base",
                            "force_delete": "false",
                            "id": "bdc90d90-9907-43fd-8a93-3c8d74656af1",
                            "image_id": "4aae9086-15f1-45b1-9474-18200947eb62",
                            "image_name": "CentOS-7-x86_64-GenericCloud-1901",
                            "key_pair": "stack",
                            "name": "ap-base",
                            "network.#": "1",
                            "network.0.access_network": "false",
                            "network.0.fixed_ip_v4": "192.168.11.238",
                            "network.0.fixed_ip_v6": "[fd89:2922:fea2:cb89:f816:3eff:febb:af14]",
                            "network.0.floating_ip": "",
                            "network.0.mac": "fa:16:3e:bb:af:14",
                            "network.0.name": "management-net",
                            "network.0.port": "fe17c134-2a24-4f8b-8820-055ded21f5cf",
                            "network.0.uuid": "c7eb055a-1941-4851-8525-b18ebad9f4f6",
                            "power_state": "active",
                            "region": "",
                            "security_groups.#": "1",
                            "security_groups.3814588639": "default",
                            "stop_before_destroy": "false",
                            "user_data": "50d4cde88754d47a9c862e05abbbbb45d8c69743"
                        },
                        "meta": {
                            "e2bfb730-ecaa-11e6-8f88-34363bc7c4c0": {
                                "create": 1800000000000,
                                "delete": 1800000000000,
                                "update": 1800000000000
                            }
                        },
                        "tainted": false
                    },
                    "deposed": [],
                    "provider": "provider.openstack"
                },
                "openstack_compute_instance_v2.instance_vm_db-base": {
                    "type": "openstack_compute_instance_v2",
                    "depends_on": [
                        "openstack_compute_flavor_v2.flavor_vm_db-base",
                        "openstack_networking_port_v2.port_vm_db-base"
                    ],
                    "primary": {
                        "id": "387264bb-00e7-4bc8-bbcd-cd6be130c3b5",
                        "attributes": {
                            "access_ip_v4": "192.168.11.234",
                            "access_ip_v6": "[fd89:2922:fea2:cb89:f816:3eff:fe2d:e2ba]",
                            "all_metadata.%": "0",
                            "availability_zone": "nova",
                            "config_drive": "true",
                            "flavor_id": "ebd11d6b-2303-48de-8d05-a70e25619bdb",
                            "flavor_name": "db-base",
                            "force_delete": "false",
                            "id": "387264bb-00e7-4bc8-bbcd-cd6be130c3b5",
                            "image_id": "4aae9086-15f1-45b1-9474-18200947eb62",
                            "image_name": "CentOS-7-x86_64-GenericCloud-1901",
                            "key_pair": "stack",
                            "name": "db-base",
                            "network.#": "1",
                            "network.0.access_network": "false",
                            "network.0.fixed_ip_v4": "192.168.11.234",
                            "network.0.fixed_ip_v6": "[fd89:2922:fea2:cb89:f816:3eff:fe2d:e2ba]",
                            "network.0.floating_ip": "",
                            "network.0.mac": "fa:16:3e:2d:e2:ba",
                            "network.0.name": "management-net",
                            "network.0.port": "553a274c-6f10-4d05-acfe-2d9914fca41d",
                            "network.0.uuid": "c7eb055a-1941-4851-8525-b18ebad9f4f6",
                            "power_state": "active",
                            "region": "",
                            "security_groups.#": "1",
                            "security_groups.3814588639": "default",
                            "stop_before_destroy": "false",
                            "user_data": "50d4cde88754d47a9c862e05abbbbb45d8c69743"
                        },
                        "meta": {
                            "e2bfb730-ecaa-11e6-8f88-34363bc7c4c0": {
                                "create": 1800000000000,
                                "delete": 1800000000000,
                                "update": 1800000000000
                            }
                        },
                        "tainted": false
                    },
                    "deposed": [],
                    "provider": "provider.openstack"
                },
                "openstack_compute_instance_v2.instance_vm_lb-base": {
                    "type": "openstack_compute_instance_v2",
                    "depends_on": [
                        "openstack_compute_flavor_v2.flavor_vm_lb-base",
                        "openstack_networking_port_v2.port_vm_lb-base"
                    ],
                    "primary": {
                        "id": "a400ea28-fb53-4b52-88a5-03102e8d1b25",
                        "attributes": {
                            "access_ip_v4": "192.168.11.232",
                            "access_ip_v6": "[fd89:2922:fea2:cb89:f816:3eff:fefa:ed9e]",
                            "all_metadata.%": "0",
                            "availability_zone": "nova",
                            "config_drive": "true",
                            "flavor_id": "b9687eef-7867-48bc-81f5-736924f4ad88",
                            "flavor_name": "lb-base",
                            "force_delete": "false",
                            "id": "a400ea28-fb53-4b52-88a5-03102e8d1b25",
                            "image_id": "4dab387d-236f-4138-9b2e-01e394c8c7b0",
                            "image_name": "COMMON_BASE",
                            "key_pair": "stack",
                            "name": "lb-base",
                            "network.#": "1",
                            "network.0.access_network": "false",
                            "network.0.fixed_ip_v4": "192.168.11.232",
                            "network.0.fixed_ip_v6": "[fd89:2922:fea2:cb89:f816:3eff:fefa:ed9e]",
                            "network.0.floating_ip": "",
                            "network.0.mac": "fa:16:3e:fa:ed:9e",
                            "network.0.name": "management-net",
                            "network.0.port": "46cec5fd-daa7-426b-ad06-4adaf31e56b3",
                            "network.0.uuid": "c7eb055a-1941-4851-8525-b18ebad9f4f6",
                            "power_state": "active",
                            "region": "",
                            "security_groups.#": "1",
                            "security_groups.3814588639": "default",
                            "stop_before_destroy": "false",
                            "user_data": "50d4cde88754d47a9c862e05abbbbb45d8c69743"
                        },
                        "meta": {
                            "e2bfb730-ecaa-11e6-8f88-34363bc7c4c0": {
                                "create": 1800000000000,
                                "delete": 1800000000000,
                                "update": 1800000000000
                            }
                        },
                        "tainted": false
                    },
                    "deposed": [],
                    "provider": "provider.openstack"
                },
                "openstack_compute_instance_v2.instance_vm_nomori_test": {
                    "type": "openstack_compute_instance_v2",
                    "depends_on": [
                        "openstack_compute_flavor_v2.flavor_vm_nomori_test",
                        "openstack_networking_port_v2.port_vm_nomori_test"
                    ],
                    "primary": {
                        "id": "ed3e008b-c608-4e5f-a244-84116fc0e901",
                        "attributes": {
                            "access_ip_v4": "192.168.11.230",
                            "access_ip_v6": "[fd89:2922:fea2:cb89:f816:3eff:fed5:3b6b]",
                            "all_metadata.%": "0",
                            "availability_zone": "server02",
                            "config_drive": "true",
                            "flavor_id": "ca9f1f7a-474e-4f48-b0ff-3a00010fcc8d",
                            "flavor_name": "nomori-test",
                            "force_delete": "false",
                            "id": "ed3e008b-c608-4e5f-a244-84116fc0e901",
                            "image_id": "4aae9086-15f1-45b1-9474-18200947eb62",
                            "image_name": "CentOS-7-x86_64-GenericCloud-1901",
                            "key_pair": "stack",
                            "name": "nomori-test",
                            "network.#": "6",
                            "network.0.access_network": "false",
                            "network.0.fixed_ip_v4": "192.168.11.230",
                            "network.0.fixed_ip_v6": "[fd89:2922:fea2:cb89:f816:3eff:fed5:3b6b]",
                            "network.0.floating_ip": "",
                            "network.0.mac": "fa:16:3e:d5:3b:6b",
                            "network.0.name": "management-net",
                            "network.0.port": "f9532fa0-6429-42f0-ba64-89e54f890c3b",
                            "network.0.uuid": "c7eb055a-1941-4851-8525-b18ebad9f4f6",
                            "network.1.access_network": "false",
                            "network.1.fixed_ip_v4": "172.16.12.17",
                            "network.1.fixed_ip_v6": "[fd68:a4de:7e11:dc97:f816:3eff:fea1:b926]",
                            "network.1.floating_ip": "",
                            "network.1.mac": "fa:16:3e:a1:b9:26",
                            "network.1.name": "database-net",
                            "network.1.port": "",
                            "network.1.uuid": "e75f9c0d-536f-4fc2-9d39-9999566e3086",
                            "network.2.access_network": "false",
                            "network.2.fixed_ip_v4": "172.16.11.26",
                            "network.2.fixed_ip_v6": "[fdc7:f376:6f1e:99d3:f816:3eff:fe04:8c09]",
                            "network.2.floating_ip": "",
                            "network.2.mac": "fa:16:3e:04:8c:09",
                            "network.2.name": "service-net",
                            "network.2.port": "",
                            "network.2.uuid": "6afbda35-131b-445e-9038-2f418221182e",
                            "network.3.access_network": "false",
                            "network.3.fixed_ip_v4": "128.0.100.17",
                            "network.3.fixed_ip_v6": "",
                            "network.3.floating_ip": "",
                            "network.3.mac": "fa:16:3e:da:d6:1c",
                            "network.3.name": "mgmt-net",
                            "network.3.port": "",
                            "network.3.uuid": "84c92d79-b127-4c4e-a6e2-c03f10864193",
                            "network.4.access_network": "false",
                            "network.4.fixed_ip_v4": "100.1.2.18",
                            "network.4.fixed_ip_v6": "",
                            "network.4.floating_ip": "",
                            "network.4.mac": "fa:16:3e:ba:83:1f",
                            "network.4.name": "nfv-ipc-net",
                            "network.4.port": "",
                            "network.4.uuid": "f0b52693-1c2a-4c32-9f9e-39bcf80d23a6",
                            "network.5.access_network": "false",
                            "network.5.fixed_ip_v4": "100.1.3.9",
                            "network.5.fixed_ip_v6": "",
                            "network.5.floating_ip": "",
                            "network.5.mac": "fa:16:3e:49:61:b5",
                            "network.5.name": "nfv-ext-net",
                            "network.5.port": "",
                            "network.5.uuid": "f7139d9b-7d68-4646-af81-d509e89f56e8",
                            "power_state": "active",
                            "region": "",
                            "security_groups.#": "1",
                            "security_groups.3814588639": "default",
                            "stop_before_destroy": "false",
                            "user_data": "50d4cde88754d47a9c862e05abbbbb45d8c69743"
                        },
                        "meta": {
                            "e2bfb730-ecaa-11e6-8f88-34363bc7c4c0": {
                                "create": 1800000000000,
                                "delete": 1800000000000,
                                "update": 1800000000000
                            }
                        },
                        "tainted": false
                    },
                    "deposed": [],
                    "provider": "provider.openstack"
                },
                "openstack_compute_instance_v2.instance_vm_nssf-db01": {
                    "type": "openstack_compute_instance_v2",
                    "depends_on": [
                        "openstack_compute_flavor_v2.flavor_vm_nssf-db01",
                        "openstack_networking_port_v2.port_vm_nssf-db01"
                    ],
                    "primary": {
                        "id": "61fb9298-a51c-4255-9a88-19977ba79bf4",
                        "attributes": {
                            "access_ip_v4": "192.168.11.201",
                            "access_ip_v6": "[fd89:2922:fea2:cb89:f816:3eff:fed9:c0c8]",
                            "all_metadata.%": "0",
                            "availability_zone": "server01",
                            "config_drive": "true",
                            "flavor_id": "c97a0af3-3e64-4ce2-aca8-ea019c9f0494",
                            "flavor_name": "nssf-db01",
                            "force_delete": "false",
                            "id": "61fb9298-a51c-4255-9a88-19977ba79bf4",
                            "image_id": "4aae9086-15f1-45b1-9474-18200947eb62",
                            "image_name": "CentOS-7-x86_64-GenericCloud-1901",
                            "key_pair": "stack",
                            "name": "nssf-db01",
                            "network.#": "2",
                            "network.0.access_network": "false",
                            "network.0.fixed_ip_v4": "192.168.11.201",
                            "network.0.fixed_ip_v6": "[fd89:2922:fea2:cb89:f816:3eff:fed9:c0c8]",
                            "network.0.floating_ip": "",
                            "network.0.mac": "fa:16:3e:d9:c0:c8",
                            "network.0.name": "management-net",
                            "network.0.port": "692370f3-f6fc-4d4d-8db3-a1bf162385af",
                            "network.0.uuid": "c7eb055a-1941-4851-8525-b18ebad9f4f6",
                            "network.1.access_network": "false",
                            "network.1.fixed_ip_v4": "172.16.12.4",
                            "network.1.fixed_ip_v6": "[fd68:a4de:7e11:dc97:f816:3eff:fe87:2182]",
                            "network.1.floating_ip": "",
                            "network.1.mac": "fa:16:3e:87:21:82",
                            "network.1.name": "database-net",
                            "network.1.port": "",
                            "network.1.uuid": "e75f9c0d-536f-4fc2-9d39-9999566e3086",
                            "power_state": "active",
                            "region": "",
                            "security_groups.#": "1",
                            "security_groups.3814588639": "default",
                            "stop_before_destroy": "false",
                            "user_data": "50d4cde88754d47a9c862e05abbbbb45d8c69743"
                        },
                        "meta": {
                            "e2bfb730-ecaa-11e6-8f88-34363bc7c4c0": {
                                "create": 1800000000000,
                                "delete": 1800000000000,
                                "update": 1800000000000
                            }
                        },
                        "tainted": false
                    },
                    "deposed": [],
                    "provider": "provider.openstack"
                },
                "openstack_compute_instance_v2.instance_vm_nssf-db02": {
                    "type": "openstack_compute_instance_v2",
                    "depends_on": [
                        "openstack_compute_flavor_v2.flavor_vm_nssf-db02",
                        "openstack_networking_port_v2.port_vm_nssf-db02"
                    ],
                    "primary": {
                        "id": "37dbf191-4cd6-4a3a-85e3-7e544f049525",
                        "attributes": {
                            "access_ip_v4": "192.168.11.202",
                            "access_ip_v6": "[fd89:2922:fea2:cb89:f816:3eff:fec7:4bd9]",
                            "all_metadata.%": "0",
                            "availability_zone": "server02",
                            "config_drive": "true",
                            "flavor_id": "6a0c6c4c-0ddc-40bb-9b1c-78fe1fc37e24",
                            "flavor_name": "nssf-db02",
                            "force_delete": "false",
                            "id": "37dbf191-4cd6-4a3a-85e3-7e544f049525",
                            "image_id": "4aae9086-15f1-45b1-9474-18200947eb62",
                            "image_name": "CentOS-7-x86_64-GenericCloud-1901",
                            "key_pair": "stack",
                            "name": "nssf-db02",
                            "network.#": "2",
                            "network.0.access_network": "false",
                            "network.0.fixed_ip_v4": "192.168.11.202",
                            "network.0.fixed_ip_v6": "[fd89:2922:fea2:cb89:f816:3eff:fec7:4bd9]",
                            "network.0.floating_ip": "",
                            "network.0.mac": "fa:16:3e:c7:4b:d9",
                            "network.0.name": "management-net",
                            "network.0.port": "cbab90a5-d1b2-46f3-98a8-3199ffe43997",
                            "network.0.uuid": "c7eb055a-1941-4851-8525-b18ebad9f4f6",
                            "network.1.access_network": "false",
                            "network.1.fixed_ip_v4": "172.16.12.27",
                            "network.1.fixed_ip_v6": "[fd68:a4de:7e11:dc97:f816:3eff:fe31:df80]",
                            "network.1.floating_ip": "",
                            "network.1.mac": "fa:16:3e:31:df:80",
                            "network.1.name": "database-net",
                            "network.1.port": "",
                            "network.1.uuid": "e75f9c0d-536f-4fc2-9d39-9999566e3086",
                            "power_state": "active",
                            "region": "",
                            "security_groups.#": "1",
                            "security_groups.3814588639": "default",
                            "stop_before_destroy": "false",
                            "user_data": "50d4cde88754d47a9c862e05abbbbb45d8c69743"
                        },
                        "meta": {
                            "e2bfb730-ecaa-11e6-8f88-34363bc7c4c0": {
                                "create": 1800000000000,
                                "delete": 1800000000000,
                                "update": 1800000000000
                            }
                        },
                        "tainted": false
                    },
                    "deposed": [],
                    "provider": "provider.openstack"
                },
                "openstack_compute_instance_v2.instance_vm_nssf-db03": {
                    "type": "openstack_compute_instance_v2",
                    "depends_on": [
                        "openstack_compute_flavor_v2.flavor_vm_nssf-db03",
                        "openstack_networking_port_v2.port_vm_nssf-db03"
                    ],
                    "primary": {
                        "id": "e03d7b52-2c94-4eae-906e-20544906ac99",
                        "attributes": {
                            "access_ip_v4": "192.168.11.227",
                            "access_ip_v6": "[fd89:2922:fea2:cb89:f816:3eff:fe63:d221]",
                            "all_metadata.%": "0",
                            "availability_zone": "nova",
                            "config_drive": "true",
                            "flavor_id": "16b2366e-1d1e-4c07-ad3e-42af99f1c149",
                            "flavor_name": "nssf-db03",
                            "force_delete": "false",
                            "id": "e03d7b52-2c94-4eae-906e-20544906ac99",
                            "image_id": "4aae9086-15f1-45b1-9474-18200947eb62",
                            "image_name": "CentOS-7-x86_64-GenericCloud-1901",
                            "key_pair": "stack",
                            "name": "nssf-db03",
                            "network.#": "2",
                            "network.0.access_network": "false",
                            "network.0.fixed_ip_v4": "192.168.11.227",
                            "network.0.fixed_ip_v6": "[fd89:2922:fea2:cb89:f816:3eff:fe63:d221]",
                            "network.0.floating_ip": "",
                            "network.0.mac": "fa:16:3e:63:d2:21",
                            "network.0.name": "management-net",
                            "network.0.port": "c53520e3-3dba-4a5d-9688-dc05d7d2bb57",
                            "network.0.uuid": "c7eb055a-1941-4851-8525-b18ebad9f4f6",
                            "network.1.access_network": "false",
                            "network.1.fixed_ip_v4": "172.16.12.26",
                            "network.1.fixed_ip_v6": "[fd68:a4de:7e11:dc97:f816:3eff:fe23:5ab5]",
                            "network.1.floating_ip": "",
                            "network.1.mac": "fa:16:3e:23:5a:b5",
                            "network.1.name": "database-net",
                            "network.1.port": "",
                            "network.1.uuid": "e75f9c0d-536f-4fc2-9d39-9999566e3086",
                            "power_state": "active",
                            "region": "",
                            "security_groups.#": "1",
                            "security_groups.3814588639": "default",
                            "stop_before_destroy": "false",
                            "user_data": "50d4cde88754d47a9c862e05abbbbb45d8c69743"
                        },
                        "meta": {
                            "e2bfb730-ecaa-11e6-8f88-34363bc7c4c0": {
                                "create": 1800000000000,
                                "delete": 1800000000000,
                                "update": 1800000000000
                            }
                        },
                        "tainted": false
                    },
                    "deposed": [],
                    "provider": "provider.openstack"
                },
                "openstack_compute_instance_v2.instance_vm_nssf-ems01": {
                    "type": "openstack_compute_instance_v2",
                    "depends_on": [
                        "openstack_compute_flavor_v2.flavor_vm_nssf-ems01",
                        "openstack_networking_port_v2.port_vm_nssf-ems01"
                    ],
                    "primary": {
                        "id": "59d32dc5-786c-4ecc-a5fe-8bc4eab9dfce",
                        "attributes": {
                            "access_ip_v4": "192.168.11.203",
                            "access_ip_v6": "[fd89:2922:fea2:cb89:f816:3eff:fe24:692a]",
                            "all_metadata.%": "0",
                            "availability_zone": "server01",
                            "config_drive": "true",
                            "flavor_id": "b07db89c-f6c6-4cbf-8d67-69d1d26968af",
                            "flavor_name": "nssf-ems01",
                            "force_delete": "false",
                            "id": "59d32dc5-786c-4ecc-a5fe-8bc4eab9dfce",
                            "image_id": "9ceff3eb-65ef-4bd8-a60e-9141dc6c7b50",
                            "image_name": "nssf-ems01.190531",
                            "key_pair": "stack",
                            "name": "nssf-ems01",
                            "network.#": "1",
                            "network.0.access_network": "false",
                            "network.0.fixed_ip_v4": "192.168.11.203",
                            "network.0.fixed_ip_v6": "[fd89:2922:fea2:cb89:f816:3eff:fe24:692a]",
                            "network.0.floating_ip": "",
                            "network.0.mac": "fa:16:3e:24:69:2a",
                            "network.0.name": "management-net",
                            "network.0.port": "42878af8-c28c-48ab-801d-3e174f18fe26",
                            "network.0.uuid": "c7eb055a-1941-4851-8525-b18ebad9f4f6",
                            "power_state": "active",
                            "region": "",
                            "security_groups.#": "1",
                            "security_groups.3814588639": "default",
                            "stop_before_destroy": "false",
                            "user_data": "50d4cde88754d47a9c862e05abbbbb45d8c69743"
                        },
                        "meta": {
                            "e2bfb730-ecaa-11e6-8f88-34363bc7c4c0": {
                                "create": 1800000000000,
                                "delete": 1800000000000,
                                "update": 1800000000000
                            }
                        },
                        "tainted": false
                    },
                    "deposed": [],
                    "provider": "provider.openstack"
                },
                "openstack_compute_instance_v2.instance_vm_nssf-ems02": {
                    "type": "openstack_compute_instance_v2",
                    "depends_on": [
                        "openstack_compute_flavor_v2.flavor_vm_nssf-ems02",
                        "openstack_networking_port_v2.port_vm_nssf-ems02"
                    ],
                    "primary": {
                        "id": "2d4b7c60-20cf-4dde-b8ff-20db9e19eee1",
                        "attributes": {
                            "access_ip_v4": "192.168.11.204",
                            "access_ip_v6": "[fd89:2922:fea2:cb89:f816:3eff:fefe:21f0]",
                            "all_metadata.%": "0",
                            "availability_zone": "server02",
                            "config_drive": "true",
                            "flavor_id": "8cf70079-bc2d-43f1-a3e6-928059911f2d",
                            "flavor_name": "nssf-ems02",
                            "force_delete": "false",
                            "id": "2d4b7c60-20cf-4dde-b8ff-20db9e19eee1",
                            "image_id": "9ceff3eb-65ef-4bd8-a60e-9141dc6c7b50",
                            "image_name": "nssf-ems01.190531",
                            "key_pair": "stack",
                            "name": "nssf-ems02",
                            "network.#": "1",
                            "network.0.access_network": "false",
                            "network.0.fixed_ip_v4": "192.168.11.204",
                            "network.0.fixed_ip_v6": "[fd89:2922:fea2:cb89:f816:3eff:fefe:21f0]",
                            "network.0.floating_ip": "",
                            "network.0.mac": "fa:16:3e:fe:21:f0",
                            "network.0.name": "management-net",
                            "network.0.port": "c7ad09eb-8d85-4dd6-b2c8-089c850bb133",
                            "network.0.uuid": "c7eb055a-1941-4851-8525-b18ebad9f4f6",
                            "power_state": "active",
                            "region": "",
                            "security_groups.#": "1",
                            "security_groups.3814588639": "default",
                            "stop_before_destroy": "false",
                            "user_data": "50d4cde88754d47a9c862e05abbbbb45d8c69743"
                        },
                        "meta": {
                            "e2bfb730-ecaa-11e6-8f88-34363bc7c4c0": {
                                "create": 1800000000000,
                                "delete": 1800000000000,
                                "update": 1800000000000
                            }
                        },
                        "tainted": false
                    },
                    "deposed": [],
                    "provider": "provider.openstack"
                },
                "openstack_compute_instance_v2.instance_vm_nssf-gl01": {
                    "type": "openstack_compute_instance_v2",
                    "depends_on": [
                        "openstack_compute_flavor_v2.flavor_vm_nssf-gl01",
                        "openstack_networking_port_v2.port_vm_nssf-gl01"
                    ],
                    "primary": {
                        "id": "d3f1829f-c8af-44b9-a8d4-928ddc87106b",
                        "attributes": {
                            "access_ip_v4": "192.168.11.213",
                            "access_ip_v6": "[fd89:2922:fea2:cb89:f816:3eff:fe37:c2b6]",
                            "all_metadata.%": "0",
                            "availability_zone": "nova",
                            "config_drive": "true",
                            "flavor_id": "79d17324-726c-4f96-95c0-143df7ed4745",
                            "flavor_name": "nssf-gl01",
                            "force_delete": "false",
                            "id": "d3f1829f-c8af-44b9-a8d4-928ddc87106b",
                            "image_id": "4aae9086-15f1-45b1-9474-18200947eb62",
                            "image_name": "CentOS-7-x86_64-GenericCloud-1901",
                            "key_pair": "stack",
                            "name": "nssf-gl01",
                            "network.#": "1",
                            "network.0.access_network": "false",
                            "network.0.fixed_ip_v4": "192.168.11.213",
                            "network.0.fixed_ip_v6": "[fd89:2922:fea2:cb89:f816:3eff:fe37:c2b6]",
                            "network.0.floating_ip": "",
                            "network.0.mac": "fa:16:3e:37:c2:b6",
                            "network.0.name": "management-net",
                            "network.0.port": "3a490cf3-c5ee-4e9a-bec7-d6837779417a",
                            "network.0.uuid": "c7eb055a-1941-4851-8525-b18ebad9f4f6",
                            "power_state": "active",
                            "region": "",
                            "security_groups.#": "1",
                            "security_groups.3814588639": "default",
                            "stop_before_destroy": "false",
                            "user_data": "50d4cde88754d47a9c862e05abbbbb45d8c69743"
                        },
                        "meta": {
                            "e2bfb730-ecaa-11e6-8f88-34363bc7c4c0": {
                                "create": 1800000000000,
                                "delete": 1800000000000,
                                "update": 1800000000000
                            }
                        },
                        "tainted": false
                    },
                    "deposed": [],
                    "provider": "provider.openstack"
                },
                "openstack_compute_instance_v2.instance_vm_nssf-gl02": {
                    "type": "openstack_compute_instance_v2",
                    "depends_on": [
                        "openstack_compute_flavor_v2.flavor_vm_nssf-gl02",
                        "openstack_networking_port_v2.port_vm_nssf-gl02"
                    ],
                    "primary": {
                        "id": "7dbd3dee-9988-42e8-a85c-3bb8153f1e5b",
                        "attributes": {
                            "access_ip_v4": "192.168.11.214",
                            "access_ip_v6": "[fd89:2922:fea2:cb89:f816:3eff:feb0:1cdd]",
                            "all_metadata.%": "0",
                            "availability_zone": "nova",
                            "config_drive": "true",
                            "flavor_id": "be2c65db-1578-4cdd-94d2-46fde57eca4f",
                            "flavor_name": "nssf-gl02",
                            "force_delete": "false",
                            "id": "7dbd3dee-9988-42e8-a85c-3bb8153f1e5b",
                            "image_id": "4aae9086-15f1-45b1-9474-18200947eb62",
                            "image_name": "CentOS-7-x86_64-GenericCloud-1901",
                            "key_pair": "stack",
                            "name": "nssf-gl02",
                            "network.#": "1",
                            "network.0.access_network": "false",
                            "network.0.fixed_ip_v4": "192.168.11.214",
                            "network.0.fixed_ip_v6": "[fd89:2922:fea2:cb89:f816:3eff:feb0:1cdd]",
                            "network.0.floating_ip": "",
                            "network.0.mac": "fa:16:3e:b0:1c:dd",
                            "network.0.name": "management-net",
                            "network.0.port": "0b2c13dc-de07-4a94-a14f-41a2a2831bbb",
                            "network.0.uuid": "c7eb055a-1941-4851-8525-b18ebad9f4f6",
                            "power_state": "active",
                            "region": "",
                            "security_groups.#": "1",
                            "security_groups.3814588639": "default",
                            "stop_before_destroy": "false",
                            "user_data": "50d4cde88754d47a9c862e05abbbbb45d8c69743"
                        },
                        "meta": {
                            "e2bfb730-ecaa-11e6-8f88-34363bc7c4c0": {
                                "create": 1800000000000,
                                "delete": 1800000000000,
                                "update": 1800000000000
                            }
                        },
                        "tainted": false
                    },
                    "deposed": [],
                    "provider": "provider.openstack"
                },
                "openstack_compute_instance_v2.instance_vm_nssf-gl03": {
                    "type": "openstack_compute_instance_v2",
                    "depends_on": [
                        "openstack_compute_flavor_v2.flavor_vm_nssf-gl03",
                        "openstack_networking_port_v2.port_vm_nssf-gl03"
                    ],
                    "primary": {
                        "id": "14a0ac9c-50b0-47cf-b6a1-79348dcacfe2",
                        "attributes": {
                            "access_ip_v4": "192.168.11.215",
                            "access_ip_v6": "[fd89:2922:fea2:cb89:f816:3eff:fe94:d286]",
                            "all_metadata.%": "0",
                            "availability_zone": "nova",
                            "config_drive": "true",
                            "flavor_id": "d1f2d5b7-a750-4d99-93bd-eca61524196d",
                            "flavor_name": "nssf-gl03",
                            "force_delete": "false",
                            "id": "14a0ac9c-50b0-47cf-b6a1-79348dcacfe2",
                            "image_id": "4aae9086-15f1-45b1-9474-18200947eb62",
                            "image_name": "CentOS-7-x86_64-GenericCloud-1901",
                            "key_pair": "stack",
                            "name": "nssf-gl03",
                            "network.#": "1",
                            "network.0.access_network": "false",
                            "network.0.fixed_ip_v4": "192.168.11.215",
                            "network.0.fixed_ip_v6": "[fd89:2922:fea2:cb89:f816:3eff:fe94:d286]",
                            "network.0.floating_ip": "",
                            "network.0.mac": "fa:16:3e:94:d2:86",
                            "network.0.name": "management-net",
                            "network.0.port": "1a2d7ef6-b134-4d6a-8cac-19fde5d176b0",
                            "network.0.uuid": "c7eb055a-1941-4851-8525-b18ebad9f4f6",
                            "power_state": "active",
                            "region": "",
                            "security_groups.#": "1",
                            "security_groups.3814588639": "default",
                            "stop_before_destroy": "false",
                            "user_data": "50d4cde88754d47a9c862e05abbbbb45d8c69743"
                        },
                        "meta": {
                            "e2bfb730-ecaa-11e6-8f88-34363bc7c4c0": {
                                "create": 1800000000000,
                                "delete": 1800000000000,
                                "update": 1800000000000
                            }
                        },
                        "tainted": false
                    },
                    "deposed": [],
                    "provider": "provider.openstack"
                },
                "openstack_compute_instance_v2.instance_vm_nssf-gl04": {
                    "type": "openstack_compute_instance_v2",
                    "depends_on": [
                        "openstack_compute_flavor_v2.flavor_vm_nssf-gl04",
                        "openstack_networking_port_v2.port_vm_nssf-gl04"
                    ],
                    "primary": {
                        "id": "d9f76552-4774-4ef0-b473-942b24d5ef06",
                        "attributes": {
                            "access_ip_v4": "192.168.11.216",
                            "access_ip_v6": "[fd89:2922:fea2:cb89:f816:3eff:fe4f:8b21]",
                            "all_metadata.%": "0",
                            "availability_zone": "nova",
                            "config_drive": "true",
                            "flavor_id": "cd0f99ea-b953-4147-b338-0a6bb356f3d9",
                            "flavor_name": "nssf-gl04",
                            "force_delete": "false",
                            "id": "d9f76552-4774-4ef0-b473-942b24d5ef06",
                            "image_id": "4aae9086-15f1-45b1-9474-18200947eb62",
                            "image_name": "CentOS-7-x86_64-GenericCloud-1901",
                            "key_pair": "stack",
                            "name": "nssf-gl04",
                            "network.#": "1",
                            "network.0.access_network": "false",
                            "network.0.fixed_ip_v4": "192.168.11.216",
                            "network.0.fixed_ip_v6": "[fd89:2922:fea2:cb89:f816:3eff:fe4f:8b21]",
                            "network.0.floating_ip": "",
                            "network.0.mac": "fa:16:3e:4f:8b:21",
                            "network.0.name": "management-net",
                            "network.0.port": "8ea98de8-5e61-49ce-ac07-db758b9de4a8",
                            "network.0.uuid": "c7eb055a-1941-4851-8525-b18ebad9f4f6",
                            "power_state": "active",
                            "region": "",
                            "security_groups.#": "1",
                            "security_groups.3814588639": "default",
                            "stop_before_destroy": "false",
                            "user_data": "50d4cde88754d47a9c862e05abbbbb45d8c69743"
                        },
                        "meta": {
                            "e2bfb730-ecaa-11e6-8f88-34363bc7c4c0": {
                                "create": 1800000000000,
                                "delete": 1800000000000,
                                "update": 1800000000000
                            }
                        },
                        "tainted": false
                    },
                    "deposed": [],
                    "provider": "provider.openstack"
                },
                "openstack_compute_instance_v2.instance_vm_nssf-gl05": {
                    "type": "openstack_compute_instance_v2",
                    "depends_on": [
                        "openstack_compute_flavor_v2.flavor_vm_nssf-gl05",
                        "openstack_networking_port_v2.port_vm_nssf-gl05"
                    ],
                    "primary": {
                        "id": "1ac64db7-1bc7-472b-b2e7-32d1da622c1d",
                        "attributes": {
                            "access_ip_v4": "192.168.11.217",
                            "access_ip_v6": "[fd89:2922:fea2:cb89:f816:3eff:febc:334f]",
                            "all_metadata.%": "0",
                            "availability_zone": "nova",
                            "config_drive": "true",
                            "flavor_id": "155f3e65-bdb2-4afb-997e-9fef321093f8",
                            "flavor_name": "nssf-gl05",
                            "force_delete": "false",
                            "id": "1ac64db7-1bc7-472b-b2e7-32d1da622c1d",
                            "image_id": "4aae9086-15f1-45b1-9474-18200947eb62",
                            "image_name": "CentOS-7-x86_64-GenericCloud-1901",
                            "key_pair": "stack",
                            "name": "nssf-gl05",
                            "network.#": "1",
                            "network.0.access_network": "false",
                            "network.0.fixed_ip_v4": "192.168.11.217",
                            "network.0.fixed_ip_v6": "[fd89:2922:fea2:cb89:f816:3eff:febc:334f]",
                            "network.0.floating_ip": "",
                            "network.0.mac": "fa:16:3e:bc:33:4f",
                            "network.0.name": "management-net",
                            "network.0.port": "7ab635e7-cef1-4535-9b51-8abd10833145",
                            "network.0.uuid": "c7eb055a-1941-4851-8525-b18ebad9f4f6",
                            "power_state": "active",
                            "region": "",
                            "security_groups.#": "1",
                            "security_groups.3814588639": "default",
                            "stop_before_destroy": "false",
                            "user_data": "50d4cde88754d47a9c862e05abbbbb45d8c69743"
                        },
                        "meta": {
                            "e2bfb730-ecaa-11e6-8f88-34363bc7c4c0": {
                                "create": 1800000000000,
                                "delete": 1800000000000,
                                "update": 1800000000000
                            }
                        },
                        "tainted": false
                    },
                    "deposed": [],
                    "provider": "provider.openstack"
                },
                "openstack_compute_instance_v2.instance_vm_nssf-gl06": {
                    "type": "openstack_compute_instance_v2",
                    "depends_on": [
                        "openstack_compute_flavor_v2.flavor_vm_nssf-gl06",
                        "openstack_networking_port_v2.port_vm_nssf-gl06"
                    ],
                    "primary": {
                        "id": "4a8838be-ec32-409d-a6b3-927689eb885f",
                        "attributes": {
                            "access_ip_v4": "192.168.11.218",
                            "access_ip_v6": "[fd89:2922:fea2:cb89:f816:3eff:fe8b:e59b]",
                            "all_metadata.%": "0",
                            "availability_zone": "nova",
                            "config_drive": "true",
                            "flavor_id": "0b8a9ded-033d-4b1f-a493-0a85e1fca7f8",
                            "flavor_name": "nssf-gl06",
                            "force_delete": "false",
                            "id": "4a8838be-ec32-409d-a6b3-927689eb885f",
                            "image_id": "4aae9086-15f1-45b1-9474-18200947eb62",
                            "image_name": "CentOS-7-x86_64-GenericCloud-1901",
                            "key_pair": "stack",
                            "name": "nssf-gl06",
                            "network.#": "1",
                            "network.0.access_network": "false",
                            "network.0.fixed_ip_v4": "192.168.11.218",
                            "network.0.fixed_ip_v6": "[fd89:2922:fea2:cb89:f816:3eff:fe8b:e59b]",
                            "network.0.floating_ip": "",
                            "network.0.mac": "fa:16:3e:8b:e5:9b",
                            "network.0.name": "management-net",
                            "network.0.port": "12158c7c-e5db-49e2-aba1-364934362ad3",
                            "network.0.uuid": "c7eb055a-1941-4851-8525-b18ebad9f4f6",
                            "power_state": "active",
                            "region": "",
                            "security_groups.#": "1",
                            "security_groups.3814588639": "default",
                            "stop_before_destroy": "false",
                            "user_data": "50d4cde88754d47a9c862e05abbbbb45d8c69743"
                        },
                        "meta": {
                            "e2bfb730-ecaa-11e6-8f88-34363bc7c4c0": {
                                "create": 1800000000000,
                                "delete": 1800000000000,
                                "update": 1800000000000
                            }
                        },
                        "tainted": false
                    },
                    "deposed": [],
                    "provider": "provider.openstack"
                },
                "openstack_compute_instance_v2.instance_vm_nssf-lb01": {
                    "type": "openstack_compute_instance_v2",
                    "depends_on": [
                        "openstack_compute_flavor_v2.flavor_vm_nssf-lb01",
                        "openstack_networking_port_v2.port_vm_nssf-lb01"
                    ],
                    "primary": {
                        "id": "f3055728-3275-446e-8071-6e9a830d19fa",
                        "attributes": {
                            "access_ip_v4": "192.168.11.205",
                            "access_ip_v6": "[fd89:2922:fea2:cb89:f816:3eff:fe6c:14a2]",
                            "all_metadata.%": "0",
                            "availability_zone": "server03",
                            "config_drive": "true",
                            "flavor_id": "1641d9fd-1851-4898-b2ea-2e56d0eefcf0",
                            "flavor_name": "nssf-lb01",
                            "force_delete": "false",
                            "id": "f3055728-3275-446e-8071-6e9a830d19fa",
                            "image_id": "4aae9086-15f1-45b1-9474-18200947eb62",
                            "image_name": "CentOS-7-x86_64-GenericCloud-1901",
                            "key_pair": "stack",
                            "name": "nssf-lb01",
                            "network.#": "3",
                            "network.0.access_network": "false",
                            "network.0.fixed_ip_v4": "192.168.11.205",
                            "network.0.fixed_ip_v6": "[fd89:2922:fea2:cb89:f816:3eff:fe6c:14a2]",
                            "network.0.floating_ip": "",
                            "network.0.mac": "fa:16:3e:6c:14:a2",
                            "network.0.name": "management-net",
                            "network.0.port": "1d46e758-005d-4922-9499-f45ae81d596a",
                            "network.0.uuid": "c7eb055a-1941-4851-8525-b18ebad9f4f6",
                            "network.1.access_network": "false",
                            "network.1.fixed_ip_v4": "172.16.12.23",
                            "network.1.fixed_ip_v6": "[fd68:a4de:7e11:dc97:f816:3eff:fe3e:42be]",
                            "network.1.floating_ip": "",
                            "network.1.mac": "fa:16:3e:3e:42:be",
                            "network.1.name": "database-net",
                            "network.1.port": "",
                            "network.1.uuid": "e75f9c0d-536f-4fc2-9d39-9999566e3086",
                            "network.2.access_network": "false",
                            "network.2.fixed_ip_v4": "172.16.11.9",
                            "network.2.fixed_ip_v6": "[fdc7:f376:6f1e:99d3:f816:3eff:fe95:beff]",
                            "network.2.floating_ip": "",
                            "network.2.mac": "fa:16:3e:95:be:ff",
                            "network.2.name": "service-net",
                            "network.2.port": "",
                            "network.2.uuid": "6afbda35-131b-445e-9038-2f418221182e",
                            "power_state": "active",
                            "region": "",
                            "security_groups.#": "1",
                            "security_groups.3814588639": "default",
                            "stop_before_destroy": "false",
                            "user_data": "50d4cde88754d47a9c862e05abbbbb45d8c69743"
                        },
                        "meta": {
                            "e2bfb730-ecaa-11e6-8f88-34363bc7c4c0": {
                                "create": 1800000000000,
                                "delete": 1800000000000,
                                "update": 1800000000000
                            }
                        },
                        "tainted": false
                    },
                    "deposed": [],
                    "provider": "provider.openstack"
                },
                "openstack_compute_instance_v2.instance_vm_nssf-lb02": {
                    "type": "openstack_compute_instance_v2",
                    "depends_on": [
                        "openstack_compute_flavor_v2.flavor_vm_nssf-lb02",
                        "openstack_networking_port_v2.port_vm_nssf-lb02"
                    ],
                    "primary": {
                        "id": "24bebb3d-eea0-4fda-9c41-c1ea4a4334f7",
                        "attributes": {
                            "access_ip_v4": "192.168.11.206",
                            "access_ip_v6": "[fd89:2922:fea2:cb89:f816:3eff:fe0f:c441]",
                            "all_metadata.%": "0",
                            "availability_zone": "server04",
                            "config_drive": "true",
                            "flavor_id": "bc69b58d-d657-4a78-a918-10d715d30f3c",
                            "flavor_name": "nssf-lb02",
                            "force_delete": "false",
                            "id": "24bebb3d-eea0-4fda-9c41-c1ea4a4334f7",
                            "image_id": "4aae9086-15f1-45b1-9474-18200947eb62",
                            "image_name": "CentOS-7-x86_64-GenericCloud-1901",
                            "key_pair": "stack",
                            "name": "nssf-lb02",
                            "network.#": "3",
                            "network.0.access_network": "false",
                            "network.0.fixed_ip_v4": "192.168.11.206",
                            "network.0.fixed_ip_v6": "[fd89:2922:fea2:cb89:f816:3eff:fe0f:c441]",
                            "network.0.floating_ip": "",
                            "network.0.mac": "fa:16:3e:0f:c4:41",
                            "network.0.name": "management-net",
                            "network.0.port": "4b7f6032-0977-4740-9138-716071142072",
                            "network.0.uuid": "c7eb055a-1941-4851-8525-b18ebad9f4f6",
                            "network.1.access_network": "false",
                            "network.1.fixed_ip_v4": "172.16.12.10",
                            "network.1.fixed_ip_v6": "[fd68:a4de:7e11:dc97:f816:3eff:fe84:66a9]",
                            "network.1.floating_ip": "",
                            "network.1.mac": "fa:16:3e:84:66:a9",
                            "network.1.name": "database-net",
                            "network.1.port": "",
                            "network.1.uuid": "e75f9c0d-536f-4fc2-9d39-9999566e3086",
                            "network.2.access_network": "false",
                            "network.2.fixed_ip_v4": "172.16.11.37",
                            "network.2.fixed_ip_v6": "[fdc7:f376:6f1e:99d3:f816:3eff:fecb:9970]",
                            "network.2.floating_ip": "",
                            "network.2.mac": "fa:16:3e:cb:99:70",
                            "network.2.name": "service-net",
                            "network.2.port": "",
                            "network.2.uuid": "6afbda35-131b-445e-9038-2f418221182e",
                            "power_state": "active",
                            "region": "",
                            "security_groups.#": "1",
                            "security_groups.3814588639": "default",
                            "stop_before_destroy": "false",
                            "user_data": "50d4cde88754d47a9c862e05abbbbb45d8c69743"
                        },
                        "meta": {
                            "e2bfb730-ecaa-11e6-8f88-34363bc7c4c0": {
                                "create": 1800000000000,
                                "delete": 1800000000000,
                                "update": 1800000000000
                            }
                        },
                        "tainted": false
                    },
                    "deposed": [],
                    "provider": "provider.openstack"
                },
                "openstack_compute_instance_v2.instance_vm_nssf-sa01": {
                    "type": "openstack_compute_instance_v2",
                    "depends_on": [
                        "openstack_compute_flavor_v2.flavor_vm_nssf-sa01",
                        "openstack_networking_port_v2.port_vm_nssf-sa01"
                    ],
                    "primary": {
                        "id": "d82f2245-245d-40cc-962f-0a0157865cf1",
                        "attributes": {
                            "access_ip_v4": "192.168.11.207",
                            "access_ip_v6": "[fd89:2922:fea2:cb89:f816:3eff:fea3:8592]",
                            "all_metadata.%": "0",
                            "availability_zone": "server03",
                            "config_drive": "true",
                            "flavor_id": "a471144c-ca22-46cb-9ed0-95daf90a0158",
                            "flavor_name": "nssf-sa01",
                            "force_delete": "false",
                            "id": "d82f2245-245d-40cc-962f-0a0157865cf1",
                            "image_id": "4aae9086-15f1-45b1-9474-18200947eb62",
                            "image_name": "CentOS-7-x86_64-GenericCloud-1901",
                            "key_pair": "stack",
                            "name": "nssf-sa01",
                            "network.#": "3",
                            "network.0.access_network": "false",
                            "network.0.fixed_ip_v4": "192.168.11.207",
                            "network.0.fixed_ip_v6": "[fd89:2922:fea2:cb89:f816:3eff:fea3:8592]",
                            "network.0.floating_ip": "",
                            "network.0.mac": "fa:16:3e:a3:85:92",
                            "network.0.name": "management-net",
                            "network.0.port": "ac8b13f4-fb3f-4671-85ef-c5516a1bdbd1",
                            "network.0.uuid": "c7eb055a-1941-4851-8525-b18ebad9f4f6",
                            "network.1.access_network": "false",
                            "network.1.fixed_ip_v4": "172.16.12.9",
                            "network.1.fixed_ip_v6": "[fd68:a4de:7e11:dc97:f816:3eff:fe25:aced]",
                            "network.1.floating_ip": "",
                            "network.1.mac": "fa:16:3e:25:ac:ed",
                            "network.1.name": "database-net",
                            "network.1.port": "",
                            "network.1.uuid": "e75f9c0d-536f-4fc2-9d39-9999566e3086",
                            "network.2.access_network": "false",
                            "network.2.fixed_ip_v4": "172.16.11.2",
                            "network.2.fixed_ip_v6": "[fdc7:f376:6f1e:99d3:f816:3eff:fee4:4d29]",
                            "network.2.floating_ip": "",
                            "network.2.mac": "fa:16:3e:e4:4d:29",
                            "network.2.name": "service-net",
                            "network.2.port": "",
                            "network.2.uuid": "6afbda35-131b-445e-9038-2f418221182e",
                            "power_state": "active",
                            "region": "",
                            "security_groups.#": "1",
                            "security_groups.3814588639": "default",
                            "stop_before_destroy": "false",
                            "user_data": "50d4cde88754d47a9c862e05abbbbb45d8c69743"
                        },
                        "meta": {
                            "e2bfb730-ecaa-11e6-8f88-34363bc7c4c0": {
                                "create": 1800000000000,
                                "delete": 1800000000000,
                                "update": 1800000000000
                            }
                        },
                        "tainted": false
                    },
                    "deposed": [],
                    "provider": "provider.openstack"
                },
                "openstack_compute_instance_v2.instance_vm_nssf-sa02": {
                    "type": "openstack_compute_instance_v2",
                    "depends_on": [
                        "openstack_compute_flavor_v2.flavor_vm_nssf-sa02",
                        "openstack_networking_port_v2.port_vm_nssf-sa02"
                    ],
                    "primary": {
                        "id": "339915e4-9d04-4f1b-8719-f937fc1e2f20",
                        "attributes": {
                            "access_ip_v4": "192.168.11.208",
                            "access_ip_v6": "[fd89:2922:fea2:cb89:f816:3eff:fe0b:aebc]",
                            "all_metadata.%": "0",
                            "availability_zone": "server04",
                            "config_drive": "true",
                            "flavor_id": "155f4fa1-db9f-4c04-b36b-2d4540e40b6b",
                            "flavor_name": "nssf-sa02",
                            "force_delete": "false",
                            "id": "339915e4-9d04-4f1b-8719-f937fc1e2f20",
                            "image_id": "4aae9086-15f1-45b1-9474-18200947eb62",
                            "image_name": "CentOS-7-x86_64-GenericCloud-1901",
                            "key_pair": "stack",
                            "name": "nssf-sa02",
                            "network.#": "3",
                            "network.0.access_network": "false",
                            "network.0.fixed_ip_v4": "192.168.11.208",
                            "network.0.fixed_ip_v6": "[fd89:2922:fea2:cb89:f816:3eff:fe0b:aebc]",
                            "network.0.floating_ip": "",
                            "network.0.mac": "fa:16:3e:0b:ae:bc",
                            "network.0.name": "management-net",
                            "network.0.port": "2800a514-bfd7-43a2-b7b8-3704d1537d2b",
                            "network.0.uuid": "c7eb055a-1941-4851-8525-b18ebad9f4f6",
                            "network.1.access_network": "false",
                            "network.1.fixed_ip_v4": "172.16.12.18",
                            "network.1.fixed_ip_v6": "[fd68:a4de:7e11:dc97:f816:3eff:fe26:661c]",
                            "network.1.floating_ip": "",
                            "network.1.mac": "fa:16:3e:26:66:1c",
                            "network.1.name": "database-net",
                            "network.1.port": "",
                            "network.1.uuid": "e75f9c0d-536f-4fc2-9d39-9999566e3086",
                            "network.2.access_network": "false",
                            "network.2.fixed_ip_v4": "172.16.11.27",
                            "network.2.fixed_ip_v6": "[fdc7:f376:6f1e:99d3:f816:3eff:fe6f:ea28]",
                            "network.2.floating_ip": "",
                            "network.2.mac": "fa:16:3e:6f:ea:28",
                            "network.2.name": "service-net",
                            "network.2.port": "",
                            "network.2.uuid": "6afbda35-131b-445e-9038-2f418221182e",
                            "power_state": "active",
                            "region": "",
                            "security_groups.#": "1",
                            "security_groups.3814588639": "default",
                            "stop_before_destroy": "false",
                            "user_data": "50d4cde88754d47a9c862e05abbbbb45d8c69743"
                        },
                        "meta": {
                            "e2bfb730-ecaa-11e6-8f88-34363bc7c4c0": {
                                "create": 1800000000000,
                                "delete": 1800000000000,
                                "update": 1800000000000
                            }
                        },
                        "tainted": false
                    },
                    "deposed": [],
                    "provider": "provider.openstack"
                },
                "openstack_compute_instance_v2.instance_vm_nssf-ss01": {
                    "type": "openstack_compute_instance_v2",
                    "depends_on": [
                        "openstack_compute_flavor_v2.flavor_vm_nssf-ss01",
                        "openstack_networking_port_v2.port_vm_nssf-ss01"
                    ],
                    "primary": {
                        "id": "3714978f-67e0-44fb-84cb-54ebecb90115",
                        "attributes": {
                            "access_ip_v4": "192.168.11.209",
                            "access_ip_v6": "[fd89:2922:fea2:cb89:f816:3eff:fef0:5fe7]",
                            "all_metadata.%": "0",
                            "availability_zone": "server03",
                            "config_drive": "true",
                            "flavor_id": "2a0d16ab-5b07-4f92-b438-323d74d37af0",
                            "flavor_name": "nssf-ss01",
                            "force_delete": "false",
                            "id": "3714978f-67e0-44fb-84cb-54ebecb90115",
                            "image_id": "4aae9086-15f1-45b1-9474-18200947eb62",
                            "image_name": "CentOS-7-x86_64-GenericCloud-1901",
                            "key_pair": "stack",
                            "name": "nssf-ss01",
                            "network.#": "3",
                            "network.0.access_network": "false",
                            "network.0.fixed_ip_v4": "192.168.11.209",
                            "network.0.fixed_ip_v6": "[fd89:2922:fea2:cb89:f816:3eff:fef0:5fe7]",
                            "network.0.floating_ip": "",
                            "network.0.mac": "fa:16:3e:f0:5f:e7",
                            "network.0.name": "management-net",
                            "network.0.port": "1d437d15-6713-449a-9f14-e04b208c8e7f",
                            "network.0.uuid": "c7eb055a-1941-4851-8525-b18ebad9f4f6",
                            "network.1.access_network": "false",
                            "network.1.fixed_ip_v4": "172.16.12.24",
                            "network.1.fixed_ip_v6": "[fd68:a4de:7e11:dc97:f816:3eff:fe88:27d1]",
                            "network.1.floating_ip": "",
                            "network.1.mac": "fa:16:3e:88:27:d1",
                            "network.1.name": "database-net",
                            "network.1.port": "",
                            "network.1.uuid": "e75f9c0d-536f-4fc2-9d39-9999566e3086",
                            "network.2.access_network": "false",
                            "network.2.fixed_ip_v4": "172.16.11.5",
                            "network.2.fixed_ip_v6": "[fdc7:f376:6f1e:99d3:f816:3eff:fe7b:c3c]",
                            "network.2.floating_ip": "",
                            "network.2.mac": "fa:16:3e:7b:0c:3c",
                            "network.2.name": "service-net",
                            "network.2.port": "",
                            "network.2.uuid": "6afbda35-131b-445e-9038-2f418221182e",
                            "power_state": "active",
                            "region": "",
                            "security_groups.#": "1",
                            "security_groups.3814588639": "default",
                            "stop_before_destroy": "false",
                            "user_data": "50d4cde88754d47a9c862e05abbbbb45d8c69743"
                        },
                        "meta": {
                            "e2bfb730-ecaa-11e6-8f88-34363bc7c4c0": {
                                "create": 1800000000000,
                                "delete": 1800000000000,
                                "update": 1800000000000
                            }
                        },
                        "tainted": false
                    },
                    "deposed": [],
                    "provider": "provider.openstack"
                },
                "openstack_compute_instance_v2.instance_vm_nssf-ss02": {
                    "type": "openstack_compute_instance_v2",
                    "depends_on": [
                        "openstack_compute_flavor_v2.flavor_vm_nssf-ss02",
                        "openstack_networking_port_v2.port_vm_nssf-ss02"
                    ],
                    "primary": {
                        "id": "14c8864d-a4be-4ffa-b3e4-5145b824ebe7",
                        "attributes": {
                            "access_ip_v4": "192.168.11.210",
                            "access_ip_v6": "[fd89:2922:fea2:cb89:f816:3eff:feae:7edd]",
                            "all_metadata.%": "0",
                            "availability_zone": "server04",
                            "config_drive": "true",
                            "flavor_id": "4df63e60-30c5-45f7-ba33-823bd8ae7f7d",
                            "flavor_name": "nssf-ss02",
                            "force_delete": "false",
                            "id": "14c8864d-a4be-4ffa-b3e4-5145b824ebe7",
                            "image_id": "4aae9086-15f1-45b1-9474-18200947eb62",
                            "image_name": "CentOS-7-x86_64-GenericCloud-1901",
                            "key_pair": "stack",
                            "name": "nssf-ss02",
                            "network.#": "3",
                            "network.0.access_network": "false",
                            "network.0.fixed_ip_v4": "192.168.11.210",
                            "network.0.fixed_ip_v6": "[fd89:2922:fea2:cb89:f816:3eff:feae:7edd]",
                            "network.0.floating_ip": "",
                            "network.0.mac": "fa:16:3e:ae:7e:dd",
                            "network.0.name": "management-net",
                            "network.0.port": "08aaa49c-6e02-441c-9b00-8ae9b9af0e0d",
                            "network.0.uuid": "c7eb055a-1941-4851-8525-b18ebad9f4f6",
                            "network.1.access_network": "false",
                            "network.1.fixed_ip_v4": "172.16.12.7",
                            "network.1.fixed_ip_v6": "[fd68:a4de:7e11:dc97:f816:3eff:fe61:2810]",
                            "network.1.floating_ip": "",
                            "network.1.mac": "fa:16:3e:61:28:10",
                            "network.1.name": "database-net",
                            "network.1.port": "",
                            "network.1.uuid": "e75f9c0d-536f-4fc2-9d39-9999566e3086",
                            "network.2.access_network": "false",
                            "network.2.fixed_ip_v4": "172.16.11.15",
                            "network.2.fixed_ip_v6": "[fdc7:f376:6f1e:99d3:f816:3eff:fe9f:71f2]",
                            "network.2.floating_ip": "",
                            "network.2.mac": "fa:16:3e:9f:71:f2",
                            "network.2.name": "service-net",
                            "network.2.port": "",
                            "network.2.uuid": "6afbda35-131b-445e-9038-2f418221182e",
                            "power_state": "active",
                            "region": "",
                            "security_groups.#": "1",
                            "security_groups.3814588639": "default",
                            "stop_before_destroy": "false",
                            "user_data": "50d4cde88754d47a9c862e05abbbbb45d8c69743"
                        },
                        "meta": {
                            "e2bfb730-ecaa-11e6-8f88-34363bc7c4c0": {
                                "create": 1800000000000,
                                "delete": 1800000000000,
                                "update": 1800000000000
                            }
                        },
                        "tainted": false
                    },
                    "deposed": [],
                    "provider": "provider.openstack"
                },
                "openstack_compute_instance_v2.instance_vm_nssf-ss03": {
                    "type": "openstack_compute_instance_v2",
                    "depends_on": [
                        "openstack_compute_flavor_v2.flavor_vm_nssf-ss03",
                        "openstack_networking_port_v2.port_vm_nssf-ss03"
                    ],
                    "primary": {
                        "id": "f2abb205-c3c2-43d9-b2a9-f3722447cd09",
                        "attributes": {
                            "access_ip_v4": "192.168.11.211",
                            "access_ip_v6": "[fd89:2922:fea2:cb89:f816:3eff:fe95:57ac]",
                            "all_metadata.%": "0",
                            "availability_zone": "server03",
                            "config_drive": "true",
                            "flavor_id": "c201f01c-606c-4af1-8c12-72de6ba26433",
                            "flavor_name": "nssf-ss03",
                            "force_delete": "false",
                            "id": "f2abb205-c3c2-43d9-b2a9-f3722447cd09",
                            "image_id": "4aae9086-15f1-45b1-9474-18200947eb62",
                            "image_name": "CentOS-7-x86_64-GenericCloud-1901",
                            "key_pair": "stack",
                            "name": "nssf-ss03",
                            "network.#": "3",
                            "network.0.access_network": "false",
                            "network.0.fixed_ip_v4": "192.168.11.211",
                            "network.0.fixed_ip_v6": "[fd89:2922:fea2:cb89:f816:3eff:fe95:57ac]",
                            "network.0.floating_ip": "",
                            "network.0.mac": "fa:16:3e:95:57:ac",
                            "network.0.name": "management-net",
                            "network.0.port": "4f04afb7-a17a-4cf0-a45a-214f7ae2115a",
                            "network.0.uuid": "c7eb055a-1941-4851-8525-b18ebad9f4f6",
                            "network.1.access_network": "false",
                            "network.1.fixed_ip_v4": "172.16.12.5",
                            "network.1.fixed_ip_v6": "[fd68:a4de:7e11:dc97:f816:3eff:fe52:9073]",
                            "network.1.floating_ip": "",
                            "network.1.mac": "fa:16:3e:52:90:73",
                            "network.1.name": "database-net",
                            "network.1.port": "",
                            "network.1.uuid": "e75f9c0d-536f-4fc2-9d39-9999566e3086",
                            "network.2.access_network": "false",
                            "network.2.fixed_ip_v4": "172.16.11.4",
                            "network.2.fixed_ip_v6": "[fdc7:f376:6f1e:99d3:f816:3eff:fef4:dc22]",
                            "network.2.floating_ip": "",
                            "network.2.mac": "fa:16:3e:f4:dc:22",
                            "network.2.name": "service-net",
                            "network.2.port": "",
                            "network.2.uuid": "6afbda35-131b-445e-9038-2f418221182e",
                            "power_state": "active",
                            "region": "",
                            "security_groups.#": "1",
                            "security_groups.3814588639": "default",
                            "stop_before_destroy": "false",
                            "user_data": "50d4cde88754d47a9c862e05abbbbb45d8c69743"
                        },
                        "meta": {
                            "e2bfb730-ecaa-11e6-8f88-34363bc7c4c0": {
                                "create": 1800000000000,
                                "delete": 1800000000000,
                                "update": 1800000000000
                            }
                        },
                        "tainted": false
                    },
                    "deposed": [],
                    "provider": "provider.openstack"
                },
                "openstack_compute_instance_v2.instance_vm_nssf-ss04": {
                    "type": "openstack_compute_instance_v2",
                    "depends_on": [
                        "openstack_compute_flavor_v2.flavor_vm_nssf-ss04",
                        "openstack_networking_port_v2.port_vm_nssf-ss04"
                    ],
                    "primary": {
                        "id": "f702e7fe-f2fb-4043-b216-e7bfc44bff82",
                        "attributes": {
                            "access_ip_v4": "192.168.11.212",
                            "access_ip_v6": "[fd89:2922:fea2:cb89:f816:3eff:fe65:2a36]",
                            "all_metadata.%": "0",
                            "availability_zone": "server04",
                            "config_drive": "true",
                            "flavor_id": "02e9a7c4-1b6f-42ad-ac16-04ea283762d7",
                            "flavor_name": "nssf-ss04",
                            "force_delete": "false",
                            "id": "f702e7fe-f2fb-4043-b216-e7bfc44bff82",
                            "image_id": "4aae9086-15f1-45b1-9474-18200947eb62",
                            "image_name": "CentOS-7-x86_64-GenericCloud-1901",
                            "key_pair": "stack",
                            "name": "nssf-ss04",
                            "network.#": "3",
                            "network.0.access_network": "false",
                            "network.0.fixed_ip_v4": "192.168.11.212",
                            "network.0.fixed_ip_v6": "[fd89:2922:fea2:cb89:f816:3eff:fe65:2a36]",
                            "network.0.floating_ip": "",
                            "network.0.mac": "fa:16:3e:65:2a:36",
                            "network.0.name": "management-net",
                            "network.0.port": "ad12a76f-4b02-49c2-a1c9-b19cec2368f7",
                            "network.0.uuid": "c7eb055a-1941-4851-8525-b18ebad9f4f6",
                            "network.1.access_network": "false",
                            "network.1.fixed_ip_v4": "172.16.12.11",
                            "network.1.fixed_ip_v6": "[fd68:a4de:7e11:dc97:f816:3eff:fe9e:cde1]",
                            "network.1.floating_ip": "",
                            "network.1.mac": "fa:16:3e:9e:cd:e1",
                            "network.1.name": "database-net",
                            "network.1.port": "",
                            "network.1.uuid": "e75f9c0d-536f-4fc2-9d39-9999566e3086",
                            "network.2.access_network": "false",
                            "network.2.fixed_ip_v4": "172.16.11.10",
                            "network.2.fixed_ip_v6": "[fdc7:f376:6f1e:99d3:f816:3eff:fead:1806]",
                            "network.2.floating_ip": "",
                            "network.2.mac": "fa:16:3e:ad:18:06",
                            "network.2.name": "service-net",
                            "network.2.port": "",
                            "network.2.uuid": "6afbda35-131b-445e-9038-2f418221182e",
                            "power_state": "active",
                            "region": "",
                            "security_groups.#": "1",
                            "security_groups.3814588639": "default",
                            "stop_before_destroy": "false",
                            "user_data": "50d4cde88754d47a9c862e05abbbbb45d8c69743"
                        },
                        "meta": {
                            "e2bfb730-ecaa-11e6-8f88-34363bc7c4c0": {
                                "create": 1800000000000,
                                "delete": 1800000000000,
                                "update": 1800000000000
                            }
                        },
                        "tainted": false
                    },
                    "deposed": [],
                    "provider": "provider.openstack"
                },
                "openstack_compute_instance_v2.instance_vm_nssf-ss05": {
                    "type": "openstack_compute_instance_v2",
                    "depends_on": [
                        "openstack_compute_flavor_v2.flavor_vm_nssf-ss05",
                        "openstack_networking_port_v2.port_vm_nssf-ss05"
                    ],
                    "primary": {
                        "id": "a3c966ce-e4f3-4579-88bc-1b543b8d30dc",
                        "attributes": {
                            "access_ip_v4": "192.168.11.221",
                            "access_ip_v6": "[fd89:2922:fea2:cb89:f816:3eff:fe11:d9cb]",
                            "all_metadata.%": "0",
                            "availability_zone": "server03",
                            "config_drive": "true",
                            "flavor_id": "1610f63f-1aaa-4bc0-99a3-9d9a69ae22c1",
                            "flavor_name": "nssf-ss05",
                            "force_delete": "false",
                            "id": "a3c966ce-e4f3-4579-88bc-1b543b8d30dc",
                            "image_id": "4aae9086-15f1-45b1-9474-18200947eb62",
                            "image_name": "CentOS-7-x86_64-GenericCloud-1901",
                            "key_pair": "stack",
                            "name": "nssf-ss05",
                            "network.#": "3",
                            "network.0.access_network": "false",
                            "network.0.fixed_ip_v4": "192.168.11.221",
                            "network.0.fixed_ip_v6": "[fd89:2922:fea2:cb89:f816:3eff:fe11:d9cb]",
                            "network.0.floating_ip": "",
                            "network.0.mac": "fa:16:3e:11:d9:cb",
                            "network.0.name": "management-net",
                            "network.0.port": "8a76449d-8f21-459e-9773-fac7da838687",
                            "network.0.uuid": "c7eb055a-1941-4851-8525-b18ebad9f4f6",
                            "network.1.access_network": "false",
                            "network.1.fixed_ip_v4": "172.16.12.28",
                            "network.1.fixed_ip_v6": "[fd68:a4de:7e11:dc97:f816:3eff:fe8c:7089]",
                            "network.1.floating_ip": "",
                            "network.1.mac": "fa:16:3e:8c:70:89",
                            "network.1.name": "database-net",
                            "network.1.port": "",
                            "network.1.uuid": "e75f9c0d-536f-4fc2-9d39-9999566e3086",
                            "network.2.access_network": "false",
                            "network.2.fixed_ip_v4": "172.16.11.14",
                            "network.2.fixed_ip_v6": "[fdc7:f376:6f1e:99d3:f816:3eff:fea6:624c]",
                            "network.2.floating_ip": "",
                            "network.2.mac": "fa:16:3e:a6:62:4c",
                            "network.2.name": "service-net",
                            "network.2.port": "",
                            "network.2.uuid": "6afbda35-131b-445e-9038-2f418221182e",
                            "power_state": "active",
                            "region": "",
                            "security_groups.#": "1",
                            "security_groups.3814588639": "default",
                            "stop_before_destroy": "false",
                            "user_data": "50d4cde88754d47a9c862e05abbbbb45d8c69743"
                        },
                        "meta": {
                            "e2bfb730-ecaa-11e6-8f88-34363bc7c4c0": {
                                "create": 1800000000000,
                                "delete": 1800000000000,
                                "update": 1800000000000
                            }
                        },
                        "tainted": false
                    },
                    "deposed": [],
                    "provider": "provider.openstack"
                },
                "openstack_compute_instance_v2.instance_vm_nssf-ss06": {
                    "type": "openstack_compute_instance_v2",
                    "depends_on": [
                        "openstack_compute_flavor_v2.flavor_vm_nssf-ss06",
                        "openstack_networking_port_v2.port_vm_nssf-ss06"
                    ],
                    "primary": {
                        "id": "c9ce21d2-a854-48cd-b35d-16f8eaf0911f",
                        "attributes": {
                            "access_ip_v4": "192.168.11.222",
                            "access_ip_v6": "[fd89:2922:fea2:cb89:f816:3eff:fea8:c998]",
                            "all_metadata.%": "0",
                            "availability_zone": "server04",
                            "config_drive": "true",
                            "flavor_id": "ac1c0731-a32c-47cb-a37f-d1ac8d351d72",
                            "flavor_name": "nssf-ss06",
                            "force_delete": "false",
                            "id": "c9ce21d2-a854-48cd-b35d-16f8eaf0911f",
                            "image_id": "4aae9086-15f1-45b1-9474-18200947eb62",
                            "image_name": "CentOS-7-x86_64-GenericCloud-1901",
                            "key_pair": "stack",
                            "name": "nssf-ss06",
                            "network.#": "3",
                            "network.0.access_network": "false",
                            "network.0.fixed_ip_v4": "192.168.11.222",
                            "network.0.fixed_ip_v6": "[fd89:2922:fea2:cb89:f816:3eff:fea8:c998]",
                            "network.0.floating_ip": "",
                            "network.0.mac": "fa:16:3e:a8:c9:98",
                            "network.0.name": "management-net",
                            "network.0.port": "6af5db0d-492d-4620-bfdc-788d97fb1f2f",
                            "network.0.uuid": "c7eb055a-1941-4851-8525-b18ebad9f4f6",
                            "network.1.access_network": "false",
                            "network.1.fixed_ip_v4": "172.16.12.33",
                            "network.1.fixed_ip_v6": "[fd68:a4de:7e11:dc97:f816:3eff:fed8:c0c7]",
                            "network.1.floating_ip": "",
                            "network.1.mac": "fa:16:3e:d8:c0:c7",
                            "network.1.name": "database-net",
                            "network.1.port": "",
                            "network.1.uuid": "e75f9c0d-536f-4fc2-9d39-9999566e3086",
                            "network.2.access_network": "false",
                            "network.2.fixed_ip_v4": "172.16.11.3",
                            "network.2.fixed_ip_v6": "[fdc7:f376:6f1e:99d3:f816:3eff:fe4c:6d30]",
                            "network.2.floating_ip": "",
                            "network.2.mac": "fa:16:3e:4c:6d:30",
                            "network.2.name": "service-net",
                            "network.2.port": "",
                            "network.2.uuid": "6afbda35-131b-445e-9038-2f418221182e",
                            "power_state": "active",
                            "region": "",
                            "security_groups.#": "1",
                            "security_groups.3814588639": "default",
                            "stop_before_destroy": "false",
                            "user_data": "50d4cde88754d47a9c862e05abbbbb45d8c69743"
                        },
                        "meta": {
                            "e2bfb730-ecaa-11e6-8f88-34363bc7c4c0": {
                                "create": 1800000000000,
                                "delete": 1800000000000,
                                "update": 1800000000000
                            }
                        },
                        "tainted": false
                    },
                    "deposed": [],
                    "provider": "provider.openstack"
                },
                "openstack_compute_instance_v2.instance_vm_nssf-ss07": {
                    "type": "openstack_compute_instance_v2",
                    "depends_on": [
                        "openstack_compute_flavor_v2.flavor_vm_nssf-ss07",
                        "openstack_networking_port_v2.port_vm_nssf-ss07"
                    ],
                    "primary": {
                        "id": "df809ebd-24f6-4f11-bdda-b62e5f502edf",
                        "attributes": {
                            "access_ip_v4": "192.168.11.219",
                            "access_ip_v6": "[fd89:2922:fea2:cb89:f816:3eff:fe98:434b]",
                            "all_metadata.%": "0",
                            "availability_zone": "server03",
                            "config_drive": "true",
                            "flavor_id": "017eac5a-d48c-4d15-a8e8-44d0f42e13f0",
                            "flavor_name": "nssf-ss07",
                            "force_delete": "false",
                            "id": "df809ebd-24f6-4f11-bdda-b62e5f502edf",
                            "image_id": "4aae9086-15f1-45b1-9474-18200947eb62",
                            "image_name": "CentOS-7-x86_64-GenericCloud-1901",
                            "key_pair": "stack",
                            "name": "nssf-ss07",
                            "network.#": "3",
                            "network.0.access_network": "false",
                            "network.0.fixed_ip_v4": "192.168.11.219",
                            "network.0.fixed_ip_v6": "[fd89:2922:fea2:cb89:f816:3eff:fe98:434b]",
                            "network.0.floating_ip": "",
                            "network.0.mac": "fa:16:3e:98:43:4b",
                            "network.0.name": "management-net",
                            "network.0.port": "103dee9e-a78c-483d-8df5-b1244feee00d",
                            "network.0.uuid": "c7eb055a-1941-4851-8525-b18ebad9f4f6",
                            "network.1.access_network": "false",
                            "network.1.fixed_ip_v4": "172.16.12.20",
                            "network.1.fixed_ip_v6": "[fd68:a4de:7e11:dc97:f816:3eff:fe74:fc3e]",
                            "network.1.floating_ip": "",
                            "network.1.mac": "fa:16:3e:74:fc:3e",
                            "network.1.name": "database-net",
                            "network.1.port": "",
                            "network.1.uuid": "e75f9c0d-536f-4fc2-9d39-9999566e3086",
                            "network.2.access_network": "false",
                            "network.2.fixed_ip_v4": "172.16.11.13",
                            "network.2.fixed_ip_v6": "[fdc7:f376:6f1e:99d3:f816:3eff:fe6a:f457]",
                            "network.2.floating_ip": "",
                            "network.2.mac": "fa:16:3e:6a:f4:57",
                            "network.2.name": "service-net",
                            "network.2.port": "",
                            "network.2.uuid": "6afbda35-131b-445e-9038-2f418221182e",
                            "power_state": "active",
                            "region": "",
                            "security_groups.#": "1",
                            "security_groups.3814588639": "default",
                            "stop_before_destroy": "false",
                            "user_data": "50d4cde88754d47a9c862e05abbbbb45d8c69743"
                        },
                        "meta": {
                            "e2bfb730-ecaa-11e6-8f88-34363bc7c4c0": {
                                "create": 1800000000000,
                                "delete": 1800000000000,
                                "update": 1800000000000
                            }
                        },
                        "tainted": false
                    },
                    "deposed": [],
                    "provider": "provider.openstack"
                },
                "openstack_compute_instance_v2.instance_vm_nssf-ss08": {
                    "type": "openstack_compute_instance_v2",
                    "depends_on": [
                        "openstack_compute_flavor_v2.flavor_vm_nssf-ss08",
                        "openstack_networking_port_v2.port_vm_nssf-ss08"
                    ],
                    "primary": {
                        "id": "1492f5fa-ebb1-4758-96ae-ce3f422f1f37",
                        "attributes": {
                            "access_ip_v4": "192.168.11.220",
                            "access_ip_v6": "[fd89:2922:fea2:cb89:f816:3eff:fe20:524a]",
                            "all_metadata.%": "0",
                            "availability_zone": "server04",
                            "config_drive": "true",
                            "flavor_id": "5c6cc2bd-f8f9-473a-b1fd-a5d4e84cdbdd",
                            "flavor_name": "nssf-ss08",
                            "force_delete": "false",
                            "id": "1492f5fa-ebb1-4758-96ae-ce3f422f1f37",
                            "image_id": "4aae9086-15f1-45b1-9474-18200947eb62",
                            "image_name": "CentOS-7-x86_64-GenericCloud-1901",
                            "key_pair": "stack",
                            "name": "nssf-ss08",
                            "network.#": "3",
                            "network.0.access_network": "false",
                            "network.0.fixed_ip_v4": "192.168.11.220",
                            "network.0.fixed_ip_v6": "[fd89:2922:fea2:cb89:f816:3eff:fe20:524a]",
                            "network.0.floating_ip": "",
                            "network.0.mac": "fa:16:3e:20:52:4a",
                            "network.0.name": "management-net",
                            "network.0.port": "862c7a9f-204a-4819-baba-09d3bb038545",
                            "network.0.uuid": "c7eb055a-1941-4851-8525-b18ebad9f4f6",
                            "network.1.access_network": "false",
                            "network.1.fixed_ip_v4": "172.16.12.12",
                            "network.1.fixed_ip_v6": "[fd68:a4de:7e11:dc97:f816:3eff:fe83:c187]",
                            "network.1.floating_ip": "",
                            "network.1.mac": "fa:16:3e:83:c1:87",
                            "network.1.name": "database-net",
                            "network.1.port": "",
                            "network.1.uuid": "e75f9c0d-536f-4fc2-9d39-9999566e3086",
                            "network.2.access_network": "false",
                            "network.2.fixed_ip_v4": "172.16.11.25",
                            "network.2.fixed_ip_v6": "[fdc7:f376:6f1e:99d3:f816:3eff:fead:7177]",
                            "network.2.floating_ip": "",
                            "network.2.mac": "fa:16:3e:ad:71:77",
                            "network.2.name": "service-net",
                            "network.2.port": "",
                            "network.2.uuid": "6afbda35-131b-445e-9038-2f418221182e",
                            "power_state": "active",
                            "region": "",
                            "security_groups.#": "1",
                            "security_groups.3814588639": "default",
                            "stop_before_destroy": "false",
                            "user_data": "50d4cde88754d47a9c862e05abbbbb45d8c69743"
                        },
                        "meta": {
                            "e2bfb730-ecaa-11e6-8f88-34363bc7c4c0": {
                                "create": 1800000000000,
                                "delete": 1800000000000,
                                "update": 1800000000000
                            }
                        },
                        "tainted": false
                    },
                    "deposed": [],
                    "provider": "provider.openstack"
                },
                "openstack_compute_instance_v2.instance_vm_nssf-ss09": {
                    "type": "openstack_compute_instance_v2",
                    "depends_on": [
                        "openstack_compute_flavor_v2.flavor_vm_nssf-ss09",
                        "openstack_networking_port_v2.port_vm_nssf-ss09"
                    ],
                    "primary": {
                        "id": "99007599-c1db-4888-8dea-3d76a2d10bf5",
                        "attributes": {
                            "access_ip_v4": "192.168.11.223",
                            "access_ip_v6": "[fd89:2922:fea2:cb89:f816:3eff:fea4:1609]",
                            "all_metadata.%": "0",
                            "availability_zone": "server03",
                            "config_drive": "true",
                            "flavor_id": "9657a0a2-e95c-4b88-b39a-4d4edd863e88",
                            "flavor_name": "nssf-ss09",
                            "force_delete": "false",
                            "id": "99007599-c1db-4888-8dea-3d76a2d10bf5",
                            "image_id": "4aae9086-15f1-45b1-9474-18200947eb62",
                            "image_name": "CentOS-7-x86_64-GenericCloud-1901",
                            "key_pair": "stack",
                            "name": "nssf-ss09",
                            "network.#": "3",
                            "network.0.access_network": "false",
                            "network.0.fixed_ip_v4": "192.168.11.223",
                            "network.0.fixed_ip_v6": "[fd89:2922:fea2:cb89:f816:3eff:fea4:1609]",
                            "network.0.floating_ip": "",
                            "network.0.mac": "fa:16:3e:a4:16:09",
                            "network.0.name": "management-net",
                            "network.0.port": "c506f6d9-2f31-4c3d-8f19-e695f64c709c",
                            "network.0.uuid": "c7eb055a-1941-4851-8525-b18ebad9f4f6",
                            "network.1.access_network": "false",
                            "network.1.fixed_ip_v4": "172.16.12.16",
                            "network.1.fixed_ip_v6": "[fd68:a4de:7e11:dc97:f816:3eff:fe6f:6ef0]",
                            "network.1.floating_ip": "",
                            "network.1.mac": "fa:16:3e:6f:6e:f0",
                            "network.1.name": "database-net",
                            "network.1.port": "",
                            "network.1.uuid": "e75f9c0d-536f-4fc2-9d39-9999566e3086",
                            "network.2.access_network": "false",
                            "network.2.fixed_ip_v4": "172.16.11.19",
                            "network.2.fixed_ip_v6": "[fdc7:f376:6f1e:99d3:f816:3eff:fee0:aa63]",
                            "network.2.floating_ip": "",
                            "network.2.mac": "fa:16:3e:e0:aa:63",
                            "network.2.name": "service-net",
                            "network.2.port": "",
                            "network.2.uuid": "6afbda35-131b-445e-9038-2f418221182e",
                            "power_state": "active",
                            "region": "",
                            "security_groups.#": "1",
                            "security_groups.3814588639": "default",
                            "stop_before_destroy": "false",
                            "user_data": "50d4cde88754d47a9c862e05abbbbb45d8c69743"
                        },
                        "meta": {
                            "e2bfb730-ecaa-11e6-8f88-34363bc7c4c0": {
                                "create": 1800000000000,
                                "delete": 1800000000000,
                                "update": 1800000000000
                            }
                        },
                        "tainted": false
                    },
                    "deposed": [],
                    "provider": "provider.openstack"
                },
                "openstack_compute_instance_v2.instance_vm_nssf-ss10": {
                    "type": "openstack_compute_instance_v2",
                    "depends_on": [
                        "openstack_compute_flavor_v2.flavor_vm_nssf-ss10",
                        "openstack_networking_port_v2.port_vm_nssf-ss10"
                    ],
                    "primary": {
                        "id": "00f30a8b-3897-4347-a277-396bba91d388",
                        "attributes": {
                            "access_ip_v4": "192.168.11.224",
                            "access_ip_v6": "[fd89:2922:fea2:cb89:f816:3eff:fe67:959b]",
                            "all_metadata.%": "0",
                            "availability_zone": "server04",
                            "config_drive": "true",
                            "flavor_id": "75d66a2a-b122-47e1-aef8-20c7f2cc8f64",
                            "flavor_name": "nssf-ss10",
                            "force_delete": "false",
                            "id": "00f30a8b-3897-4347-a277-396bba91d388",
                            "image_id": "4aae9086-15f1-45b1-9474-18200947eb62",
                            "image_name": "CentOS-7-x86_64-GenericCloud-1901",
                            "key_pair": "stack",
                            "name": "nssf-ss10",
                            "network.#": "3",
                            "network.0.access_network": "false",
                            "network.0.fixed_ip_v4": "192.168.11.224",
                            "network.0.fixed_ip_v6": "[fd89:2922:fea2:cb89:f816:3eff:fe67:959b]",
                            "network.0.floating_ip": "",
                            "network.0.mac": "fa:16:3e:67:95:9b",
                            "network.0.name": "management-net",
                            "network.0.port": "5473db4c-41c8-4d16-b6af-7c99c4fad927",
                            "network.0.uuid": "c7eb055a-1941-4851-8525-b18ebad9f4f6",
                            "network.1.access_network": "false",
                            "network.1.fixed_ip_v4": "172.16.12.40",
                            "network.1.fixed_ip_v6": "[fd68:a4de:7e11:dc97:f816:3eff:feee:b2e9]",
                            "network.1.floating_ip": "",
                            "network.1.mac": "fa:16:3e:ee:b2:e9",
                            "network.1.name": "database-net",
                            "network.1.port": "",
                            "network.1.uuid": "e75f9c0d-536f-4fc2-9d39-9999566e3086",
                            "network.2.access_network": "false",
                            "network.2.fixed_ip_v4": "172.16.11.11",
                            "network.2.fixed_ip_v6": "[fdc7:f376:6f1e:99d3:f816:3eff:feee:2f3d]",
                            "network.2.floating_ip": "",
                            "network.2.mac": "fa:16:3e:ee:2f:3d",
                            "network.2.name": "service-net",
                            "network.2.port": "",
                            "network.2.uuid": "6afbda35-131b-445e-9038-2f418221182e",
                            "power_state": "active",
                            "region": "",
                            "security_groups.#": "1",
                            "security_groups.3814588639": "default",
                            "stop_before_destroy": "false",
                            "user_data": "50d4cde88754d47a9c862e05abbbbb45d8c69743"
                        },
                        "meta": {
                            "e2bfb730-ecaa-11e6-8f88-34363bc7c4c0": {
                                "create": 1800000000000,
                                "delete": 1800000000000,
                                "update": 1800000000000
                            }
                        },
                        "tainted": false
                    },
                    "deposed": [],
                    "provider": "provider.openstack"
                },
                "openstack_compute_instance_v2.instance_vm_nssf-ss11": {
                    "type": "openstack_compute_instance_v2",
                    "depends_on": [
                        "openstack_compute_flavor_v2.flavor_vm_nssf-ss11",
                        "openstack_networking_port_v2.port_vm_nssf-ss11"
                    ],
                    "primary": {
                        "id": "aa38c46d-a611-4209-ab21-e9402b7cb8f6",
                        "attributes": {
                            "access_ip_v4": "192.168.11.226",
                            "access_ip_v6": "[fd89:2922:fea2:cb89:f816:3eff:feb2:387a]",
                            "all_metadata.%": "0",
                            "availability_zone": "server03",
                            "config_drive": "true",
                            "flavor_id": "fdf5c839-a7a1-4484-8345-ac8310944429",
                            "flavor_name": "nssf-ss11",
                            "force_delete": "false",
                            "id": "aa38c46d-a611-4209-ab21-e9402b7cb8f6",
                            "image_id": "4aae9086-15f1-45b1-9474-18200947eb62",
                            "image_name": "CentOS-7-x86_64-GenericCloud-1901",
                            "key_pair": "stack",
                            "name": "nssf-ss11",
                            "network.#": "3",
                            "network.0.access_network": "false",
                            "network.0.fixed_ip_v4": "192.168.11.226",
                            "network.0.fixed_ip_v6": "[fd89:2922:fea2:cb89:f816:3eff:feb2:387a]",
                            "network.0.floating_ip": "",
                            "network.0.mac": "fa:16:3e:b2:38:7a",
                            "network.0.name": "management-net",
                            "network.0.port": "4e773eca-7ef1-4ba5-a191-d8e5e1274737",
                            "network.0.uuid": "c7eb055a-1941-4851-8525-b18ebad9f4f6",
                            "network.1.access_network": "false",
                            "network.1.fixed_ip_v4": "172.16.12.14",
                            "network.1.fixed_ip_v6": "[fd68:a4de:7e11:dc97:f816:3eff:fe1f:4812]",
                            "network.1.floating_ip": "",
                            "network.1.mac": "fa:16:3e:1f:48:12",
                            "network.1.name": "database-net",
                            "network.1.port": "",
                            "network.1.uuid": "e75f9c0d-536f-4fc2-9d39-9999566e3086",
                            "network.2.access_network": "false",
                            "network.2.fixed_ip_v4": "172.16.11.12",
                            "network.2.fixed_ip_v6": "[fdc7:f376:6f1e:99d3:f816:3eff:fe15:9219]",
                            "network.2.floating_ip": "",
                            "network.2.mac": "fa:16:3e:15:92:19",
                            "network.2.name": "service-net",
                            "network.2.port": "",
                            "network.2.uuid": "6afbda35-131b-445e-9038-2f418221182e",
                            "power_state": "active",
                            "region": "",
                            "security_groups.#": "1",
                            "security_groups.3814588639": "default",
                            "stop_before_destroy": "false",
                            "user_data": "50d4cde88754d47a9c862e05abbbbb45d8c69743"
                        },
                        "meta": {
                            "e2bfb730-ecaa-11e6-8f88-34363bc7c4c0": {
                                "create": 1800000000000,
                                "delete": 1800000000000,
                                "update": 1800000000000
                            }
                        },
                        "tainted": false
                    },
                    "deposed": [],
                    "provider": "provider.openstack"
                },
                "openstack_compute_instance_v2.instance_vm_nssf-ss12": {
                    "type": "openstack_compute_instance_v2",
                    "depends_on": [
                        "openstack_compute_flavor_v2.flavor_vm_nssf-ss12",
                        "openstack_networking_port_v2.port_vm_nssf-ss12"
                    ],
                    "primary": {
                        "id": "e7ad583d-2bf9-4202-966e-67780a7deb58",
                        "attributes": {
                            "access_ip_v4": "192.168.11.228",
                            "access_ip_v6": "[fd89:2922:fea2:cb89:f816:3eff:fecd:9b33]",
                            "all_metadata.%": "0",
                            "availability_zone": "server04",
                            "config_drive": "true",
                            "flavor_id": "b60bce10-c4b7-45c1-bcde-1c33293ecdfa",
                            "flavor_name": "nssf-ss12",
                            "force_delete": "false",
                            "id": "e7ad583d-2bf9-4202-966e-67780a7deb58",
                            "image_id": "4aae9086-15f1-45b1-9474-18200947eb62",
                            "image_name": "CentOS-7-x86_64-GenericCloud-1901",
                            "key_pair": "stack",
                            "name": "nssf-ss12",
                            "network.#": "3",
                            "network.0.access_network": "false",
                            "network.0.fixed_ip_v4": "192.168.11.228",
                            "network.0.fixed_ip_v6": "[fd89:2922:fea2:cb89:f816:3eff:fecd:9b33]",
                            "network.0.floating_ip": "",
                            "network.0.mac": "fa:16:3e:cd:9b:33",
                            "network.0.name": "management-net",
                            "network.0.port": "8a1c1e42-8d03-41f1-bf42-b4b5bd63234a",
                            "network.0.uuid": "c7eb055a-1941-4851-8525-b18ebad9f4f6",
                            "network.1.access_network": "false",
                            "network.1.fixed_ip_v4": "172.16.12.31",
                            "network.1.fixed_ip_v6": "[fd68:a4de:7e11:dc97:f816:3eff:feba:6ab7]",
                            "network.1.floating_ip": "",
                            "network.1.mac": "fa:16:3e:ba:6a:b7",
                            "network.1.name": "database-net",
                            "network.1.port": "",
                            "network.1.uuid": "e75f9c0d-536f-4fc2-9d39-9999566e3086",
                            "network.2.access_network": "false",
                            "network.2.fixed_ip_v4": "172.16.11.6",
                            "network.2.fixed_ip_v6": "[fdc7:f376:6f1e:99d3:f816:3eff:feec:dc0e]",
                            "network.2.floating_ip": "",
                            "network.2.mac": "fa:16:3e:ec:dc:0e",
                            "network.2.name": "service-net",
                            "network.2.port": "",
                            "network.2.uuid": "6afbda35-131b-445e-9038-2f418221182e",
                            "power_state": "active",
                            "region": "",
                            "security_groups.#": "1",
                            "security_groups.3814588639": "default",
                            "stop_before_destroy": "false",
                            "user_data": "50d4cde88754d47a9c862e05abbbbb45d8c69743"
                        },
                        "meta": {
                            "e2bfb730-ecaa-11e6-8f88-34363bc7c4c0": {
                                "create": 1800000000000,
                                "delete": 1800000000000,
                                "update": 1800000000000
                            }
                        },
                        "tainted": false
                    },
                    "deposed": [],
                    "provider": "provider.openstack"
                },
                "openstack_compute_instance_v2.instance_vm_sim1": {
                    "type": "openstack_compute_instance_v2",
                    "depends_on": [
                        "openstack_compute_flavor_v2.flavor_vm_sim1",
                        "openstack_networking_port_v2.port_vm_sim1"
                    ],
                    "primary": {
                        "id": "881d3aa1-ff13-42d8-9751-010d43575a63",
                        "attributes": {
                            "access_ip_v4": "192.168.11.235",
                            "access_ip_v6": "[fd89:2922:fea2:cb89:f816:3eff:feeb:b838]",
                            "all_metadata.%": "0",
                            "availability_zone": "nova",
                            "config_drive": "true",
                            "flavor_id": "439e021f-f89c-4ce5-9124-1094bf11556a",
                            "flavor_name": "sim1",
                            "force_delete": "false",
                            "id": "881d3aa1-ff13-42d8-9751-010d43575a63",
                            "image_id": "4aae9086-15f1-45b1-9474-18200947eb62",
                            "image_name": "CentOS-7-x86_64-GenericCloud-1901",
                            "key_pair": "stack",
                            "name": "sim1",
                            "network.#": "3",
                            "network.0.access_network": "false",
                            "network.0.fixed_ip_v4": "192.168.11.235",
                            "network.0.fixed_ip_v6": "[fd89:2922:fea2:cb89:f816:3eff:feeb:b838]",
                            "network.0.floating_ip": "",
                            "network.0.mac": "fa:16:3e:eb:b8:38",
                            "network.0.name": "management-net",
                            "network.0.port": "f75fd6cf-db30-4a81-ba80-eb91b07b158f",
                            "network.0.uuid": "c7eb055a-1941-4851-8525-b18ebad9f4f6",
                            "network.1.access_network": "false",
                            "network.1.fixed_ip_v4": "172.16.12.2",
                            "network.1.fixed_ip_v6": "[fd68:a4de:7e11:dc97:f816:3eff:fe69:53cc]",
                            "network.1.floating_ip": "",
                            "network.1.mac": "fa:16:3e:69:53:cc",
                            "network.1.name": "database-net",
                            "network.1.port": "",
                            "network.1.uuid": "e75f9c0d-536f-4fc2-9d39-9999566e3086",
                            "network.2.access_network": "false",
                            "network.2.fixed_ip_v4": "172.16.11.21",
                            "network.2.fixed_ip_v6": "[fdc7:f376:6f1e:99d3:f816:3eff:fe31:1c37]",
                            "network.2.floating_ip": "",
                            "network.2.mac": "fa:16:3e:31:1c:37",
                            "network.2.name": "service-net",
                            "network.2.port": "",
                            "network.2.uuid": "6afbda35-131b-445e-9038-2f418221182e",
                            "power_state": "active",
                            "region": "",
                            "security_groups.#": "1",
                            "security_groups.3814588639": "default",
                            "stop_before_destroy": "false",
                            "user_data": "50d4cde88754d47a9c862e05abbbbb45d8c69743"
                        },
                        "meta": {
                            "e2bfb730-ecaa-11e6-8f88-34363bc7c4c0": {
                                "create": 1800000000000,
                                "delete": 1800000000000,
                                "update": 1800000000000
                            }
                        },
                        "tainted": false
                    },
                    "deposed": [],
                    "provider": "provider.openstack"
                },
                "openstack_compute_instance_v2.instance_vm_sim2": {
                    "type": "openstack_compute_instance_v2",
                    "depends_on": [
                        "openstack_compute_flavor_v2.flavor_vm_sim2",
                        "openstack_networking_port_v2.port_vm_sim2"
                    ],
                    "primary": {
                        "id": "6b90138d-854f-4806-8f20-f54116b2b233",
                        "attributes": {
                            "access_ip_v4": "192.168.11.237",
                            "access_ip_v6": "[fd89:2922:fea2:cb89:f816:3eff:fee8:a37]",
                            "all_metadata.%": "0",
                            "availability_zone": "nova",
                            "config_drive": "true",
                            "flavor_id": "b71220e6-725c-413b-abb2-40b158f05823",
                            "flavor_name": "sim2",
                            "force_delete": "false",
                            "id": "6b90138d-854f-4806-8f20-f54116b2b233",
                            "image_id": "4aae9086-15f1-45b1-9474-18200947eb62",
                            "image_name": "CentOS-7-x86_64-GenericCloud-1901",
                            "key_pair": "stack",
                            "name": "sim2",
                            "network.#": "3",
                            "network.0.access_network": "false",
                            "network.0.fixed_ip_v4": "192.168.11.237",
                            "network.0.fixed_ip_v6": "[fd89:2922:fea2:cb89:f816:3eff:fee8:a37]",
                            "network.0.floating_ip": "",
                            "network.0.mac": "fa:16:3e:e8:0a:37",
                            "network.0.name": "management-net",
                            "network.0.port": "11a24d8b-104f-4164-80db-d33536a41d4c",
                            "network.0.uuid": "c7eb055a-1941-4851-8525-b18ebad9f4f6",
                            "network.1.access_network": "false",
                            "network.1.fixed_ip_v4": "172.16.12.29",
                            "network.1.fixed_ip_v6": "[fd68:a4de:7e11:dc97:f816:3eff:fe06:c6f5]",
                            "network.1.floating_ip": "",
                            "network.1.mac": "fa:16:3e:06:c6:f5",
                            "network.1.name": "database-net",
                            "network.1.port": "",
                            "network.1.uuid": "e75f9c0d-536f-4fc2-9d39-9999566e3086",
                            "network.2.access_network": "false",
                            "network.2.fixed_ip_v4": "172.16.11.22",
                            "network.2.fixed_ip_v6": "[fdc7:f376:6f1e:99d3:f816:3eff:fe26:48ee]",
                            "network.2.floating_ip": "",
                            "network.2.mac": "fa:16:3e:26:48:ee",
                            "network.2.name": "service-net",
                            "network.2.port": "",
                            "network.2.uuid": "6afbda35-131b-445e-9038-2f418221182e",
                            "power_state": "active",
                            "region": "",
                            "security_groups.#": "1",
                            "security_groups.3814588639": "default",
                            "stop_before_destroy": "false",
                            "user_data": "50d4cde88754d47a9c862e05abbbbb45d8c69743"
                        },
                        "meta": {
                            "e2bfb730-ecaa-11e6-8f88-34363bc7c4c0": {
                                "create": 1800000000000,
                                "delete": 1800000000000,
                                "update": 1800000000000
                            }
                        },
                        "tainted": false
                    },
                    "deposed": [],
                    "provider": "provider.openstack"
                },
                "openstack_compute_instance_v2.instance_vm_ss-base": {
                    "type": "openstack_compute_instance_v2",
                    "depends_on": [
                        "openstack_compute_flavor_v2.flavor_vm_ss-base",
                        "openstack_networking_port_v2.port_vm_ss-base"
                    ],
                    "primary": {
                        "id": "4c8732da-00c5-4fd3-a19c-a1d517f13673",
                        "attributes": {
                            "access_ip_v4": "192.168.11.231",
                            "access_ip_v6": "[fd89:2922:fea2:cb89:f816:3eff:fe6d:bf31]",
                            "all_metadata.%": "0",
                            "availability_zone": "nova",
                            "config_drive": "true",
                            "flavor_id": "ab526ed3-d2f9-4119-95e4-e8f8cfe97e00",
                            "flavor_name": "ss-base",
                            "force_delete": "false",
                            "id": "4c8732da-00c5-4fd3-a19c-a1d517f13673",
                            "image_id": "4dab387d-236f-4138-9b2e-01e394c8c7b0",
                            "image_name": "COMMON_BASE",
                            "key_pair": "stack",
                            "name": "ss-base",
                            "network.#": "1",
                            "network.0.access_network": "false",
                            "network.0.fixed_ip_v4": "192.168.11.231",
                            "network.0.fixed_ip_v6": "[fd89:2922:fea2:cb89:f816:3eff:fe6d:bf31]",
                            "network.0.floating_ip": "",
                            "network.0.mac": "fa:16:3e:6d:bf:31",
                            "network.0.name": "management-net",
                            "network.0.port": "b7654a44-51f6-4f4f-8ca8-4bceeec2845d",
                            "network.0.uuid": "c7eb055a-1941-4851-8525-b18ebad9f4f6",
                            "power_state": "active",
                            "region": "",
                            "security_groups.#": "1",
                            "security_groups.3814588639": "default",
                            "stop_before_destroy": "false",
                            "user_data": "50d4cde88754d47a9c862e05abbbbb45d8c69743"
                        },
                        "meta": {
                            "e2bfb730-ecaa-11e6-8f88-34363bc7c4c0": {
                                "create": 1800000000000,
                                "delete": 1800000000000,
                                "update": 1800000000000
                            }
                        },
                        "tainted": false
                    },
                    "deposed": [],
                    "provider": "provider.openstack"
                },
                "openstack_networking_port_v2.port_ems01": {
                    "type": "openstack_networking_port_v2",
                    "depends_on": [],
                    "primary": {
                        "id": "2a19a2c6-3205-412c-a283-9de08b0b6eb7",
                        "attributes": {
                            "admin_state_up": "true",
                            "all_fixed_ips.#": "2",
                            "all_fixed_ips.0": "192.168.11.233",
                            "all_fixed_ips.1": "fd89:2922:fea2:cb89:f816:3eff:fed8:dd8",
                            "all_security_group_ids.#": "1",
                            "all_security_group_ids.829744617": "83e682f6-7b36-4700-a0df-6bbf30ac55bb",
                            "all_tags.#": "0",
                            "allowed_address_pairs.#": "0",
                            "binding.#": "1",
                            "binding.0.host_id": "nssf-os-compute01",
                            "binding.0.profile": "{}",
                            "binding.0.vif_details.%": "3",
                            "binding.0.vif_details.datapath_type": "system",
                            "binding.0.vif_details.ovs_hybrid_plug": "false",
                            "binding.0.vif_details.port_filter": "true",
                            "binding.0.vif_type": "ovs",
                            "binding.0.vnic_type": "normal",
                            "description": "",
                            "device_id": "f40cdc48-ee73-411e-b383-7f5d42027122",
                            "device_owner": "compute:server01",
                            "dns_assignment.#": "0",
                            "dns_name": "",
                            "extra_dhcp_option.#": "0",
                            "fixed_ip.#": "1",
                            "fixed_ip.0.ip_address": "192.168.11.233",
                            "fixed_ip.0.subnet_id": "4b0fe31a-3e75-469c-add5-8d4b61bdfa18",
                            "id": "2a19a2c6-3205-412c-a283-9de08b0b6eb7",
                            "mac_address": "fa:16:3e:d8:0d:d8",
                            "name": "ems01",
                            "network_id": "c7eb055a-1941-4851-8525-b18ebad9f4f6",
                            "port_security_enabled": "true",
                            "region": "",
                            "tags.#": "0",
                            "tenant_id": "85623a4311404f7185a08f5b743c8fc2"
                        },
                        "meta": {
                            "e2bfb730-ecaa-11e6-8f88-34363bc7c4c0": {
                                "create": 600000000000,
                                "delete": 600000000000
                            }
                        },
                        "tainted": false
                    },
                    "deposed": [],
                    "provider": "provider.openstack"
                },
                "openstack_networking_port_v2.port_vm_ap-base": {
                    "type": "openstack_networking_port_v2",
                    "depends_on": [],
                    "primary": {
                        "id": "fe17c134-2a24-4f8b-8820-055ded21f5cf",
                        "attributes": {
                            "admin_state_up": "true",
                            "all_fixed_ips.#": "2",
                            "all_fixed_ips.0": "192.168.11.238",
                            "all_fixed_ips.1": "fd89:2922:fea2:cb89:f816:3eff:febb:af14",
                            "all_security_group_ids.#": "1",
                            "all_security_group_ids.829744617": "83e682f6-7b36-4700-a0df-6bbf30ac55bb",
                            "all_tags.#": "0",
                            "allowed_address_pairs.#": "0",
                            "binding.#": "1",
                            "binding.0.host_id": "nssf-os-controller01",
                            "binding.0.profile": "{}",
                            "binding.0.vif_details.%": "3",
                            "binding.0.vif_details.datapath_type": "system",
                            "binding.0.vif_details.ovs_hybrid_plug": "false",
                            "binding.0.vif_details.port_filter": "true",
                            "binding.0.vif_type": "ovs",
                            "binding.0.vnic_type": "normal",
                            "description": "",
                            "device_id": "bdc90d90-9907-43fd-8a93-3c8d74656af1",
                            "device_owner": "compute:nova",
                            "dns_assignment.#": "0",
                            "dns_name": "",
                            "extra_dhcp_option.#": "0",
                            "fixed_ip.#": "1",
                            "fixed_ip.0.ip_address": "192.168.11.238",
                            "fixed_ip.0.subnet_id": "4b0fe31a-3e75-469c-add5-8d4b61bdfa18",
                            "id": "fe17c134-2a24-4f8b-8820-055ded21f5cf",
                            "mac_address": "fa:16:3e:bb:af:14",
                            "name": "ap-base",
                            "network_id": "c7eb055a-1941-4851-8525-b18ebad9f4f6",
                            "port_security_enabled": "true",
                            "region": "",
                            "tags.#": "0",
                            "tenant_id": "85623a4311404f7185a08f5b743c8fc2"
                        },
                        "meta": {
                            "e2bfb730-ecaa-11e6-8f88-34363bc7c4c0": {
                                "create": 600000000000,
                                "delete": 600000000000
                            }
                        },
                        "tainted": false
                    },
                    "deposed": [],
                    "provider": "provider.openstack"
                },
                "openstack_networking_port_v2.port_vm_db-base": {
                    "type": "openstack_networking_port_v2",
                    "depends_on": [],
                    "primary": {
                        "id": "553a274c-6f10-4d05-acfe-2d9914fca41d",
                        "attributes": {
                            "admin_state_up": "true",
                            "all_fixed_ips.#": "2",
                            "all_fixed_ips.0": "192.168.11.234",
                            "all_fixed_ips.1": "fd89:2922:fea2:cb89:f816:3eff:fe2d:e2ba",
                            "all_security_group_ids.#": "1",
                            "all_security_group_ids.829744617": "83e682f6-7b36-4700-a0df-6bbf30ac55bb",
                            "all_tags.#": "0",
                            "allowed_address_pairs.#": "0",
                            "binding.#": "1",
                            "binding.0.host_id": "nssf-os-controller01",
                            "binding.0.profile": "{}",
                            "binding.0.vif_details.%": "3",
                            "binding.0.vif_details.datapath_type": "system",
                            "binding.0.vif_details.ovs_hybrid_plug": "false",
                            "binding.0.vif_details.port_filter": "true",
                            "binding.0.vif_type": "ovs",
                            "binding.0.vnic_type": "normal",
                            "description": "",
                            "device_id": "387264bb-00e7-4bc8-bbcd-cd6be130c3b5",
                            "device_owner": "compute:nova",
                            "dns_assignment.#": "0",
                            "dns_name": "",
                            "extra_dhcp_option.#": "0",
                            "fixed_ip.#": "1",
                            "fixed_ip.0.ip_address": "192.168.11.234",
                            "fixed_ip.0.subnet_id": "4b0fe31a-3e75-469c-add5-8d4b61bdfa18",
                            "id": "553a274c-6f10-4d05-acfe-2d9914fca41d",
                            "mac_address": "fa:16:3e:2d:e2:ba",
                            "name": "db-base",
                            "network_id": "c7eb055a-1941-4851-8525-b18ebad9f4f6",
                            "port_security_enabled": "true",
                            "region": "",
                            "tags.#": "0",
                            "tenant_id": "85623a4311404f7185a08f5b743c8fc2"
                        },
                        "meta": {
                            "e2bfb730-ecaa-11e6-8f88-34363bc7c4c0": {
                                "create": 600000000000,
                                "delete": 600000000000
                            }
                        },
                        "tainted": false
                    },
                    "deposed": [],
                    "provider": "provider.openstack"
                },
                "openstack_networking_port_v2.port_vm_lb-base": {
                    "type": "openstack_networking_port_v2",
                    "depends_on": [],
                    "primary": {
                        "id": "46cec5fd-daa7-426b-ad06-4adaf31e56b3",
                        "attributes": {
                            "admin_state_up": "true",
                            "all_fixed_ips.#": "2",
                            "all_fixed_ips.0": "192.168.11.232",
                            "all_fixed_ips.1": "fd89:2922:fea2:cb89:f816:3eff:fefa:ed9e",
                            "all_security_group_ids.#": "1",
                            "all_security_group_ids.829744617": "83e682f6-7b36-4700-a0df-6bbf30ac55bb",
                            "all_tags.#": "0",
                            "allowed_address_pairs.#": "0",
                            "binding.#": "1",
                            "binding.0.host_id": "nssf-os-controller01",
                            "binding.0.profile": "{}",
                            "binding.0.vif_details.%": "3",
                            "binding.0.vif_details.datapath_type": "system",
                            "binding.0.vif_details.ovs_hybrid_plug": "false",
                            "binding.0.vif_details.port_filter": "true",
                            "binding.0.vif_type": "ovs",
                            "binding.0.vnic_type": "normal",
                            "description": "",
                            "device_id": "a400ea28-fb53-4b52-88a5-03102e8d1b25",
                            "device_owner": "compute:nova",
                            "dns_assignment.#": "0",
                            "dns_name": "",
                            "extra_dhcp_option.#": "0",
                            "fixed_ip.#": "1",
                            "fixed_ip.0.ip_address": "192.168.11.232",
                            "fixed_ip.0.subnet_id": "4b0fe31a-3e75-469c-add5-8d4b61bdfa18",
                            "id": "46cec5fd-daa7-426b-ad06-4adaf31e56b3",
                            "mac_address": "fa:16:3e:fa:ed:9e",
                            "name": "lb-base",
                            "network_id": "c7eb055a-1941-4851-8525-b18ebad9f4f6",
                            "port_security_enabled": "true",
                            "region": "",
                            "tags.#": "0",
                            "tenant_id": "85623a4311404f7185a08f5b743c8fc2"
                        },
                        "meta": {
                            "e2bfb730-ecaa-11e6-8f88-34363bc7c4c0": {
                                "create": 600000000000,
                                "delete": 600000000000
                            }
                        },
                        "tainted": false
                    },
                    "deposed": [],
                    "provider": "provider.openstack"
                },
                "openstack_networking_port_v2.port_vm_nomori_test": {
                    "type": "openstack_networking_port_v2",
                    "depends_on": [],
                    "primary": {
                        "id": "f9532fa0-6429-42f0-ba64-89e54f890c3b",
                        "attributes": {
                            "admin_state_up": "true",
                            "all_fixed_ips.#": "2",
                            "all_fixed_ips.0": "192.168.11.230",
                            "all_fixed_ips.1": "fd89:2922:fea2:cb89:f816:3eff:fed5:3b6b",
                            "all_security_group_ids.#": "1",
                            "all_security_group_ids.829744617": "83e682f6-7b36-4700-a0df-6bbf30ac55bb",
                            "all_tags.#": "0",
                            "allowed_address_pairs.#": "0",
                            "binding.#": "1",
                            "binding.0.host_id": "nssf-os-compute02",
                            "binding.0.profile": "{}",
                            "binding.0.vif_details.%": "3",
                            "binding.0.vif_details.datapath_type": "system",
                            "binding.0.vif_details.ovs_hybrid_plug": "false",
                            "binding.0.vif_details.port_filter": "true",
                            "binding.0.vif_type": "ovs",
                            "binding.0.vnic_type": "normal",
                            "description": "",
                            "device_id": "f2d0c1d2-b79a-4bfd-b365-7a79d5a7caea",
                            "device_owner": "compute:server02",
                            "dns_assignment.#": "0",
                            "dns_name": "",
                            "extra_dhcp_option.#": "0",
                            "id": "f9532fa0-6429-42f0-ba64-89e54f890c3b",
                            "mac_address": "fa:16:3e:d5:3b:6b",
                            "name": "nomori-test",
                            "network_id": "c7eb055a-1941-4851-8525-b18ebad9f4f6",
                            "port_security_enabled": "true",
                            "region": "",
                            "tags.#": "0",
                            "tenant_id": "85623a4311404f7185a08f5b743c8fc2"
                        },
                        "meta": {
                            "e2bfb730-ecaa-11e6-8f88-34363bc7c4c0": {
                                "create": 600000000000,
                                "delete": 600000000000
                            }
                        },
                        "tainted": false
                    },
                    "deposed": [],
                    "provider": "provider.openstack"
                },
                "openstack_networking_port_v2.port_vm_nssf-db01": {
                    "type": "openstack_networking_port_v2",
                    "depends_on": [],
                    "primary": {
                        "id": "692370f3-f6fc-4d4d-8db3-a1bf162385af",
                        "attributes": {
                            "admin_state_up": "true",
                            "all_fixed_ips.#": "2",
                            "all_fixed_ips.0": "192.168.11.201",
                            "all_fixed_ips.1": "fd89:2922:fea2:cb89:f816:3eff:fed9:c0c8",
                            "all_security_group_ids.#": "1",
                            "all_security_group_ids.829744617": "83e682f6-7b36-4700-a0df-6bbf30ac55bb",
                            "all_tags.#": "0",
                            "allowed_address_pairs.#": "0",
                            "binding.#": "1",
                            "binding.0.host_id": "nssf-os-compute01",
                            "binding.0.profile": "{}",
                            "binding.0.vif_details.%": "3",
                            "binding.0.vif_details.datapath_type": "system",
                            "binding.0.vif_details.ovs_hybrid_plug": "false",
                            "binding.0.vif_details.port_filter": "true",
                            "binding.0.vif_type": "ovs",
                            "binding.0.vnic_type": "normal",
                            "description": "",
                            "device_id": "61fb9298-a51c-4255-9a88-19977ba79bf4",
                            "device_owner": "compute:server01",
                            "dns_assignment.#": "0",
                            "dns_name": "",
                            "extra_dhcp_option.#": "0",
                            "fixed_ip.#": "1",
                            "fixed_ip.0.ip_address": "192.168.11.201",
                            "fixed_ip.0.subnet_id": "4b0fe31a-3e75-469c-add5-8d4b61bdfa18",
                            "id": "692370f3-f6fc-4d4d-8db3-a1bf162385af",
                            "mac_address": "fa:16:3e:d9:c0:c8",
                            "name": "nssf-db01",
                            "network_id": "c7eb055a-1941-4851-8525-b18ebad9f4f6",
                            "port_security_enabled": "true",
                            "region": "",
                            "tags.#": "0",
                            "tenant_id": "85623a4311404f7185a08f5b743c8fc2"
                        },
                        "meta": {
                            "e2bfb730-ecaa-11e6-8f88-34363bc7c4c0": {
                                "create": 600000000000,
                                "delete": 600000000000
                            }
                        },
                        "tainted": false
                    },
                    "deposed": [],
                    "provider": "provider.openstack"
                },
                "openstack_networking_port_v2.port_vm_nssf-db02": {
                    "type": "openstack_networking_port_v2",
                    "depends_on": [],
                    "primary": {
                        "id": "cbab90a5-d1b2-46f3-98a8-3199ffe43997",
                        "attributes": {
                            "admin_state_up": "true",
                            "all_fixed_ips.#": "2",
                            "all_fixed_ips.0": "192.168.11.202",
                            "all_fixed_ips.1": "fd89:2922:fea2:cb89:f816:3eff:fec7:4bd9",
                            "all_security_group_ids.#": "1",
                            "all_security_group_ids.829744617": "83e682f6-7b36-4700-a0df-6bbf30ac55bb",
                            "all_tags.#": "0",
                            "allowed_address_pairs.#": "0",
                            "binding.#": "1",
                            "binding.0.host_id": "nssf-os-compute02",
                            "binding.0.profile": "{}",
                            "binding.0.vif_details.%": "3",
                            "binding.0.vif_details.datapath_type": "system",
                            "binding.0.vif_details.ovs_hybrid_plug": "false",
                            "binding.0.vif_details.port_filter": "true",
                            "binding.0.vif_type": "ovs",
                            "binding.0.vnic_type": "normal",
                            "description": "",
                            "device_id": "37dbf191-4cd6-4a3a-85e3-7e544f049525",
                            "device_owner": "compute:server02",
                            "dns_assignment.#": "0",
                            "dns_name": "",
                            "extra_dhcp_option.#": "0",
                            "fixed_ip.#": "1",
                            "fixed_ip.0.ip_address": "192.168.11.202",
                            "fixed_ip.0.subnet_id": "4b0fe31a-3e75-469c-add5-8d4b61bdfa18",
                            "id": "cbab90a5-d1b2-46f3-98a8-3199ffe43997",
                            "mac_address": "fa:16:3e:c7:4b:d9",
                            "name": "nssf-db02",
                            "network_id": "c7eb055a-1941-4851-8525-b18ebad9f4f6",
                            "port_security_enabled": "true",
                            "region": "",
                            "tags.#": "0",
                            "tenant_id": "85623a4311404f7185a08f5b743c8fc2"
                        },
                        "meta": {
                            "e2bfb730-ecaa-11e6-8f88-34363bc7c4c0": {
                                "create": 600000000000,
                                "delete": 600000000000
                            }
                        },
                        "tainted": false
                    },
                    "deposed": [],
                    "provider": "provider.openstack"
                },
                "openstack_networking_port_v2.port_vm_nssf-db03": {
                    "type": "openstack_networking_port_v2",
                    "depends_on": [],
                    "primary": {
                        "id": "c53520e3-3dba-4a5d-9688-dc05d7d2bb57",
                        "attributes": {
                            "admin_state_up": "true",
                            "all_fixed_ips.#": "2",
                            "all_fixed_ips.0": "192.168.11.227",
                            "all_fixed_ips.1": "fd89:2922:fea2:cb89:f816:3eff:fe63:d221",
                            "all_security_group_ids.#": "1",
                            "all_security_group_ids.829744617": "83e682f6-7b36-4700-a0df-6bbf30ac55bb",
                            "all_tags.#": "0",
                            "allowed_address_pairs.#": "0",
                            "binding.#": "1",
                            "binding.0.host_id": "nssf-os-controller01",
                            "binding.0.profile": "{}",
                            "binding.0.vif_details.%": "3",
                            "binding.0.vif_details.datapath_type": "system",
                            "binding.0.vif_details.ovs_hybrid_plug": "false",
                            "binding.0.vif_details.port_filter": "true",
                            "binding.0.vif_type": "ovs",
                            "binding.0.vnic_type": "normal",
                            "description": "",
                            "device_id": "e03d7b52-2c94-4eae-906e-20544906ac99",
                            "device_owner": "compute:nova",
                            "dns_assignment.#": "0",
                            "dns_name": "",
                            "extra_dhcp_option.#": "0",
                            "fixed_ip.#": "1",
                            "fixed_ip.0.ip_address": "192.168.11.227",
                            "fixed_ip.0.subnet_id": "4b0fe31a-3e75-469c-add5-8d4b61bdfa18",
                            "id": "c53520e3-3dba-4a5d-9688-dc05d7d2bb57",
                            "mac_address": "fa:16:3e:63:d2:21",
                            "name": "nssf-db03",
                            "network_id": "c7eb055a-1941-4851-8525-b18ebad9f4f6",
                            "port_security_enabled": "true",
                            "region": "",
                            "tags.#": "0",
                            "tenant_id": "85623a4311404f7185a08f5b743c8fc2"
                        },
                        "meta": {
                            "e2bfb730-ecaa-11e6-8f88-34363bc7c4c0": {
                                "create": 600000000000,
                                "delete": 600000000000
                            }
                        },
                        "tainted": false
                    },
                    "deposed": [],
                    "provider": "provider.openstack"
                },
                "openstack_networking_port_v2.port_vm_nssf-ems01": {
                    "type": "openstack_networking_port_v2",
                    "depends_on": [],
                    "primary": {
                        "id": "42878af8-c28c-48ab-801d-3e174f18fe26",
                        "attributes": {
                            "admin_state_up": "true",
                            "all_fixed_ips.#": "2",
                            "all_fixed_ips.0": "192.168.11.203",
                            "all_fixed_ips.1": "fd89:2922:fea2:cb89:f816:3eff:fe24:692a",
                            "all_security_group_ids.#": "1",
                            "all_security_group_ids.829744617": "83e682f6-7b36-4700-a0df-6bbf30ac55bb",
                            "all_tags.#": "0",
                            "allowed_address_pairs.#": "1",
                            "allowed_address_pairs.1285666562.ip_address": "192.168.11.239",
                            "allowed_address_pairs.1285666562.mac_address": "",
                            "binding.#": "1",
                            "binding.0.host_id": "nssf-os-compute01",
                            "binding.0.profile": "{}",
                            "binding.0.vif_details.%": "3",
                            "binding.0.vif_details.datapath_type": "system",
                            "binding.0.vif_details.ovs_hybrid_plug": "false",
                            "binding.0.vif_details.port_filter": "true",
                            "binding.0.vif_type": "ovs",
                            "binding.0.vnic_type": "normal",
                            "description": "",
                            "device_id": "59d32dc5-786c-4ecc-a5fe-8bc4eab9dfce",
                            "device_owner": "compute:server01",
                            "dns_assignment.#": "0",
                            "dns_name": "",
                            "extra_dhcp_option.#": "0",
                            "fixed_ip.#": "1",
                            "fixed_ip.0.ip_address": "192.168.11.203",
                            "fixed_ip.0.subnet_id": "4b0fe31a-3e75-469c-add5-8d4b61bdfa18",
                            "id": "42878af8-c28c-48ab-801d-3e174f18fe26",
                            "mac_address": "fa:16:3e:24:69:2a",
                            "name": "nssf-ems01",
                            "network_id": "c7eb055a-1941-4851-8525-b18ebad9f4f6",
                            "port_security_enabled": "true",
                            "region": "",
                            "tags.#": "0",
                            "tenant_id": "85623a4311404f7185a08f5b743c8fc2"
                        },
                        "meta": {
                            "e2bfb730-ecaa-11e6-8f88-34363bc7c4c0": {
                                "create": 600000000000,
                                "delete": 600000000000
                            }
                        },
                        "tainted": false
                    },
                    "deposed": [],
                    "provider": "provider.openstack"
                },
                "openstack_networking_port_v2.port_vm_nssf-ems02": {
                    "type": "openstack_networking_port_v2",
                    "depends_on": [],
                    "primary": {
                        "id": "c7ad09eb-8d85-4dd6-b2c8-089c850bb133",
                        "attributes": {
                            "admin_state_up": "true",
                            "all_fixed_ips.#": "2",
                            "all_fixed_ips.0": "192.168.11.204",
                            "all_fixed_ips.1": "fd89:2922:fea2:cb89:f816:3eff:fefe:21f0",
                            "all_security_group_ids.#": "1",
                            "all_security_group_ids.829744617": "83e682f6-7b36-4700-a0df-6bbf30ac55bb",
                            "all_tags.#": "0",
                            "allowed_address_pairs.#": "1",
                            "allowed_address_pairs.1285666562.ip_address": "192.168.11.239",
                            "allowed_address_pairs.1285666562.mac_address": "",
                            "binding.#": "1",
                            "binding.0.host_id": "nssf-os-compute02",
                            "binding.0.profile": "{}",
                            "binding.0.vif_details.%": "3",
                            "binding.0.vif_details.datapath_type": "system",
                            "binding.0.vif_details.ovs_hybrid_plug": "false",
                            "binding.0.vif_details.port_filter": "true",
                            "binding.0.vif_type": "ovs",
                            "binding.0.vnic_type": "normal",
                            "description": "",
                            "device_id": "2d4b7c60-20cf-4dde-b8ff-20db9e19eee1",
                            "device_owner": "compute:server02",
                            "dns_assignment.#": "0",
                            "dns_name": "",
                            "extra_dhcp_option.#": "0",
                            "fixed_ip.#": "1",
                            "fixed_ip.0.ip_address": "192.168.11.204",
                            "fixed_ip.0.subnet_id": "4b0fe31a-3e75-469c-add5-8d4b61bdfa18",
                            "id": "c7ad09eb-8d85-4dd6-b2c8-089c850bb133",
                            "mac_address": "fa:16:3e:fe:21:f0",
                            "name": "nssf-ems02",
                            "network_id": "c7eb055a-1941-4851-8525-b18ebad9f4f6",
                            "port_security_enabled": "true",
                            "region": "",
                            "tags.#": "0",
                            "tenant_id": "85623a4311404f7185a08f5b743c8fc2"
                        },
                        "meta": {
                            "e2bfb730-ecaa-11e6-8f88-34363bc7c4c0": {
                                "create": 600000000000,
                                "delete": 600000000000
                            }
                        },
                        "tainted": false
                    },
                    "deposed": [],
                    "provider": "provider.openstack"
                },
                "openstack_networking_port_v2.port_vm_nssf-gl01": {
                    "type": "openstack_networking_port_v2",
                    "depends_on": [],
                    "primary": {
                        "id": "3a490cf3-c5ee-4e9a-bec7-d6837779417a",
                        "attributes": {
                            "admin_state_up": "true",
                            "all_fixed_ips.#": "2",
                            "all_fixed_ips.0": "192.168.11.213",
                            "all_fixed_ips.1": "fd89:2922:fea2:cb89:f816:3eff:fe37:c2b6",
                            "all_security_group_ids.#": "1",
                            "all_security_group_ids.829744617": "83e682f6-7b36-4700-a0df-6bbf30ac55bb",
                            "all_tags.#": "0",
                            "allowed_address_pairs.#": "0",
                            "binding.#": "1",
                            "binding.0.host_id": "nssf-os-controller01",
                            "binding.0.profile": "{}",
                            "binding.0.vif_details.%": "3",
                            "binding.0.vif_details.datapath_type": "system",
                            "binding.0.vif_details.ovs_hybrid_plug": "false",
                            "binding.0.vif_details.port_filter": "true",
                            "binding.0.vif_type": "ovs",
                            "binding.0.vnic_type": "normal",
                            "description": "",
                            "device_id": "d3f1829f-c8af-44b9-a8d4-928ddc87106b",
                            "device_owner": "compute:nova",
                            "dns_assignment.#": "0",
                            "dns_name": "",
                            "extra_dhcp_option.#": "0",
                            "fixed_ip.#": "1",
                            "fixed_ip.0.ip_address": "192.168.11.213",
                            "fixed_ip.0.subnet_id": "4b0fe31a-3e75-469c-add5-8d4b61bdfa18",
                            "id": "3a490cf3-c5ee-4e9a-bec7-d6837779417a",
                            "mac_address": "fa:16:3e:37:c2:b6",
                            "name": "nssf-gl01",
                            "network_id": "c7eb055a-1941-4851-8525-b18ebad9f4f6",
                            "port_security_enabled": "true",
                            "region": "",
                            "tags.#": "0",
                            "tenant_id": "85623a4311404f7185a08f5b743c8fc2"
                        },
                        "meta": {
                            "e2bfb730-ecaa-11e6-8f88-34363bc7c4c0": {
                                "create": 600000000000,
                                "delete": 600000000000
                            }
                        },
                        "tainted": false
                    },
                    "deposed": [],
                    "provider": "provider.openstack"
                },
                "openstack_networking_port_v2.port_vm_nssf-gl02": {
                    "type": "openstack_networking_port_v2",
                    "depends_on": [],
                    "primary": {
                        "id": "0b2c13dc-de07-4a94-a14f-41a2a2831bbb",
                        "attributes": {
                            "admin_state_up": "true",
                            "all_fixed_ips.#": "2",
                            "all_fixed_ips.0": "192.168.11.214",
                            "all_fixed_ips.1": "fd89:2922:fea2:cb89:f816:3eff:feb0:1cdd",
                            "all_security_group_ids.#": "1",
                            "all_security_group_ids.829744617": "83e682f6-7b36-4700-a0df-6bbf30ac55bb",
                            "all_tags.#": "0",
                            "allowed_address_pairs.#": "0",
                            "binding.#": "1",
                            "binding.0.host_id": "nssf-os-controller01",
                            "binding.0.profile": "{}",
                            "binding.0.vif_details.%": "3",
                            "binding.0.vif_details.datapath_type": "system",
                            "binding.0.vif_details.ovs_hybrid_plug": "false",
                            "binding.0.vif_details.port_filter": "true",
                            "binding.0.vif_type": "ovs",
                            "binding.0.vnic_type": "normal",
                            "description": "",
                            "device_id": "7dbd3dee-9988-42e8-a85c-3bb8153f1e5b",
                            "device_owner": "compute:nova",
                            "dns_assignment.#": "0",
                            "dns_name": "",
                            "extra_dhcp_option.#": "0",
                            "fixed_ip.#": "1",
                            "fixed_ip.0.ip_address": "192.168.11.214",
                            "fixed_ip.0.subnet_id": "4b0fe31a-3e75-469c-add5-8d4b61bdfa18",
                            "id": "0b2c13dc-de07-4a94-a14f-41a2a2831bbb",
                            "mac_address": "fa:16:3e:b0:1c:dd",
                            "name": "nssf-gl02",
                            "network_id": "c7eb055a-1941-4851-8525-b18ebad9f4f6",
                            "port_security_enabled": "true",
                            "region": "",
                            "tags.#": "0",
                            "tenant_id": "85623a4311404f7185a08f5b743c8fc2"
                        },
                        "meta": {
                            "e2bfb730-ecaa-11e6-8f88-34363bc7c4c0": {
                                "create": 600000000000,
                                "delete": 600000000000
                            }
                        },
                        "tainted": false
                    },
                    "deposed": [],
                    "provider": "provider.openstack"
                },
                "openstack_networking_port_v2.port_vm_nssf-gl03": {
                    "type": "openstack_networking_port_v2",
                    "depends_on": [],
                    "primary": {
                        "id": "1a2d7ef6-b134-4d6a-8cac-19fde5d176b0",
                        "attributes": {
                            "admin_state_up": "true",
                            "all_fixed_ips.#": "2",
                            "all_fixed_ips.0": "192.168.11.215",
                            "all_fixed_ips.1": "fd89:2922:fea2:cb89:f816:3eff:fe94:d286",
                            "all_security_group_ids.#": "1",
                            "all_security_group_ids.829744617": "83e682f6-7b36-4700-a0df-6bbf30ac55bb",
                            "all_tags.#": "0",
                            "allowed_address_pairs.#": "0",
                            "binding.#": "1",
                            "binding.0.host_id": "nssf-os-controller01",
                            "binding.0.profile": "{}",
                            "binding.0.vif_details.%": "3",
                            "binding.0.vif_details.datapath_type": "system",
                            "binding.0.vif_details.ovs_hybrid_plug": "false",
                            "binding.0.vif_details.port_filter": "true",
                            "binding.0.vif_type": "ovs",
                            "binding.0.vnic_type": "normal",
                            "description": "",
                            "device_id": "14a0ac9c-50b0-47cf-b6a1-79348dcacfe2",
                            "device_owner": "compute:nova",
                            "dns_assignment.#": "0",
                            "dns_name": "",
                            "extra_dhcp_option.#": "0",
                            "fixed_ip.#": "1",
                            "fixed_ip.0.ip_address": "192.168.11.215",
                            "fixed_ip.0.subnet_id": "4b0fe31a-3e75-469c-add5-8d4b61bdfa18",
                            "id": "1a2d7ef6-b134-4d6a-8cac-19fde5d176b0",
                            "mac_address": "fa:16:3e:94:d2:86",
                            "name": "nssf-gl03",
                            "network_id": "c7eb055a-1941-4851-8525-b18ebad9f4f6",
                            "port_security_enabled": "true",
                            "region": "",
                            "tags.#": "0",
                            "tenant_id": "85623a4311404f7185a08f5b743c8fc2"
                        },
                        "meta": {
                            "e2bfb730-ecaa-11e6-8f88-34363bc7c4c0": {
                                "create": 600000000000,
                                "delete": 600000000000
                            }
                        },
                        "tainted": false
                    },
                    "deposed": [],
                    "provider": "provider.openstack"
                },
                "openstack_networking_port_v2.port_vm_nssf-gl04": {
                    "type": "openstack_networking_port_v2",
                    "depends_on": [],
                    "primary": {
                        "id": "8ea98de8-5e61-49ce-ac07-db758b9de4a8",
                        "attributes": {
                            "admin_state_up": "true",
                            "all_fixed_ips.#": "2",
                            "all_fixed_ips.0": "192.168.11.216",
                            "all_fixed_ips.1": "fd89:2922:fea2:cb89:f816:3eff:fe4f:8b21",
                            "all_security_group_ids.#": "1",
                            "all_security_group_ids.829744617": "83e682f6-7b36-4700-a0df-6bbf30ac55bb",
                            "all_tags.#": "0",
                            "allowed_address_pairs.#": "0",
                            "binding.#": "1",
                            "binding.0.host_id": "nssf-os-controller01",
                            "binding.0.profile": "{}",
                            "binding.0.vif_details.%": "3",
                            "binding.0.vif_details.datapath_type": "system",
                            "binding.0.vif_details.ovs_hybrid_plug": "false",
                            "binding.0.vif_details.port_filter": "true",
                            "binding.0.vif_type": "ovs",
                            "binding.0.vnic_type": "normal",
                            "description": "",
                            "device_id": "d9f76552-4774-4ef0-b473-942b24d5ef06",
                            "device_owner": "compute:nova",
                            "dns_assignment.#": "0",
                            "dns_name": "",
                            "extra_dhcp_option.#": "0",
                            "fixed_ip.#": "1",
                            "fixed_ip.0.ip_address": "192.168.11.216",
                            "fixed_ip.0.subnet_id": "4b0fe31a-3e75-469c-add5-8d4b61bdfa18",
                            "id": "8ea98de8-5e61-49ce-ac07-db758b9de4a8",
                            "mac_address": "fa:16:3e:4f:8b:21",
                            "name": "nssf-gl04",
                            "network_id": "c7eb055a-1941-4851-8525-b18ebad9f4f6",
                            "port_security_enabled": "true",
                            "region": "",
                            "tags.#": "0",
                            "tenant_id": "85623a4311404f7185a08f5b743c8fc2"
                        },
                        "meta": {
                            "e2bfb730-ecaa-11e6-8f88-34363bc7c4c0": {
                                "create": 600000000000,
                                "delete": 600000000000
                            }
                        },
                        "tainted": false
                    },
                    "deposed": [],
                    "provider": "provider.openstack"
                },
                "openstack_networking_port_v2.port_vm_nssf-gl05": {
                    "type": "openstack_networking_port_v2",
                    "depends_on": [],
                    "primary": {
                        "id": "7ab635e7-cef1-4535-9b51-8abd10833145",
                        "attributes": {
                            "admin_state_up": "true",
                            "all_fixed_ips.#": "2",
                            "all_fixed_ips.0": "192.168.11.217",
                            "all_fixed_ips.1": "fd89:2922:fea2:cb89:f816:3eff:febc:334f",
                            "all_security_group_ids.#": "1",
                            "all_security_group_ids.829744617": "83e682f6-7b36-4700-a0df-6bbf30ac55bb",
                            "all_tags.#": "0",
                            "allowed_address_pairs.#": "0",
                            "binding.#": "1",
                            "binding.0.host_id": "nssf-os-controller01",
                            "binding.0.profile": "{}",
                            "binding.0.vif_details.%": "3",
                            "binding.0.vif_details.datapath_type": "system",
                            "binding.0.vif_details.ovs_hybrid_plug": "false",
                            "binding.0.vif_details.port_filter": "true",
                            "binding.0.vif_type": "ovs",
                            "binding.0.vnic_type": "normal",
                            "description": "",
                            "device_id": "1ac64db7-1bc7-472b-b2e7-32d1da622c1d",
                            "device_owner": "compute:nova",
                            "dns_assignment.#": "0",
                            "dns_name": "",
                            "extra_dhcp_option.#": "0",
                            "fixed_ip.#": "1",
                            "fixed_ip.0.ip_address": "192.168.11.217",
                            "fixed_ip.0.subnet_id": "4b0fe31a-3e75-469c-add5-8d4b61bdfa18",
                            "id": "7ab635e7-cef1-4535-9b51-8abd10833145",
                            "mac_address": "fa:16:3e:bc:33:4f",
                            "name": "nssf-gl05",
                            "network_id": "c7eb055a-1941-4851-8525-b18ebad9f4f6",
                            "port_security_enabled": "true",
                            "region": "",
                            "tags.#": "0",
                            "tenant_id": "85623a4311404f7185a08f5b743c8fc2"
                        },
                        "meta": {
                            "e2bfb730-ecaa-11e6-8f88-34363bc7c4c0": {
                                "create": 600000000000,
                                "delete": 600000000000
                            }
                        },
                        "tainted": false
                    },
                    "deposed": [],
                    "provider": "provider.openstack"
                },
                "openstack_networking_port_v2.port_vm_nssf-gl06": {
                    "type": "openstack_networking_port_v2",
                    "depends_on": [],
                    "primary": {
                        "id": "12158c7c-e5db-49e2-aba1-364934362ad3",
                        "attributes": {
                            "admin_state_up": "true",
                            "all_fixed_ips.#": "2",
                            "all_fixed_ips.0": "192.168.11.218",
                            "all_fixed_ips.1": "fd89:2922:fea2:cb89:f816:3eff:fe8b:e59b",
                            "all_security_group_ids.#": "1",
                            "all_security_group_ids.829744617": "83e682f6-7b36-4700-a0df-6bbf30ac55bb",
                            "all_tags.#": "0",
                            "allowed_address_pairs.#": "0",
                            "binding.#": "1",
                            "binding.0.host_id": "nssf-os-controller01",
                            "binding.0.profile": "{}",
                            "binding.0.vif_details.%": "3",
                            "binding.0.vif_details.datapath_type": "system",
                            "binding.0.vif_details.ovs_hybrid_plug": "false",
                            "binding.0.vif_details.port_filter": "true",
                            "binding.0.vif_type": "ovs",
                            "binding.0.vnic_type": "normal",
                            "description": "",
                            "device_id": "4a8838be-ec32-409d-a6b3-927689eb885f",
                            "device_owner": "compute:nova",
                            "dns_assignment.#": "0",
                            "dns_name": "",
                            "extra_dhcp_option.#": "0",
                            "fixed_ip.#": "1",
                            "fixed_ip.0.ip_address": "192.168.11.218",
                            "fixed_ip.0.subnet_id": "4b0fe31a-3e75-469c-add5-8d4b61bdfa18",
                            "id": "12158c7c-e5db-49e2-aba1-364934362ad3",
                            "mac_address": "fa:16:3e:8b:e5:9b",
                            "name": "nssf-gl06",
                            "network_id": "c7eb055a-1941-4851-8525-b18ebad9f4f6",
                            "port_security_enabled": "true",
                            "region": "",
                            "tags.#": "0",
                            "tenant_id": "85623a4311404f7185a08f5b743c8fc2"
                        },
                        "meta": {
                            "e2bfb730-ecaa-11e6-8f88-34363bc7c4c0": {
                                "create": 600000000000,
                                "delete": 600000000000
                            }
                        },
                        "tainted": false
                    },
                    "deposed": [],
                    "provider": "provider.openstack"
                },
                "openstack_networking_port_v2.port_vm_nssf-lb01": {
                    "type": "openstack_networking_port_v2",
                    "depends_on": [],
                    "primary": {
                        "id": "1d46e758-005d-4922-9499-f45ae81d596a",
                        "attributes": {
                            "admin_state_up": "true",
                            "all_fixed_ips.#": "2",
                            "all_fixed_ips.0": "192.168.11.205",
                            "all_fixed_ips.1": "fd89:2922:fea2:cb89:f816:3eff:fe6c:14a2",
                            "all_security_group_ids.#": "1",
                            "all_security_group_ids.829744617": "83e682f6-7b36-4700-a0df-6bbf30ac55bb",
                            "all_tags.#": "0",
                            "allowed_address_pairs.#": "0",
                            "binding.#": "1",
                            "binding.0.host_id": "nssf-os-compute03",
                            "binding.0.profile": "{}",
                            "binding.0.vif_details.%": "3",
                            "binding.0.vif_details.datapath_type": "system",
                            "binding.0.vif_details.ovs_hybrid_plug": "false",
                            "binding.0.vif_details.port_filter": "true",
                            "binding.0.vif_type": "ovs",
                            "binding.0.vnic_type": "normal",
                            "description": "",
                            "device_id": "f3055728-3275-446e-8071-6e9a830d19fa",
                            "device_owner": "compute:server03",
                            "dns_assignment.#": "0",
                            "dns_name": "",
                            "extra_dhcp_option.#": "0",
                            "fixed_ip.#": "1",
                            "fixed_ip.0.ip_address": "192.168.11.205",
                            "fixed_ip.0.subnet_id": "4b0fe31a-3e75-469c-add5-8d4b61bdfa18",
                            "id": "1d46e758-005d-4922-9499-f45ae81d596a",
                            "mac_address": "fa:16:3e:6c:14:a2",
                            "name": "nssf-lb01",
                            "network_id": "c7eb055a-1941-4851-8525-b18ebad9f4f6",
                            "port_security_enabled": "true",
                            "region": "",
                            "tags.#": "0",
                            "tenant_id": "85623a4311404f7185a08f5b743c8fc2"
                        },
                        "meta": {
                            "e2bfb730-ecaa-11e6-8f88-34363bc7c4c0": {
                                "create": 600000000000,
                                "delete": 600000000000
                            }
                        },
                        "tainted": false
                    },
                    "deposed": [],
                    "provider": "provider.openstack"
                },
                "openstack_networking_port_v2.port_vm_nssf-lb02": {
                    "type": "openstack_networking_port_v2",
                    "depends_on": [],
                    "primary": {
                        "id": "4b7f6032-0977-4740-9138-716071142072",
                        "attributes": {
                            "admin_state_up": "true",
                            "all_fixed_ips.#": "2",
                            "all_fixed_ips.0": "192.168.11.206",
                            "all_fixed_ips.1": "fd89:2922:fea2:cb89:f816:3eff:fe0f:c441",
                            "all_security_group_ids.#": "1",
                            "all_security_group_ids.829744617": "83e682f6-7b36-4700-a0df-6bbf30ac55bb",
                            "all_tags.#": "0",
                            "allowed_address_pairs.#": "0",
                            "binding.#": "1",
                            "binding.0.host_id": "nssf-os-compute04",
                            "binding.0.profile": "{}",
                            "binding.0.vif_details.%": "3",
                            "binding.0.vif_details.datapath_type": "system",
                            "binding.0.vif_details.ovs_hybrid_plug": "false",
                            "binding.0.vif_details.port_filter": "true",
                            "binding.0.vif_type": "ovs",
                            "binding.0.vnic_type": "normal",
                            "description": "",
                            "device_id": "24bebb3d-eea0-4fda-9c41-c1ea4a4334f7",
                            "device_owner": "compute:server04",
                            "dns_assignment.#": "0",
                            "dns_name": "",
                            "extra_dhcp_option.#": "0",
                            "fixed_ip.#": "1",
                            "fixed_ip.0.ip_address": "192.168.11.206",
                            "fixed_ip.0.subnet_id": "4b0fe31a-3e75-469c-add5-8d4b61bdfa18",
                            "id": "4b7f6032-0977-4740-9138-716071142072",
                            "mac_address": "fa:16:3e:0f:c4:41",
                            "name": "nssf-lb02",
                            "network_id": "c7eb055a-1941-4851-8525-b18ebad9f4f6",
                            "port_security_enabled": "true",
                            "region": "",
                            "tags.#": "0",
                            "tenant_id": "85623a4311404f7185a08f5b743c8fc2"
                        },
                        "meta": {
                            "e2bfb730-ecaa-11e6-8f88-34363bc7c4c0": {
                                "create": 600000000000,
                                "delete": 600000000000
                            }
                        },
                        "tainted": false
                    },
                    "deposed": [],
                    "provider": "provider.openstack"
                },
                "openstack_networking_port_v2.port_vm_nssf-sa01": {
                    "type": "openstack_networking_port_v2",
                    "depends_on": [],
                    "primary": {
                        "id": "ac8b13f4-fb3f-4671-85ef-c5516a1bdbd1",
                        "attributes": {
                            "admin_state_up": "true",
                            "all_fixed_ips.#": "2",
                            "all_fixed_ips.0": "192.168.11.207",
                            "all_fixed_ips.1": "fd89:2922:fea2:cb89:f816:3eff:fea3:8592",
                            "all_security_group_ids.#": "1",
                            "all_security_group_ids.829744617": "83e682f6-7b36-4700-a0df-6bbf30ac55bb",
                            "all_tags.#": "0",
                            "allowed_address_pairs.#": "0",
                            "binding.#": "1",
                            "binding.0.host_id": "nssf-os-compute03",
                            "binding.0.profile": "{}",
                            "binding.0.vif_details.%": "3",
                            "binding.0.vif_details.datapath_type": "system",
                            "binding.0.vif_details.ovs_hybrid_plug": "false",
                            "binding.0.vif_details.port_filter": "true",
                            "binding.0.vif_type": "ovs",
                            "binding.0.vnic_type": "normal",
                            "description": "",
                            "device_id": "d82f2245-245d-40cc-962f-0a0157865cf1",
                            "device_owner": "compute:server03",
                            "dns_assignment.#": "0",
                            "dns_name": "",
                            "extra_dhcp_option.#": "0",
                            "fixed_ip.#": "1",
                            "fixed_ip.0.ip_address": "192.168.11.207",
                            "fixed_ip.0.subnet_id": "4b0fe31a-3e75-469c-add5-8d4b61bdfa18",
                            "id": "ac8b13f4-fb3f-4671-85ef-c5516a1bdbd1",
                            "mac_address": "fa:16:3e:a3:85:92",
                            "name": "nssf-sa01",
                            "network_id": "c7eb055a-1941-4851-8525-b18ebad9f4f6",
                            "port_security_enabled": "true",
                            "region": "",
                            "tags.#": "0",
                            "tenant_id": "85623a4311404f7185a08f5b743c8fc2"
                        },
                        "meta": {
                            "e2bfb730-ecaa-11e6-8f88-34363bc7c4c0": {
                                "create": 600000000000,
                                "delete": 600000000000
                            }
                        },
                        "tainted": false
                    },
                    "deposed": [],
                    "provider": "provider.openstack"
                },
                "openstack_networking_port_v2.port_vm_nssf-sa02": {
                    "type": "openstack_networking_port_v2",
                    "depends_on": [],
                    "primary": {
                        "id": "2800a514-bfd7-43a2-b7b8-3704d1537d2b",
                        "attributes": {
                            "admin_state_up": "true",
                            "all_fixed_ips.#": "2",
                            "all_fixed_ips.0": "192.168.11.208",
                            "all_fixed_ips.1": "fd89:2922:fea2:cb89:f816:3eff:fe0b:aebc",
                            "all_security_group_ids.#": "1",
                            "all_security_group_ids.829744617": "83e682f6-7b36-4700-a0df-6bbf30ac55bb",
                            "all_tags.#": "0",
                            "allowed_address_pairs.#": "0",
                            "binding.#": "1",
                            "binding.0.host_id": "nssf-os-compute04",
                            "binding.0.profile": "{}",
                            "binding.0.vif_details.%": "3",
                            "binding.0.vif_details.datapath_type": "system",
                            "binding.0.vif_details.ovs_hybrid_plug": "false",
                            "binding.0.vif_details.port_filter": "true",
                            "binding.0.vif_type": "ovs",
                            "binding.0.vnic_type": "normal",
                            "description": "",
                            "device_id": "339915e4-9d04-4f1b-8719-f937fc1e2f20",
                            "device_owner": "compute:server04",
                            "dns_assignment.#": "0",
                            "dns_name": "",
                            "extra_dhcp_option.#": "0",
                            "fixed_ip.#": "1",
                            "fixed_ip.0.ip_address": "192.168.11.208",
                            "fixed_ip.0.subnet_id": "4b0fe31a-3e75-469c-add5-8d4b61bdfa18",
                            "id": "2800a514-bfd7-43a2-b7b8-3704d1537d2b",
                            "mac_address": "fa:16:3e:0b:ae:bc",
                            "name": "nssf-sa02",
                            "network_id": "c7eb055a-1941-4851-8525-b18ebad9f4f6",
                            "port_security_enabled": "true",
                            "region": "",
                            "tags.#": "0",
                            "tenant_id": "85623a4311404f7185a08f5b743c8fc2"
                        },
                        "meta": {
                            "e2bfb730-ecaa-11e6-8f88-34363bc7c4c0": {
                                "create": 600000000000,
                                "delete": 600000000000
                            }
                        },
                        "tainted": false
                    },
                    "deposed": [],
                    "provider": "provider.openstack"
                },
                "openstack_networking_port_v2.port_vm_nssf-ss01": {
                    "type": "openstack_networking_port_v2",
                    "depends_on": [],
                    "primary": {
                        "id": "1d437d15-6713-449a-9f14-e04b208c8e7f",
                        "attributes": {
                            "admin_state_up": "true",
                            "all_fixed_ips.#": "2",
                            "all_fixed_ips.0": "192.168.11.209",
                            "all_fixed_ips.1": "fd89:2922:fea2:cb89:f816:3eff:fef0:5fe7",
                            "all_security_group_ids.#": "1",
                            "all_security_group_ids.829744617": "83e682f6-7b36-4700-a0df-6bbf30ac55bb",
                            "all_tags.#": "0",
                            "allowed_address_pairs.#": "0",
                            "binding.#": "1",
                            "binding.0.host_id": "nssf-os-compute03",
                            "binding.0.profile": "{}",
                            "binding.0.vif_details.%": "3",
                            "binding.0.vif_details.datapath_type": "system",
                            "binding.0.vif_details.ovs_hybrid_plug": "false",
                            "binding.0.vif_details.port_filter": "true",
                            "binding.0.vif_type": "ovs",
                            "binding.0.vnic_type": "normal",
                            "description": "",
                            "device_id": "3714978f-67e0-44fb-84cb-54ebecb90115",
                            "device_owner": "compute:server03",
                            "dns_assignment.#": "0",
                            "dns_name": "",
                            "extra_dhcp_option.#": "0",
                            "fixed_ip.#": "1",
                            "fixed_ip.0.ip_address": "192.168.11.209",
                            "fixed_ip.0.subnet_id": "4b0fe31a-3e75-469c-add5-8d4b61bdfa18",
                            "id": "1d437d15-6713-449a-9f14-e04b208c8e7f",
                            "mac_address": "fa:16:3e:f0:5f:e7",
                            "name": "nssf-ss01",
                            "network_id": "c7eb055a-1941-4851-8525-b18ebad9f4f6",
                            "port_security_enabled": "true",
                            "region": "",
                            "tags.#": "0",
                            "tenant_id": "85623a4311404f7185a08f5b743c8fc2"
                        },
                        "meta": {
                            "e2bfb730-ecaa-11e6-8f88-34363bc7c4c0": {
                                "create": 600000000000,
                                "delete": 600000000000
                            }
                        },
                        "tainted": false
                    },
                    "deposed": [],
                    "provider": "provider.openstack"
                },
                "openstack_networking_port_v2.port_vm_nssf-ss02": {
                    "type": "openstack_networking_port_v2",
                    "depends_on": [],
                    "primary": {
                        "id": "08aaa49c-6e02-441c-9b00-8ae9b9af0e0d",
                        "attributes": {
                            "admin_state_up": "true",
                            "all_fixed_ips.#": "2",
                            "all_fixed_ips.0": "192.168.11.210",
                            "all_fixed_ips.1": "fd89:2922:fea2:cb89:f816:3eff:feae:7edd",
                            "all_security_group_ids.#": "1",
                            "all_security_group_ids.829744617": "83e682f6-7b36-4700-a0df-6bbf30ac55bb",
                            "all_tags.#": "0",
                            "allowed_address_pairs.#": "0",
                            "binding.#": "1",
                            "binding.0.host_id": "nssf-os-compute04",
                            "binding.0.profile": "{}",
                            "binding.0.vif_details.%": "3",
                            "binding.0.vif_details.datapath_type": "system",
                            "binding.0.vif_details.ovs_hybrid_plug": "false",
                            "binding.0.vif_details.port_filter": "true",
                            "binding.0.vif_type": "ovs",
                            "binding.0.vnic_type": "normal",
                            "description": "",
                            "device_id": "14c8864d-a4be-4ffa-b3e4-5145b824ebe7",
                            "device_owner": "compute:server04",
                            "dns_assignment.#": "0",
                            "dns_name": "",
                            "extra_dhcp_option.#": "0",
                            "fixed_ip.#": "1",
                            "fixed_ip.0.ip_address": "192.168.11.210",
                            "fixed_ip.0.subnet_id": "4b0fe31a-3e75-469c-add5-8d4b61bdfa18",
                            "id": "08aaa49c-6e02-441c-9b00-8ae9b9af0e0d",
                            "mac_address": "fa:16:3e:ae:7e:dd",
                            "name": "nssf-ss02",
                            "network_id": "c7eb055a-1941-4851-8525-b18ebad9f4f6",
                            "port_security_enabled": "true",
                            "region": "",
                            "tags.#": "0",
                            "tenant_id": "85623a4311404f7185a08f5b743c8fc2"
                        },
                        "meta": {
                            "e2bfb730-ecaa-11e6-8f88-34363bc7c4c0": {
                                "create": 600000000000,
                                "delete": 600000000000
                            }
                        },
                        "tainted": false
                    },
                    "deposed": [],
                    "provider": "provider.openstack"
                },
                "openstack_networking_port_v2.port_vm_nssf-ss03": {
                    "type": "openstack_networking_port_v2",
                    "depends_on": [],
                    "primary": {
                        "id": "4f04afb7-a17a-4cf0-a45a-214f7ae2115a",
                        "attributes": {
                            "admin_state_up": "true",
                            "all_fixed_ips.#": "2",
                            "all_fixed_ips.0": "192.168.11.211",
                            "all_fixed_ips.1": "fd89:2922:fea2:cb89:f816:3eff:fe95:57ac",
                            "all_security_group_ids.#": "1",
                            "all_security_group_ids.829744617": "83e682f6-7b36-4700-a0df-6bbf30ac55bb",
                            "all_tags.#": "0",
                            "allowed_address_pairs.#": "0",
                            "binding.#": "1",
                            "binding.0.host_id": "nssf-os-compute03",
                            "binding.0.profile": "{}",
                            "binding.0.vif_details.%": "3",
                            "binding.0.vif_details.datapath_type": "system",
                            "binding.0.vif_details.ovs_hybrid_plug": "false",
                            "binding.0.vif_details.port_filter": "true",
                            "binding.0.vif_type": "ovs",
                            "binding.0.vnic_type": "normal",
                            "description": "",
                            "device_id": "f2abb205-c3c2-43d9-b2a9-f3722447cd09",
                            "device_owner": "compute:server03",
                            "dns_assignment.#": "0",
                            "dns_name": "",
                            "extra_dhcp_option.#": "0",
                            "fixed_ip.#": "1",
                            "fixed_ip.0.ip_address": "192.168.11.211",
                            "fixed_ip.0.subnet_id": "4b0fe31a-3e75-469c-add5-8d4b61bdfa18",
                            "id": "4f04afb7-a17a-4cf0-a45a-214f7ae2115a",
                            "mac_address": "fa:16:3e:95:57:ac",
                            "name": "nssf-ss03",
                            "network_id": "c7eb055a-1941-4851-8525-b18ebad9f4f6",
                            "port_security_enabled": "true",
                            "region": "",
                            "tags.#": "0",
                            "tenant_id": "85623a4311404f7185a08f5b743c8fc2"
                        },
                        "meta": {
                            "e2bfb730-ecaa-11e6-8f88-34363bc7c4c0": {
                                "create": 600000000000,
                                "delete": 600000000000
                            }
                        },
                        "tainted": false
                    },
                    "deposed": [],
                    "provider": "provider.openstack"
                },
                "openstack_networking_port_v2.port_vm_nssf-ss04": {
                    "type": "openstack_networking_port_v2",
                    "depends_on": [],
                    "primary": {
                        "id": "ad12a76f-4b02-49c2-a1c9-b19cec2368f7",
                        "attributes": {
                            "admin_state_up": "true",
                            "all_fixed_ips.#": "2",
                            "all_fixed_ips.0": "192.168.11.212",
                            "all_fixed_ips.1": "fd89:2922:fea2:cb89:f816:3eff:fe65:2a36",
                            "all_security_group_ids.#": "1",
                            "all_security_group_ids.829744617": "83e682f6-7b36-4700-a0df-6bbf30ac55bb",
                            "all_tags.#": "0",
                            "allowed_address_pairs.#": "0",
                            "binding.#": "1",
                            "binding.0.host_id": "nssf-os-compute04",
                            "binding.0.profile": "{}",
                            "binding.0.vif_details.%": "3",
                            "binding.0.vif_details.datapath_type": "system",
                            "binding.0.vif_details.ovs_hybrid_plug": "false",
                            "binding.0.vif_details.port_filter": "true",
                            "binding.0.vif_type": "ovs",
                            "binding.0.vnic_type": "normal",
                            "description": "",
                            "device_id": "f702e7fe-f2fb-4043-b216-e7bfc44bff82",
                            "device_owner": "compute:server04",
                            "dns_assignment.#": "0",
                            "dns_name": "",
                            "extra_dhcp_option.#": "0",
                            "fixed_ip.#": "1",
                            "fixed_ip.0.ip_address": "192.168.11.212",
                            "fixed_ip.0.subnet_id": "4b0fe31a-3e75-469c-add5-8d4b61bdfa18",
                            "id": "ad12a76f-4b02-49c2-a1c9-b19cec2368f7",
                            "mac_address": "fa:16:3e:65:2a:36",
                            "name": "nssf-ss04",
                            "network_id": "c7eb055a-1941-4851-8525-b18ebad9f4f6",
                            "port_security_enabled": "true",
                            "region": "",
                            "tags.#": "0",
                            "tenant_id": "85623a4311404f7185a08f5b743c8fc2"
                        },
                        "meta": {
                            "e2bfb730-ecaa-11e6-8f88-34363bc7c4c0": {
                                "create": 600000000000,
                                "delete": 600000000000
                            }
                        },
                        "tainted": false
                    },
                    "deposed": [],
                    "provider": "provider.openstack"
                },
                "openstack_networking_port_v2.port_vm_nssf-ss05": {
                    "type": "openstack_networking_port_v2",
                    "depends_on": [],
                    "primary": {
                        "id": "8a76449d-8f21-459e-9773-fac7da838687",
                        "attributes": {
                            "admin_state_up": "true",
                            "all_fixed_ips.#": "2",
                            "all_fixed_ips.0": "192.168.11.221",
                            "all_fixed_ips.1": "fd89:2922:fea2:cb89:f816:3eff:fe11:d9cb",
                            "all_security_group_ids.#": "1",
                            "all_security_group_ids.829744617": "83e682f6-7b36-4700-a0df-6bbf30ac55bb",
                            "all_tags.#": "0",
                            "allowed_address_pairs.#": "0",
                            "binding.#": "1",
                            "binding.0.host_id": "nssf-os-compute03",
                            "binding.0.profile": "{}",
                            "binding.0.vif_details.%": "3",
                            "binding.0.vif_details.datapath_type": "system",
                            "binding.0.vif_details.ovs_hybrid_plug": "false",
                            "binding.0.vif_details.port_filter": "true",
                            "binding.0.vif_type": "ovs",
                            "binding.0.vnic_type": "normal",
                            "description": "",
                            "device_id": "a3c966ce-e4f3-4579-88bc-1b543b8d30dc",
                            "device_owner": "compute:server03",
                            "dns_assignment.#": "0",
                            "dns_name": "",
                            "extra_dhcp_option.#": "0",
                            "fixed_ip.#": "1",
                            "fixed_ip.0.ip_address": "192.168.11.221",
                            "fixed_ip.0.subnet_id": "4b0fe31a-3e75-469c-add5-8d4b61bdfa18",
                            "id": "8a76449d-8f21-459e-9773-fac7da838687",
                            "mac_address": "fa:16:3e:11:d9:cb",
                            "name": "nssf-ss05",
                            "network_id": "c7eb055a-1941-4851-8525-b18ebad9f4f6",
                            "port_security_enabled": "true",
                            "region": "",
                            "tags.#": "0",
                            "tenant_id": "85623a4311404f7185a08f5b743c8fc2"
                        },
                        "meta": {
                            "e2bfb730-ecaa-11e6-8f88-34363bc7c4c0": {
                                "create": 600000000000,
                                "delete": 600000000000
                            }
                        },
                        "tainted": false
                    },
                    "deposed": [],
                    "provider": "provider.openstack"
                },
                "openstack_networking_port_v2.port_vm_nssf-ss06": {
                    "type": "openstack_networking_port_v2",
                    "depends_on": [],
                    "primary": {
                        "id": "6af5db0d-492d-4620-bfdc-788d97fb1f2f",
                        "attributes": {
                            "admin_state_up": "true",
                            "all_fixed_ips.#": "2",
                            "all_fixed_ips.0": "192.168.11.222",
                            "all_fixed_ips.1": "fd89:2922:fea2:cb89:f816:3eff:fea8:c998",
                            "all_security_group_ids.#": "1",
                            "all_security_group_ids.829744617": "83e682f6-7b36-4700-a0df-6bbf30ac55bb",
                            "all_tags.#": "0",
                            "allowed_address_pairs.#": "0",
                            "binding.#": "1",
                            "binding.0.host_id": "nssf-os-compute04",
                            "binding.0.profile": "{}",
                            "binding.0.vif_details.%": "3",
                            "binding.0.vif_details.datapath_type": "system",
                            "binding.0.vif_details.ovs_hybrid_plug": "false",
                            "binding.0.vif_details.port_filter": "true",
                            "binding.0.vif_type": "ovs",
                            "binding.0.vnic_type": "normal",
                            "description": "",
                            "device_id": "c9ce21d2-a854-48cd-b35d-16f8eaf0911f",
                            "device_owner": "compute:server04",
                            "dns_assignment.#": "0",
                            "dns_name": "",
                            "extra_dhcp_option.#": "0",
                            "fixed_ip.#": "1",
                            "fixed_ip.0.ip_address": "192.168.11.222",
                            "fixed_ip.0.subnet_id": "4b0fe31a-3e75-469c-add5-8d4b61bdfa18",
                            "id": "6af5db0d-492d-4620-bfdc-788d97fb1f2f",
                            "mac_address": "fa:16:3e:a8:c9:98",
                            "name": "nssf-ss06",
                            "network_id": "c7eb055a-1941-4851-8525-b18ebad9f4f6",
                            "port_security_enabled": "true",
                            "region": "",
                            "tags.#": "0",
                            "tenant_id": "85623a4311404f7185a08f5b743c8fc2"
                        },
                        "meta": {
                            "e2bfb730-ecaa-11e6-8f88-34363bc7c4c0": {
                                "create": 600000000000,
                                "delete": 600000000000
                            }
                        },
                        "tainted": false
                    },
                    "deposed": [],
                    "provider": "provider.openstack"
                },
                "openstack_networking_port_v2.port_vm_nssf-ss07": {
                    "type": "openstack_networking_port_v2",
                    "depends_on": [],
                    "primary": {
                        "id": "103dee9e-a78c-483d-8df5-b1244feee00d",
                        "attributes": {
                            "admin_state_up": "true",
                            "all_fixed_ips.#": "2",
                            "all_fixed_ips.0": "192.168.11.219",
                            "all_fixed_ips.1": "fd89:2922:fea2:cb89:f816:3eff:fe98:434b",
                            "all_security_group_ids.#": "1",
                            "all_security_group_ids.829744617": "83e682f6-7b36-4700-a0df-6bbf30ac55bb",
                            "all_tags.#": "0",
                            "allowed_address_pairs.#": "0",
                            "binding.#": "1",
                            "binding.0.host_id": "nssf-os-compute03",
                            "binding.0.profile": "{}",
                            "binding.0.vif_details.%": "3",
                            "binding.0.vif_details.datapath_type": "system",
                            "binding.0.vif_details.ovs_hybrid_plug": "false",
                            "binding.0.vif_details.port_filter": "true",
                            "binding.0.vif_type": "ovs",
                            "binding.0.vnic_type": "normal",
                            "description": "",
                            "device_id": "df809ebd-24f6-4f11-bdda-b62e5f502edf",
                            "device_owner": "compute:server03",
                            "dns_assignment.#": "0",
                            "dns_name": "",
                            "extra_dhcp_option.#": "0",
                            "fixed_ip.#": "1",
                            "fixed_ip.0.ip_address": "192.168.11.219",
                            "fixed_ip.0.subnet_id": "4b0fe31a-3e75-469c-add5-8d4b61bdfa18",
                            "id": "103dee9e-a78c-483d-8df5-b1244feee00d",
                            "mac_address": "fa:16:3e:98:43:4b",
                            "name": "nssf-ss07",
                            "network_id": "c7eb055a-1941-4851-8525-b18ebad9f4f6",
                            "port_security_enabled": "true",
                            "region": "",
                            "tags.#": "0",
                            "tenant_id": "85623a4311404f7185a08f5b743c8fc2"
                        },
                        "meta": {
                            "e2bfb730-ecaa-11e6-8f88-34363bc7c4c0": {
                                "create": 600000000000,
                                "delete": 600000000000
                            }
                        },
                        "tainted": false
                    },
                    "deposed": [],
                    "provider": "provider.openstack"
                },
                "openstack_networking_port_v2.port_vm_nssf-ss08": {
                    "type": "openstack_networking_port_v2",
                    "depends_on": [],
                    "primary": {
                        "id": "862c7a9f-204a-4819-baba-09d3bb038545",
                        "attributes": {
                            "admin_state_up": "true",
                            "all_fixed_ips.#": "2",
                            "all_fixed_ips.0": "192.168.11.220",
                            "all_fixed_ips.1": "fd89:2922:fea2:cb89:f816:3eff:fe20:524a",
                            "all_security_group_ids.#": "1",
                            "all_security_group_ids.829744617": "83e682f6-7b36-4700-a0df-6bbf30ac55bb",
                            "all_tags.#": "0",
                            "allowed_address_pairs.#": "0",
                            "binding.#": "1",
                            "binding.0.host_id": "nssf-os-compute04",
                            "binding.0.profile": "{}",
                            "binding.0.vif_details.%": "3",
                            "binding.0.vif_details.datapath_type": "system",
                            "binding.0.vif_details.ovs_hybrid_plug": "false",
                            "binding.0.vif_details.port_filter": "true",
                            "binding.0.vif_type": "ovs",
                            "binding.0.vnic_type": "normal",
                            "description": "",
                            "device_id": "1492f5fa-ebb1-4758-96ae-ce3f422f1f37",
                            "device_owner": "compute:server04",
                            "dns_assignment.#": "0",
                            "dns_name": "",
                            "extra_dhcp_option.#": "0",
                            "fixed_ip.#": "1",
                            "fixed_ip.0.ip_address": "192.168.11.220",
                            "fixed_ip.0.subnet_id": "4b0fe31a-3e75-469c-add5-8d4b61bdfa18",
                            "id": "862c7a9f-204a-4819-baba-09d3bb038545",
                            "mac_address": "fa:16:3e:20:52:4a",
                            "name": "nssf-ss08",
                            "network_id": "c7eb055a-1941-4851-8525-b18ebad9f4f6",
                            "port_security_enabled": "true",
                            "region": "",
                            "tags.#": "0",
                            "tenant_id": "85623a4311404f7185a08f5b743c8fc2"
                        },
                        "meta": {
                            "e2bfb730-ecaa-11e6-8f88-34363bc7c4c0": {
                                "create": 600000000000,
                                "delete": 600000000000
                            }
                        },
                        "tainted": false
                    },
                    "deposed": [],
                    "provider": "provider.openstack"
                },
                "openstack_networking_port_v2.port_vm_nssf-ss09": {
                    "type": "openstack_networking_port_v2",
                    "depends_on": [],
                    "primary": {
                        "id": "c506f6d9-2f31-4c3d-8f19-e695f64c709c",
                        "attributes": {
                            "admin_state_up": "true",
                            "all_fixed_ips.#": "2",
                            "all_fixed_ips.0": "192.168.11.223",
                            "all_fixed_ips.1": "fd89:2922:fea2:cb89:f816:3eff:fea4:1609",
                            "all_security_group_ids.#": "1",
                            "all_security_group_ids.829744617": "83e682f6-7b36-4700-a0df-6bbf30ac55bb",
                            "all_tags.#": "0",
                            "allowed_address_pairs.#": "0",
                            "binding.#": "1",
                            "binding.0.host_id": "nssf-os-compute03",
                            "binding.0.profile": "{}",
                            "binding.0.vif_details.%": "3",
                            "binding.0.vif_details.datapath_type": "system",
                            "binding.0.vif_details.ovs_hybrid_plug": "false",
                            "binding.0.vif_details.port_filter": "true",
                            "binding.0.vif_type": "ovs",
                            "binding.0.vnic_type": "normal",
                            "description": "",
                            "device_id": "99007599-c1db-4888-8dea-3d76a2d10bf5",
                            "device_owner": "compute:server03",
                            "dns_assignment.#": "0",
                            "dns_name": "",
                            "extra_dhcp_option.#": "0",
                            "fixed_ip.#": "1",
                            "fixed_ip.0.ip_address": "192.168.11.223",
                            "fixed_ip.0.subnet_id": "4b0fe31a-3e75-469c-add5-8d4b61bdfa18",
                            "id": "c506f6d9-2f31-4c3d-8f19-e695f64c709c",
                            "mac_address": "fa:16:3e:a4:16:09",
                            "name": "nssf-ss09",
                            "network_id": "c7eb055a-1941-4851-8525-b18ebad9f4f6",
                            "port_security_enabled": "true",
                            "region": "",
                            "tags.#": "0",
                            "tenant_id": "85623a4311404f7185a08f5b743c8fc2"
                        },
                        "meta": {
                            "e2bfb730-ecaa-11e6-8f88-34363bc7c4c0": {
                                "create": 600000000000,
                                "delete": 600000000000
                            }
                        },
                        "tainted": false
                    },
                    "deposed": [],
                    "provider": "provider.openstack"
                },
                "openstack_networking_port_v2.port_vm_nssf-ss10": {
                    "type": "openstack_networking_port_v2",
                    "depends_on": [],
                    "primary": {
                        "id": "5473db4c-41c8-4d16-b6af-7c99c4fad927",
                        "attributes": {
                            "admin_state_up": "true",
                            "all_fixed_ips.#": "2",
                            "all_fixed_ips.0": "192.168.11.224",
                            "all_fixed_ips.1": "fd89:2922:fea2:cb89:f816:3eff:fe67:959b",
                            "all_security_group_ids.#": "1",
                            "all_security_group_ids.829744617": "83e682f6-7b36-4700-a0df-6bbf30ac55bb",
                            "all_tags.#": "0",
                            "allowed_address_pairs.#": "0",
                            "binding.#": "1",
                            "binding.0.host_id": "nssf-os-compute04",
                            "binding.0.profile": "{}",
                            "binding.0.vif_details.%": "3",
                            "binding.0.vif_details.datapath_type": "system",
                            "binding.0.vif_details.ovs_hybrid_plug": "false",
                            "binding.0.vif_details.port_filter": "true",
                            "binding.0.vif_type": "ovs",
                            "binding.0.vnic_type": "normal",
                            "description": "",
                            "device_id": "00f30a8b-3897-4347-a277-396bba91d388",
                            "device_owner": "compute:server04",
                            "dns_assignment.#": "0",
                            "dns_name": "",
                            "extra_dhcp_option.#": "0",
                            "fixed_ip.#": "1",
                            "fixed_ip.0.ip_address": "192.168.11.224",
                            "fixed_ip.0.subnet_id": "4b0fe31a-3e75-469c-add5-8d4b61bdfa18",
                            "id": "5473db4c-41c8-4d16-b6af-7c99c4fad927",
                            "mac_address": "fa:16:3e:67:95:9b",
                            "name": "nssf-ss10",
                            "network_id": "c7eb055a-1941-4851-8525-b18ebad9f4f6",
                            "port_security_enabled": "true",
                            "region": "",
                            "tags.#": "0",
                            "tenant_id": "85623a4311404f7185a08f5b743c8fc2"
                        },
                        "meta": {
                            "e2bfb730-ecaa-11e6-8f88-34363bc7c4c0": {
                                "create": 600000000000,
                                "delete": 600000000000
                            }
                        },
                        "tainted": false
                    },
                    "deposed": [],
                    "provider": "provider.openstack"
                },
                "openstack_networking_port_v2.port_vm_nssf-ss11": {
                    "type": "openstack_networking_port_v2",
                    "depends_on": [],
                    "primary": {
                        "id": "4e773eca-7ef1-4ba5-a191-d8e5e1274737",
                        "attributes": {
                            "admin_state_up": "true",
                            "all_fixed_ips.#": "2",
                            "all_fixed_ips.0": "192.168.11.226",
                            "all_fixed_ips.1": "fd89:2922:fea2:cb89:f816:3eff:feb2:387a",
                            "all_security_group_ids.#": "1",
                            "all_security_group_ids.829744617": "83e682f6-7b36-4700-a0df-6bbf30ac55bb",
                            "all_tags.#": "0",
                            "allowed_address_pairs.#": "0",
                            "binding.#": "1",
                            "binding.0.host_id": "nssf-os-compute03",
                            "binding.0.profile": "{}",
                            "binding.0.vif_details.%": "3",
                            "binding.0.vif_details.datapath_type": "system",
                            "binding.0.vif_details.ovs_hybrid_plug": "false",
                            "binding.0.vif_details.port_filter": "true",
                            "binding.0.vif_type": "ovs",
                            "binding.0.vnic_type": "normal",
                            "description": "",
                            "device_id": "aa38c46d-a611-4209-ab21-e9402b7cb8f6",
                            "device_owner": "compute:server03",
                            "dns_assignment.#": "0",
                            "dns_name": "",
                            "extra_dhcp_option.#": "0",
                            "fixed_ip.#": "1",
                            "fixed_ip.0.ip_address": "192.168.11.226",
                            "fixed_ip.0.subnet_id": "4b0fe31a-3e75-469c-add5-8d4b61bdfa18",
                            "id": "4e773eca-7ef1-4ba5-a191-d8e5e1274737",
                            "mac_address": "fa:16:3e:b2:38:7a",
                            "name": "nssf-ss11",
                            "network_id": "c7eb055a-1941-4851-8525-b18ebad9f4f6",
                            "port_security_enabled": "true",
                            "region": "",
                            "tags.#": "0",
                            "tenant_id": "85623a4311404f7185a08f5b743c8fc2"
                        },
                        "meta": {
                            "e2bfb730-ecaa-11e6-8f88-34363bc7c4c0": {
                                "create": 600000000000,
                                "delete": 600000000000
                            }
                        },
                        "tainted": false
                    },
                    "deposed": [],
                    "provider": "provider.openstack"
                },
                "openstack_networking_port_v2.port_vm_nssf-ss12": {
                    "type": "openstack_networking_port_v2",
                    "depends_on": [],
                    "primary": {
                        "id": "8a1c1e42-8d03-41f1-bf42-b4b5bd63234a",
                        "attributes": {
                            "admin_state_up": "true",
                            "all_fixed_ips.#": "2",
                            "all_fixed_ips.0": "192.168.11.228",
                            "all_fixed_ips.1": "fd89:2922:fea2:cb89:f816:3eff:fecd:9b33",
                            "all_security_group_ids.#": "1",
                            "all_security_group_ids.829744617": "83e682f6-7b36-4700-a0df-6bbf30ac55bb",
                            "all_tags.#": "0",
                            "allowed_address_pairs.#": "0",
                            "binding.#": "1",
                            "binding.0.host_id": "nssf-os-compute04",
                            "binding.0.profile": "{}",
                            "binding.0.vif_details.%": "3",
                            "binding.0.vif_details.datapath_type": "system",
                            "binding.0.vif_details.ovs_hybrid_plug": "false",
                            "binding.0.vif_details.port_filter": "true",
                            "binding.0.vif_type": "ovs",
                            "binding.0.vnic_type": "normal",
                            "description": "",
                            "device_id": "e7ad583d-2bf9-4202-966e-67780a7deb58",
                            "device_owner": "compute:server04",
                            "dns_assignment.#": "0",
                            "dns_name": "",
                            "extra_dhcp_option.#": "0",
                            "fixed_ip.#": "1",
                            "fixed_ip.0.ip_address": "192.168.11.228",
                            "fixed_ip.0.subnet_id": "4b0fe31a-3e75-469c-add5-8d4b61bdfa18",
                            "id": "8a1c1e42-8d03-41f1-bf42-b4b5bd63234a",
                            "mac_address": "fa:16:3e:cd:9b:33",
                            "name": "nssf-ss12",
                            "network_id": "c7eb055a-1941-4851-8525-b18ebad9f4f6",
                            "port_security_enabled": "true",
                            "region": "",
                            "tags.#": "0",
                            "tenant_id": "85623a4311404f7185a08f5b743c8fc2"
                        },
                        "meta": {
                            "e2bfb730-ecaa-11e6-8f88-34363bc7c4c0": {
                                "create": 600000000000,
                                "delete": 600000000000
                            }
                        },
                        "tainted": false
                    },
                    "deposed": [],
                    "provider": "provider.openstack"
                },
                "openstack_networking_port_v2.port_vm_sim1": {
                    "type": "openstack_networking_port_v2",
                    "depends_on": [],
                    "primary": {
                        "id": "f75fd6cf-db30-4a81-ba80-eb91b07b158f",
                        "attributes": {
                            "admin_state_up": "true",
                            "all_fixed_ips.#": "2",
                            "all_fixed_ips.0": "192.168.11.235",
                            "all_fixed_ips.1": "fd89:2922:fea2:cb89:f816:3eff:feeb:b838",
                            "all_security_group_ids.#": "1",
                            "all_security_group_ids.829744617": "83e682f6-7b36-4700-a0df-6bbf30ac55bb",
                            "all_tags.#": "0",
                            "allowed_address_pairs.#": "0",
                            "binding.#": "1",
                            "binding.0.host_id": "nssf-os-controller01",
                            "binding.0.profile": "{}",
                            "binding.0.vif_details.%": "3",
                            "binding.0.vif_details.datapath_type": "system",
                            "binding.0.vif_details.ovs_hybrid_plug": "false",
                            "binding.0.vif_details.port_filter": "true",
                            "binding.0.vif_type": "ovs",
                            "binding.0.vnic_type": "normal",
                            "description": "",
                            "device_id": "881d3aa1-ff13-42d8-9751-010d43575a63",
                            "device_owner": "compute:nova",
                            "dns_assignment.#": "0",
                            "dns_name": "",
                            "extra_dhcp_option.#": "0",
                            "fixed_ip.#": "1",
                            "fixed_ip.0.ip_address": "192.168.11.235",
                            "fixed_ip.0.subnet_id": "4b0fe31a-3e75-469c-add5-8d4b61bdfa18",
                            "id": "f75fd6cf-db30-4a81-ba80-eb91b07b158f",
                            "mac_address": "fa:16:3e:eb:b8:38",
                            "name": "sim1",
                            "network_id": "c7eb055a-1941-4851-8525-b18ebad9f4f6",
                            "port_security_enabled": "true",
                            "region": "",
                            "tags.#": "0",
                            "tenant_id": "85623a4311404f7185a08f5b743c8fc2"
                        },
                        "meta": {
                            "e2bfb730-ecaa-11e6-8f88-34363bc7c4c0": {
                                "create": 600000000000,
                                "delete": 600000000000
                            }
                        },
                        "tainted": false
                    },
                    "deposed": [],
                    "provider": "provider.openstack"
                },
                "openstack_networking_port_v2.port_vm_sim2": {
                    "type": "openstack_networking_port_v2",
                    "depends_on": [],
                    "primary": {
                        "id": "11a24d8b-104f-4164-80db-d33536a41d4c",
                        "attributes": {
                            "admin_state_up": "true",
                            "all_fixed_ips.#": "2",
                            "all_fixed_ips.0": "192.168.11.237",
                            "all_fixed_ips.1": "fd89:2922:fea2:cb89:f816:3eff:fee8:a37",
                            "all_security_group_ids.#": "1",
                            "all_security_group_ids.829744617": "83e682f6-7b36-4700-a0df-6bbf30ac55bb",
                            "all_tags.#": "0",
                            "allowed_address_pairs.#": "0",
                            "binding.#": "1",
                            "binding.0.host_id": "nssf-os-controller01",
                            "binding.0.profile": "{}",
                            "binding.0.vif_details.%": "3",
                            "binding.0.vif_details.datapath_type": "system",
                            "binding.0.vif_details.ovs_hybrid_plug": "false",
                            "binding.0.vif_details.port_filter": "true",
                            "binding.0.vif_type": "ovs",
                            "binding.0.vnic_type": "normal",
                            "description": "",
                            "device_id": "6b90138d-854f-4806-8f20-f54116b2b233",
                            "device_owner": "compute:nova",
                            "dns_assignment.#": "0",
                            "dns_name": "",
                            "extra_dhcp_option.#": "0",
                            "fixed_ip.#": "1",
                            "fixed_ip.0.ip_address": "192.168.11.237",
                            "fixed_ip.0.subnet_id": "4b0fe31a-3e75-469c-add5-8d4b61bdfa18",
                            "id": "11a24d8b-104f-4164-80db-d33536a41d4c",
                            "mac_address": "fa:16:3e:e8:0a:37",
                            "name": "sim2",
                            "network_id": "c7eb055a-1941-4851-8525-b18ebad9f4f6",
                            "port_security_enabled": "true",
                            "region": "",
                            "tags.#": "0",
                            "tenant_id": "85623a4311404f7185a08f5b743c8fc2"
                        },
                        "meta": {
                            "e2bfb730-ecaa-11e6-8f88-34363bc7c4c0": {
                                "create": 600000000000,
                                "delete": 600000000000
                            }
                        },
                        "tainted": false
                    },
                    "deposed": [],
                    "provider": "provider.openstack"
                },
                "openstack_networking_port_v2.port_vm_ss-base": {
                    "type": "openstack_networking_port_v2",
                    "depends_on": [],
                    "primary": {
                        "id": "b7654a44-51f6-4f4f-8ca8-4bceeec2845d",
                        "attributes": {
                            "admin_state_up": "true",
                            "all_fixed_ips.#": "2",
                            "all_fixed_ips.0": "192.168.11.231",
                            "all_fixed_ips.1": "fd89:2922:fea2:cb89:f816:3eff:fe6d:bf31",
                            "all_security_group_ids.#": "1",
                            "all_security_group_ids.829744617": "83e682f6-7b36-4700-a0df-6bbf30ac55bb",
                            "all_tags.#": "0",
                            "allowed_address_pairs.#": "0",
                            "binding.#": "1",
                            "binding.0.host_id": "nssf-os-controller01",
                            "binding.0.profile": "{}",
                            "binding.0.vif_details.%": "3",
                            "binding.0.vif_details.datapath_type": "system",
                            "binding.0.vif_details.ovs_hybrid_plug": "false",
                            "binding.0.vif_details.port_filter": "true",
                            "binding.0.vif_type": "ovs",
                            "binding.0.vnic_type": "normal",
                            "description": "",
                            "device_id": "4c8732da-00c5-4fd3-a19c-a1d517f13673",
                            "device_owner": "compute:nova",
                            "dns_assignment.#": "0",
                            "dns_name": "",
                            "extra_dhcp_option.#": "0",
                            "fixed_ip.#": "1",
                            "fixed_ip.0.ip_address": "192.168.11.231",
                            "fixed_ip.0.subnet_id": "4b0fe31a-3e75-469c-add5-8d4b61bdfa18",
                            "id": "b7654a44-51f6-4f4f-8ca8-4bceeec2845d",
                            "mac_address": "fa:16:3e:6d:bf:31",
                            "name": "ss-base",
                            "network_id": "c7eb055a-1941-4851-8525-b18ebad9f4f6",
                            "port_security_enabled": "true",
                            "region": "",
                            "tags.#": "0",
                            "tenant_id": "85623a4311404f7185a08f5b743c8fc2"
                        },
                        "meta": {
                            "e2bfb730-ecaa-11e6-8f88-34363bc7c4c0": {
                                "create": 600000000000,
                                "delete": 600000000000
                            }
                        },
                        "tainted": false
                    },
                    "deposed": [],
                    "provider": "provider.openstack"
                }
            },
            "depends_on": []
        }
    ]
}
